// !$*UTF8*$!
{
	archiveVersion = 1;
	classes = {
	};
	objectVersion = 46;
	objects = {

/* Begin PBXBuildFile section */
		8B05B53E1BF591EB00F37998 /* QYShortcutRecorderController.m in Sources */ = {isa = PBXBuildFile; fileRef = 8B05B53C1BF591EB00F37998 /* QYShortcutRecorderController.m */; };
		8B05B53F1BF591EB00F37998 /* QYShortcutRecorderController.xib in Resources */ = {isa = PBXBuildFile; fileRef = 8B05B53D1BF591EB00F37998 /* QYShortcutRecorderController.xib */; };
		8B05B57F1BF5A32E00F37998 /* Carbon.framework in Frameworks */ = {isa = PBXBuildFile; fileRef = 8B05B57E1BF5A32E00F37998 /* Carbon.framework */; };
		8B05B5831BF5A67100F37998 /* PTHotKey.framework in Frameworks */ = {isa = PBXBuildFile; fileRef = 8B05B5821BF5A67100F37998 /* PTHotKey.framework */; };
		8B05B5851BF5A73D00F37998 /* ShortcutRecorder.framework in Frameworks */ = {isa = PBXBuildFile; fileRef = 8B05B5841BF5A73D00F37998 /* ShortcutRecorder.framework */; };
		8B171DB51BB144ED00BCD9F7 /* QYIDENotificationHandler.m in Sources */ = {isa = PBXBuildFile; fileRef = 8B171DB41BB144ED00BCD9F7 /* QYIDENotificationHandler.m */; };
		8B296FB81BB3DA0300621255 /* QYInputJsonController.m in Sources */ = {isa = PBXBuildFile; fileRef = 8B296FB61BB3DA0300621255 /* QYInputJsonController.m */; };
		8B296FB91BB3DA0300621255 /* QYInputJsonController.xib in Resources */ = {isa = PBXBuildFile; fileRef = 8B296FB71BB3DA0300621255 /* QYInputJsonController.xib */; };
		8B60ADA81BABB7F100672762 /* AppKit.framework in Frameworks */ = {isa = PBXBuildFile; fileRef = 8B60ADA71BABB7F100672762 /* AppKit.framework */; };
		8B60ADAA1BABB7F100672762 /* Foundation.framework in Frameworks */ = {isa = PBXBuildFile; fileRef = 8B60ADA91BABB7F100672762 /* Foundation.framework */; };
		8B60ADAF1BABB7F100672762 /* QYXcodePlugIn.xcscheme in Resources */ = {isa = PBXBuildFile; fileRef = 8B60ADAE1BABB7F100672762 /* QYXcodePlugIn.xcscheme */; };
		8B60AE291BABCEBB00672762 /* Cocoa.framework in Frameworks */ = {isa = PBXBuildFile; fileRef = 8B60AE281BABCEBB00672762 /* Cocoa.framework */; };
		8B8006A61BEB639E00E558C5 /* QYClangFormatCode.m in Sources */ = {isa = PBXBuildFile; fileRef = 8B8006A51BEB639E00E558C5 /* QYClangFormatCode.m */; };
		8B8006AD1BEC56E300E558C5 /* QYPluginSetingController.m in Sources */ = {isa = PBXBuildFile; fileRef = 8B8006AB1BEC56E300E558C5 /* QYPluginSetingController.m */; };
		8B8006AE1BEC56E300E558C5 /* QYPluginSetingController.xib in Resources */ = {isa = PBXBuildFile; fileRef = 8B8006AC1BEC56E300E558C5 /* QYPluginSetingController.xib */; };
		8B9C6BD81BB1247700242629 /* setup_CodeHelper.sh in Resources */ = {isa = PBXBuildFile; fileRef = 8B9C6BD71BB1247700242629 /* setup_CodeHelper.sh */; };
		8B9C6BEE1BB1293E00242629 /* MHXcodeDocumentNavigator.m in Sources */ = {isa = PBXBuildFile; fileRef = 8B9C6BEC1BB1293E00242629 /* MHXcodeDocumentNavigator.m */; };
		8B9C6BF51BB1295C00242629 /* NSString+XCAdditions.m in Sources */ = {isa = PBXBuildFile; fileRef = 8B9C6BF01BB1295C00242629 /* NSString+XCAdditions.m */; };
		8B9C6BF61BB1295C00242629 /* XCProject+Extensions.m in Sources */ = {isa = PBXBuildFile; fileRef = 8B9C6BF21BB1295C00242629 /* XCProject+Extensions.m */; };
		8B9C6BF71BB1295C00242629 /* XCTarget+XCProject.m in Sources */ = {isa = PBXBuildFile; fileRef = 8B9C6BF41BB1295C00242629 /* XCTarget+XCProject.m */; };
		8B9C6BFC1BB1296A00242629 /* XCBuildSettings.m in Sources */ = {isa = PBXBuildFile; fileRef = 8B9C6BF91BB1296A00242629 /* XCBuildSettings.m */; };
		8B9C6BFD1BB1296A00242629 /* XCWorkspace.m in Sources */ = {isa = PBXBuildFile; fileRef = 8B9C6BFB1BB1296A00242629 /* XCWorkspace.m */; };
		8B9C6C201BB1297E00242629 /* XCAbstractDefinition.m in Sources */ = {isa = PBXBuildFile; fileRef = 8B9C6BFF1BB1297E00242629 /* XCAbstractDefinition.m */; };
		8B9C6C211BB1297E00242629 /* XCClassDefinition.m in Sources */ = {isa = PBXBuildFile; fileRef = 8B9C6C011BB1297E00242629 /* XCClassDefinition.m */; };
		8B9C6C221BB1297E00242629 /* XCFileOperationQueue.m in Sources */ = {isa = PBXBuildFile; fileRef = 8B9C6C031BB1297E00242629 /* XCFileOperationQueue.m */; };
		8B9C6C231BB1297E00242629 /* XCFrameworkDefinition.m in Sources */ = {isa = PBXBuildFile; fileRef = 8B9C6C051BB1297E00242629 /* XCFrameworkDefinition.m */; };
		8B9C6C241BB1297E00242629 /* XCGroup.m in Sources */ = {isa = PBXBuildFile; fileRef = 8B9C6C071BB1297E00242629 /* XCGroup.m */; };
		8B9C6C251BB1297E00242629 /* XCKeyBuilder.m in Sources */ = {isa = PBXBuildFile; fileRef = 8B9C6C091BB1297E00242629 /* XCKeyBuilder.m */; };
		8B9C6C261BB1297E00242629 /* XcodeMemberType.m in Sources */ = {isa = PBXBuildFile; fileRef = 8B9C6C0D1BB1297E00242629 /* XcodeMemberType.m */; };
		8B9C6C271BB1297E00242629 /* XcodeSourceFileType.m in Sources */ = {isa = PBXBuildFile; fileRef = 8B9C6C0F1BB1297E00242629 /* XcodeSourceFileType.m */; };
		8B9C6C281BB1297E00242629 /* XCProject.m in Sources */ = {isa = PBXBuildFile; fileRef = 8B9C6C111BB1297E00242629 /* XCProject.m */; };
		8B9C6C291BB1297E00242629 /* XCProject+SubProject.m in Sources */ = {isa = PBXBuildFile; fileRef = 8B9C6C131BB1297E00242629 /* XCProject+SubProject.m */; };
		8B9C6C2A1BB1297E00242629 /* XCProjectBuildConfig.m in Sources */ = {isa = PBXBuildFile; fileRef = 8B9C6C151BB1297E00242629 /* XCProjectBuildConfig.m */; };
		8B9C6C2B1BB1297E00242629 /* XCSourceFile.m in Sources */ = {isa = PBXBuildFile; fileRef = 8B9C6C171BB1297E00242629 /* XCSourceFile.m */; };
		8B9C6C2C1BB1297E00242629 /* XCSourceFileDefinition.m in Sources */ = {isa = PBXBuildFile; fileRef = 8B9C6C191BB1297E00242629 /* XCSourceFileDefinition.m */; };
		8B9C6C2D1BB1297E00242629 /* XCSubProjectDefinition.m in Sources */ = {isa = PBXBuildFile; fileRef = 8B9C6C1B1BB1297E00242629 /* XCSubProjectDefinition.m */; };
		8B9C6C2E1BB1297E00242629 /* XCTarget.m in Sources */ = {isa = PBXBuildFile; fileRef = 8B9C6C1D1BB1297E00242629 /* XCTarget.m */; };
		8B9C6C2F1BB1297E00242629 /* XCXibDefinition.m in Sources */ = {isa = PBXBuildFile; fileRef = 8B9C6C1F1BB1297E00242629 /* XCXibDefinition.m */; };
		8B9C6C461BB1298D00242629 /* DVTSourceTextStorage+Operations.m in Sources */ = {isa = PBXBuildFile; fileRef = 8B9C6C311BB1298D00242629 /* DVTSourceTextStorage+Operations.m */; };
		8B9C6C471BB1298D00242629 /* NSArray+Operations.m in Sources */ = {isa = PBXBuildFile; fileRef = 8B9C6C331BB1298D00242629 /* NSArray+Operations.m */; };
		8B9C6C481BB1298D00242629 /* NSFileManager+Headers.m in Sources */ = {isa = PBXBuildFile; fileRef = 8B9C6C351BB1298D00242629 /* NSFileManager+Headers.m */; };
		8B9C6C491BB1298D00242629 /* NSMutableIndexSet+NSArray.m in Sources */ = {isa = PBXBuildFile; fileRef = 8B9C6C371BB1298D00242629 /* NSMutableIndexSet+NSArray.m */; };
		8B9C6C4A1BB1298D00242629 /* NSObject+MHLogMethods.m in Sources */ = {isa = PBXBuildFile; fileRef = 8B9C6C391BB1298D00242629 /* NSObject+MHLogMethods.m */; };
		8B9C6C4B1BB1298D00242629 /* NSString+Extensions.m in Sources */ = {isa = PBXBuildFile; fileRef = 8B9C6C3B1BB1298D00242629 /* NSString+Extensions.m */; };
		8B9C6C4C1BB1298D00242629 /* NSString+Files.m in Sources */ = {isa = PBXBuildFile; fileRef = 8B9C6C3D1BB1298D00242629 /* NSString+Files.m */; };
		8B9C6C4D1BB1298D00242629 /* NSString+MHNSRange.m in Sources */ = {isa = PBXBuildFile; fileRef = 8B9C6C3F1BB1298D00242629 /* NSString+MHNSRange.m */; };
		8B9C6C4E1BB1298D00242629 /* NSTextView+Operations.m in Sources */ = {isa = PBXBuildFile; fileRef = 8B9C6C411BB1298D00242629 /* NSTextView+Operations.m */; };
		8B9C6C4F1BB1298D00242629 /* NSView+Dumping.m in Sources */ = {isa = PBXBuildFile; fileRef = 8B9C6C431BB1298D00242629 /* NSView+Dumping.m */; };
		8B9C6C501BB1298D00242629 /* XCSourceFile+Path.m in Sources */ = {isa = PBXBuildFile; fileRef = 8B9C6C451BB1298D00242629 /* XCSourceFile+Path.m */; };
		8B9C6C531BB129ED00242629 /* QYXcodePlugIn.m in Sources */ = {isa = PBXBuildFile; fileRef = 8B9C6C521BB129ED00242629 /* QYXcodePlugIn.m */; };
		8B9C6C5B1BB129F800242629 /* AutoGetterAchieve.m in Sources */ = {isa = PBXBuildFile; fileRef = 8B9C6C551BB129F800242629 /* AutoGetterAchieve.m */; };
/* End PBXBuildFile section */

/* Begin PBXFileReference section */
		8B05B4E11BF4871900F37998 /* QYWindowsCloseProtocol.h */ = {isa = PBXFileReference; fileEncoding = 4; lastKnownFileType = sourcecode.c.h; path = QYWindowsCloseProtocol.h; sourceTree = "<group>"; };
		8B05B53B1BF591EB00F37998 /* QYShortcutRecorderController.h */ = {isa = PBXFileReference; fileEncoding = 4; lastKnownFileType = sourcecode.c.h; path = QYShortcutRecorderController.h; sourceTree = "<group>"; };
		8B05B53C1BF591EB00F37998 /* QYShortcutRecorderController.m */ = {isa = PBXFileReference; fileEncoding = 4; lastKnownFileType = sourcecode.c.objc; path = QYShortcutRecorderController.m; sourceTree = "<group>"; };
		8B05B53D1BF591EB00F37998 /* QYShortcutRecorderController.xib */ = {isa = PBXFileReference; fileEncoding = 4; lastKnownFileType = file.xib; path = QYShortcutRecorderController.xib; sourceTree = "<group>"; };
		8B05B57E1BF5A32E00F37998 /* Carbon.framework */ = {isa = PBXFileReference; lastKnownFileType = wrapper.framework; name = Carbon.framework; path = System/Library/Frameworks/Carbon.framework; sourceTree = SDKROOT; };
		8B05B5821BF5A67100F37998 /* PTHotKey.framework */ = {isa = PBXFileReference; lastKnownFileType = wrapper.framework; name = PTHotKey.framework; path = "../../Library/Developer/Xcode/DerivedData/QYXcodePlugIn-fzosyqzpslbenfdkykecaoqzsynh/Build/Products/Debug/PTHotKey.framework"; sourceTree = "<group>"; };
		8B05B5841BF5A73D00F37998 /* ShortcutRecorder.framework */ = {isa = PBXFileReference; lastKnownFileType = wrapper.framework; name = ShortcutRecorder.framework; path = "../../Library/Developer/Xcode/DerivedData/QYXcodePlugIn-fzosyqzpslbenfdkykecaoqzsynh/Build/Products/Debug/ShortcutRecorder.framework"; sourceTree = "<group>"; };
		8B0775301BB1578600458FD3 /* ___FILEBASENAME___.h */ = {isa = PBXFileReference; fileEncoding = 4; lastKnownFileType = sourcecode.c.h; path = "___FILEBASENAME___.h"; sourceTree = "<group>"; };
		8B0775311BB1578600458FD3 /* ___FILEBASENAME___.m */ = {isa = PBXFileReference; fileEncoding = 4; lastKnownFileType = sourcecode.c.objc; path = "___FILEBASENAME___.m"; sourceTree = "<group>"; };
		8B0775331BB1578600458FD3 /* ___FILEBASENAME___.swift */ = {isa = PBXFileReference; fileEncoding = 4; lastKnownFileType = sourcecode.swift; path = "___FILEBASENAME___.swift"; sourceTree = "<group>"; };
		8B0775341BB1578600458FD3 /* TemplateIcon.png */ = {isa = PBXFileReference; lastKnownFileType = image.png; path = TemplateIcon.png; sourceTree = "<group>"; };
		8B0775351BB1578600458FD3 /* TemplateIcon@2x.png */ = {isa = PBXFileReference; lastKnownFileType = image.png; path = "TemplateIcon@2x.png"; sourceTree = "<group>"; };
		8B0775361BB1578600458FD3 /* TemplateInfo.plist */ = {isa = PBXFileReference; fileEncoding = 4; lastKnownFileType = text.plist.xml; path = TemplateInfo.plist; sourceTree = "<group>"; };
		8B171DB31BB144ED00BCD9F7 /* QYIDENotificationHandler.h */ = {isa = PBXFileReference; fileEncoding = 4; lastKnownFileType = sourcecode.c.h; path = QYIDENotificationHandler.h; sourceTree = "<group>"; };
		8B171DB41BB144ED00BCD9F7 /* QYIDENotificationHandler.m */ = {isa = PBXFileReference; fileEncoding = 4; lastKnownFileType = sourcecode.c.objc; path = QYIDENotificationHandler.m; sourceTree = "<group>"; };
		8B296FB51BB3DA0300621255 /* QYInputJsonController.h */ = {isa = PBXFileReference; fileEncoding = 4; lastKnownFileType = sourcecode.c.h; path = QYInputJsonController.h; sourceTree = "<group>"; };
		8B296FB61BB3DA0300621255 /* QYInputJsonController.m */ = {isa = PBXFileReference; fileEncoding = 4; lastKnownFileType = sourcecode.c.objc; path = QYInputJsonController.m; sourceTree = "<group>"; };
		8B296FB71BB3DA0300621255 /* QYInputJsonController.xib */ = {isa = PBXFileReference; fileEncoding = 4; lastKnownFileType = file.xib; path = QYInputJsonController.xib; sourceTree = "<group>"; };
		8B60ADA41BABB7F100672762 /* QYXcodePlugIn.xcplugin */ = {isa = PBXFileReference; explicitFileType = wrapper.cfbundle; includeInIndex = 0; path = QYXcodePlugIn.xcplugin; sourceTree = BUILT_PRODUCTS_DIR; };
		8B60ADA71BABB7F100672762 /* AppKit.framework */ = {isa = PBXFileReference; lastKnownFileType = wrapper.framework; name = AppKit.framework; path = /System/Library/Frameworks/AppKit.framework; sourceTree = "<absolute>"; };
		8B60ADA91BABB7F100672762 /* Foundation.framework */ = {isa = PBXFileReference; lastKnownFileType = wrapper.framework; name = Foundation.framework; path = /System/Library/Frameworks/Foundation.framework; sourceTree = "<absolute>"; };
		8B60ADAD1BABB7F100672762 /* Info.plist */ = {isa = PBXFileReference; lastKnownFileType = text.plist.xml; path = Info.plist; sourceTree = "<group>"; };
		8B60ADAE1BABB7F100672762 /* QYXcodePlugIn.xcscheme */ = {isa = PBXFileReference; lastKnownFileType = text.xml; name = QYXcodePlugIn.xcscheme; path = QYXcodePlugIn.xcodeproj/xcshareddata/xcschemes/QYXcodePlugIn.xcscheme; sourceTree = SOURCE_ROOT; };
		8B60AE281BABCEBB00672762 /* Cocoa.framework */ = {isa = PBXFileReference; lastKnownFileType = wrapper.framework; name = Cocoa.framework; path = System/Library/Frameworks/Cocoa.framework; sourceTree = SDKROOT; };
		8B8006A41BEB639E00E558C5 /* QYClangFormatCode.h */ = {isa = PBXFileReference; fileEncoding = 4; lastKnownFileType = sourcecode.c.h; path = QYClangFormatCode.h; sourceTree = "<group>"; };
		8B8006A51BEB639E00E558C5 /* QYClangFormatCode.m */ = {isa = PBXFileReference; fileEncoding = 4; lastKnownFileType = sourcecode.c.objc; path = QYClangFormatCode.m; sourceTree = "<group>"; };
		8B8006AA1BEC56E300E558C5 /* QYPluginSetingController.h */ = {isa = PBXFileReference; fileEncoding = 4; lastKnownFileType = sourcecode.c.h; path = QYPluginSetingController.h; sourceTree = "<group>"; };
		8B8006AB1BEC56E300E558C5 /* QYPluginSetingController.m */ = {isa = PBXFileReference; fileEncoding = 4; lastKnownFileType = sourcecode.c.objc; path = QYPluginSetingController.m; sourceTree = "<group>"; };
		8B8006AC1BEC56E300E558C5 /* QYPluginSetingController.xib */ = {isa = PBXFileReference; fileEncoding = 4; lastKnownFileType = file.xib; path = QYPluginSetingController.xib; sourceTree = "<group>"; };
		8B8D837A1BF5B9EC0016A838 /* QYXcodePlugIn.pch */ = {isa = PBXFileReference; lastKnownFileType = sourcecode.c.h; path = QYXcodePlugIn.pch; sourceTree = "<group>"; };
		8B9C6BD71BB1247700242629 /* setup_CodeHelper.sh */ = {isa = PBXFileReference; fileEncoding = 4; lastKnownFileType = text.script.sh; path = setup_CodeHelper.sh; sourceTree = "<group>"; };
		8B9C6BDF1BB125D300242629 /* ___FILEBASENAME___.h */ = {isa = PBXFileReference; fileEncoding = 4; lastKnownFileType = sourcecode.c.h; path = "___FILEBASENAME___.h"; sourceTree = "<group>"; };
		8B9C6BE01BB125D300242629 /* ___FILEBASENAME___.m */ = {isa = PBXFileReference; fileEncoding = 4; lastKnownFileType = sourcecode.c.objc; path = "___FILEBASENAME___.m"; sourceTree = "<group>"; };
		8B9C6BE21BB125D300242629 /* ___FILEBASENAME___.swift */ = {isa = PBXFileReference; fileEncoding = 4; lastKnownFileType = sourcecode.swift; path = "___FILEBASENAME___.swift"; sourceTree = "<group>"; };
		8B9C6BE31BB125D300242629 /* TemplateIcon.png */ = {isa = PBXFileReference; lastKnownFileType = image.png; path = TemplateIcon.png; sourceTree = "<group>"; };
		8B9C6BE41BB125D300242629 /* TemplateIcon@2x.png */ = {isa = PBXFileReference; lastKnownFileType = image.png; path = "TemplateIcon@2x.png"; sourceTree = "<group>"; };
		8B9C6BE51BB125D300242629 /* TemplateInfo.plist */ = {isa = PBXFileReference; fileEncoding = 4; lastKnownFileType = text.plist.xml; path = TemplateInfo.plist; sourceTree = "<group>"; };
		8B9C6BEB1BB1293E00242629 /* MHXcodeDocumentNavigator.h */ = {isa = PBXFileReference; fileEncoding = 4; lastKnownFileType = sourcecode.c.h; name = MHXcodeDocumentNavigator.h; path = External/Benoit/MHXcodeDocumentNavigator.h; sourceTree = "<group>"; };
		8B9C6BEC1BB1293E00242629 /* MHXcodeDocumentNavigator.m */ = {isa = PBXFileReference; fileEncoding = 4; lastKnownFileType = sourcecode.c.objc; name = MHXcodeDocumentNavigator.m; path = External/Benoit/MHXcodeDocumentNavigator.m; sourceTree = "<group>"; };
		8B9C6BED1BB1293E00242629 /* XCFXcodePrivate.h */ = {isa = PBXFileReference; fileEncoding = 4; lastKnownFileType = sourcecode.c.h; name = XCFXcodePrivate.h; path = External/Benoit/XCFXcodePrivate.h; sourceTree = "<group>"; };
		8B9C6BEF1BB1295C00242629 /* NSString+XCAdditions.h */ = {isa = PBXFileReference; fileEncoding = 4; lastKnownFileType = sourcecode.c.h; name = "NSString+XCAdditions.h"; path = "External/XcodeEditor/Categories/NSString+XCAdditions.h"; sourceTree = "<group>"; };
		8B9C6BF01BB1295C00242629 /* NSString+XCAdditions.m */ = {isa = PBXFileReference; fileEncoding = 4; lastKnownFileType = sourcecode.c.objc; name = "NSString+XCAdditions.m"; path = "External/XcodeEditor/Categories/NSString+XCAdditions.m"; sourceTree = "<group>"; };
		8B9C6BF11BB1295C00242629 /* XCProject+Extensions.h */ = {isa = PBXFileReference; fileEncoding = 4; lastKnownFileType = sourcecode.c.h; name = "XCProject+Extensions.h"; path = "External/XcodeEditor/Categories/XCProject+Extensions.h"; sourceTree = "<group>"; };
		8B9C6BF21BB1295C00242629 /* XCProject+Extensions.m */ = {isa = PBXFileReference; fileEncoding = 4; lastKnownFileType = sourcecode.c.objc; name = "XCProject+Extensions.m"; path = "External/XcodeEditor/Categories/XCProject+Extensions.m"; sourceTree = "<group>"; };
		8B9C6BF31BB1295C00242629 /* XCTarget+XCProject.h */ = {isa = PBXFileReference; fileEncoding = 4; lastKnownFileType = sourcecode.c.h; name = "XCTarget+XCProject.h"; path = "External/XcodeEditor/Categories/XCTarget+XCProject.h"; sourceTree = "<group>"; };
		8B9C6BF41BB1295C00242629 /* XCTarget+XCProject.m */ = {isa = PBXFileReference; fileEncoding = 4; lastKnownFileType = sourcecode.c.objc; name = "XCTarget+XCProject.m"; path = "External/XcodeEditor/Categories/XCTarget+XCProject.m"; sourceTree = "<group>"; };
		8B9C6BF81BB1296A00242629 /* XCBuildSettings.h */ = {isa = PBXFileReference; fileEncoding = 4; lastKnownFileType = sourcecode.c.h; name = XCBuildSettings.h; path = External/XcodeEditor/XCBuildSettings.h; sourceTree = "<group>"; };
		8B9C6BF91BB1296A00242629 /* XCBuildSettings.m */ = {isa = PBXFileReference; fileEncoding = 4; lastKnownFileType = sourcecode.c.objc; name = XCBuildSettings.m; path = External/XcodeEditor/XCBuildSettings.m; sourceTree = "<group>"; };
		8B9C6BFA1BB1296A00242629 /* XCWorkspace.h */ = {isa = PBXFileReference; fileEncoding = 4; lastKnownFileType = sourcecode.c.h; name = XCWorkspace.h; path = External/XcodeEditor/XCWorkspace.h; sourceTree = "<group>"; };
		8B9C6BFB1BB1296A00242629 /* XCWorkspace.m */ = {isa = PBXFileReference; fileEncoding = 4; lastKnownFileType = sourcecode.c.objc; name = XCWorkspace.m; path = External/XcodeEditor/XCWorkspace.m; sourceTree = "<group>"; };
		8B9C6BFE1BB1297E00242629 /* XCAbstractDefinition.h */ = {isa = PBXFileReference; fileEncoding = 4; lastKnownFileType = sourcecode.c.h; name = XCAbstractDefinition.h; path = XcodeEditor/XCAbstractDefinition.h; sourceTree = "<group>"; };
		8B9C6BFF1BB1297E00242629 /* XCAbstractDefinition.m */ = {isa = PBXFileReference; fileEncoding = 4; lastKnownFileType = sourcecode.c.objc; name = XCAbstractDefinition.m; path = XcodeEditor/XCAbstractDefinition.m; sourceTree = "<group>"; };
		8B9C6C001BB1297E00242629 /* XCClassDefinition.h */ = {isa = PBXFileReference; fileEncoding = 4; lastKnownFileType = sourcecode.c.h; name = XCClassDefinition.h; path = XcodeEditor/XCClassDefinition.h; sourceTree = "<group>"; };
		8B9C6C011BB1297E00242629 /* XCClassDefinition.m */ = {isa = PBXFileReference; fileEncoding = 4; lastKnownFileType = sourcecode.c.objc; name = XCClassDefinition.m; path = XcodeEditor/XCClassDefinition.m; sourceTree = "<group>"; };
		8B9C6C021BB1297E00242629 /* XCFileOperationQueue.h */ = {isa = PBXFileReference; fileEncoding = 4; lastKnownFileType = sourcecode.c.h; name = XCFileOperationQueue.h; path = XcodeEditor/XCFileOperationQueue.h; sourceTree = "<group>"; };
		8B9C6C031BB1297E00242629 /* XCFileOperationQueue.m */ = {isa = PBXFileReference; fileEncoding = 4; lastKnownFileType = sourcecode.c.objc; name = XCFileOperationQueue.m; path = XcodeEditor/XCFileOperationQueue.m; sourceTree = "<group>"; };
		8B9C6C041BB1297E00242629 /* XCFrameworkDefinition.h */ = {isa = PBXFileReference; fileEncoding = 4; lastKnownFileType = sourcecode.c.h; name = XCFrameworkDefinition.h; path = XcodeEditor/XCFrameworkDefinition.h; sourceTree = "<group>"; };
		8B9C6C051BB1297E00242629 /* XCFrameworkDefinition.m */ = {isa = PBXFileReference; fileEncoding = 4; lastKnownFileType = sourcecode.c.objc; name = XCFrameworkDefinition.m; path = XcodeEditor/XCFrameworkDefinition.m; sourceTree = "<group>"; };
		8B9C6C061BB1297E00242629 /* XCGroup.h */ = {isa = PBXFileReference; fileEncoding = 4; lastKnownFileType = sourcecode.c.h; name = XCGroup.h; path = XcodeEditor/XCGroup.h; sourceTree = "<group>"; };
		8B9C6C071BB1297E00242629 /* XCGroup.m */ = {isa = PBXFileReference; fileEncoding = 4; lastKnownFileType = sourcecode.c.objc; name = XCGroup.m; path = XcodeEditor/XCGroup.m; sourceTree = "<group>"; };
		8B9C6C081BB1297E00242629 /* XCKeyBuilder.h */ = {isa = PBXFileReference; fileEncoding = 4; lastKnownFileType = sourcecode.c.h; name = XCKeyBuilder.h; path = XcodeEditor/XCKeyBuilder.h; sourceTree = "<group>"; };
		8B9C6C091BB1297E00242629 /* XCKeyBuilder.m */ = {isa = PBXFileReference; fileEncoding = 4; lastKnownFileType = sourcecode.c.objc; name = XCKeyBuilder.m; path = XcodeEditor/XCKeyBuilder.m; sourceTree = "<group>"; };
		8B9C6C0A1BB1297E00242629 /* XcodeEditor.h */ = {isa = PBXFileReference; fileEncoding = 4; lastKnownFileType = sourcecode.c.h; name = XcodeEditor.h; path = XcodeEditor/XcodeEditor.h; sourceTree = "<group>"; };
		8B9C6C0B1BB1297E00242629 /* XcodeGroupMember.h */ = {isa = PBXFileReference; fileEncoding = 4; lastKnownFileType = sourcecode.c.h; name = XcodeGroupMember.h; path = XcodeEditor/XcodeGroupMember.h; sourceTree = "<group>"; };
		8B9C6C0C1BB1297E00242629 /* XcodeMemberType.h */ = {isa = PBXFileReference; fileEncoding = 4; lastKnownFileType = sourcecode.c.h; name = XcodeMemberType.h; path = XcodeEditor/XcodeMemberType.h; sourceTree = "<group>"; };
		8B9C6C0D1BB1297E00242629 /* XcodeMemberType.m */ = {isa = PBXFileReference; fileEncoding = 4; lastKnownFileType = sourcecode.c.objc; name = XcodeMemberType.m; path = XcodeEditor/XcodeMemberType.m; sourceTree = "<group>"; };
		8B9C6C0E1BB1297E00242629 /* XcodeSourceFileType.h */ = {isa = PBXFileReference; fileEncoding = 4; lastKnownFileType = sourcecode.c.h; name = XcodeSourceFileType.h; path = XcodeEditor/XcodeSourceFileType.h; sourceTree = "<group>"; };
		8B9C6C0F1BB1297E00242629 /* XcodeSourceFileType.m */ = {isa = PBXFileReference; fileEncoding = 4; lastKnownFileType = sourcecode.c.objc; name = XcodeSourceFileType.m; path = XcodeEditor/XcodeSourceFileType.m; sourceTree = "<group>"; };
		8B9C6C101BB1297E00242629 /* XCProject.h */ = {isa = PBXFileReference; fileEncoding = 4; lastKnownFileType = sourcecode.c.h; name = XCProject.h; path = XcodeEditor/XCProject.h; sourceTree = "<group>"; };
		8B9C6C111BB1297E00242629 /* XCProject.m */ = {isa = PBXFileReference; fileEncoding = 4; lastKnownFileType = sourcecode.c.objc; name = XCProject.m; path = XcodeEditor/XCProject.m; sourceTree = "<group>"; };
		8B9C6C121BB1297E00242629 /* XCProject+SubProject.h */ = {isa = PBXFileReference; fileEncoding = 4; lastKnownFileType = sourcecode.c.h; name = "XCProject+SubProject.h"; path = "XcodeEditor/XCProject+SubProject.h"; sourceTree = "<group>"; };
		8B9C6C131BB1297E00242629 /* XCProject+SubProject.m */ = {isa = PBXFileReference; fileEncoding = 4; lastKnownFileType = sourcecode.c.objc; name = "XCProject+SubProject.m"; path = "XcodeEditor/XCProject+SubProject.m"; sourceTree = "<group>"; };
		8B9C6C141BB1297E00242629 /* XCProjectBuildConfig.h */ = {isa = PBXFileReference; fileEncoding = 4; lastKnownFileType = sourcecode.c.h; name = XCProjectBuildConfig.h; path = XcodeEditor/XCProjectBuildConfig.h; sourceTree = "<group>"; };
		8B9C6C151BB1297E00242629 /* XCProjectBuildConfig.m */ = {isa = PBXFileReference; fileEncoding = 4; lastKnownFileType = sourcecode.c.objc; name = XCProjectBuildConfig.m; path = XcodeEditor/XCProjectBuildConfig.m; sourceTree = "<group>"; };
		8B9C6C161BB1297E00242629 /* XCSourceFile.h */ = {isa = PBXFileReference; fileEncoding = 4; lastKnownFileType = sourcecode.c.h; name = XCSourceFile.h; path = XcodeEditor/XCSourceFile.h; sourceTree = "<group>"; };
		8B9C6C171BB1297E00242629 /* XCSourceFile.m */ = {isa = PBXFileReference; fileEncoding = 4; lastKnownFileType = sourcecode.c.objc; name = XCSourceFile.m; path = XcodeEditor/XCSourceFile.m; sourceTree = "<group>"; };
		8B9C6C181BB1297E00242629 /* XCSourceFileDefinition.h */ = {isa = PBXFileReference; fileEncoding = 4; lastKnownFileType = sourcecode.c.h; name = XCSourceFileDefinition.h; path = XcodeEditor/XCSourceFileDefinition.h; sourceTree = "<group>"; };
		8B9C6C191BB1297E00242629 /* XCSourceFileDefinition.m */ = {isa = PBXFileReference; fileEncoding = 4; lastKnownFileType = sourcecode.c.objc; name = XCSourceFileDefinition.m; path = XcodeEditor/XCSourceFileDefinition.m; sourceTree = "<group>"; };
		8B9C6C1A1BB1297E00242629 /* XCSubProjectDefinition.h */ = {isa = PBXFileReference; fileEncoding = 4; lastKnownFileType = sourcecode.c.h; name = XCSubProjectDefinition.h; path = XcodeEditor/XCSubProjectDefinition.h; sourceTree = "<group>"; };
		8B9C6C1B1BB1297E00242629 /* XCSubProjectDefinition.m */ = {isa = PBXFileReference; fileEncoding = 4; lastKnownFileType = sourcecode.c.objc; name = XCSubProjectDefinition.m; path = XcodeEditor/XCSubProjectDefinition.m; sourceTree = "<group>"; };
		8B9C6C1C1BB1297E00242629 /* XCTarget.h */ = {isa = PBXFileReference; fileEncoding = 4; lastKnownFileType = sourcecode.c.h; name = XCTarget.h; path = XcodeEditor/XCTarget.h; sourceTree = "<group>"; };
		8B9C6C1D1BB1297E00242629 /* XCTarget.m */ = {isa = PBXFileReference; fileEncoding = 4; lastKnownFileType = sourcecode.c.objc; name = XCTarget.m; path = XcodeEditor/XCTarget.m; sourceTree = "<group>"; };
		8B9C6C1E1BB1297E00242629 /* XCXibDefinition.h */ = {isa = PBXFileReference; fileEncoding = 4; lastKnownFileType = sourcecode.c.h; name = XCXibDefinition.h; path = XcodeEditor/XCXibDefinition.h; sourceTree = "<group>"; };
		8B9C6C1F1BB1297E00242629 /* XCXibDefinition.m */ = {isa = PBXFileReference; fileEncoding = 4; lastKnownFileType = sourcecode.c.objc; name = XCXibDefinition.m; path = XcodeEditor/XCXibDefinition.m; sourceTree = "<group>"; };
		8B9C6C301BB1298D00242629 /* DVTSourceTextStorage+Operations.h */ = {isa = PBXFileReference; fileEncoding = 4; lastKnownFileType = sourcecode.c.h; name = "DVTSourceTextStorage+Operations.h"; path = "Categorites/DVTSourceTextStorage+Operations.h"; sourceTree = "<group>"; };
		8B9C6C311BB1298D00242629 /* DVTSourceTextStorage+Operations.m */ = {isa = PBXFileReference; fileEncoding = 4; lastKnownFileType = sourcecode.c.objc; name = "DVTSourceTextStorage+Operations.m"; path = "Categorites/DVTSourceTextStorage+Operations.m"; sourceTree = "<group>"; };
		8B9C6C321BB1298D00242629 /* NSArray+Operations.h */ = {isa = PBXFileReference; fileEncoding = 4; lastKnownFileType = sourcecode.c.h; name = "NSArray+Operations.h"; path = "Categorites/NSArray+Operations.h"; sourceTree = "<group>"; };
		8B9C6C331BB1298D00242629 /* NSArray+Operations.m */ = {isa = PBXFileReference; fileEncoding = 4; lastKnownFileType = sourcecode.c.objc; name = "NSArray+Operations.m"; path = "Categorites/NSArray+Operations.m"; sourceTree = "<group>"; };
		8B9C6C341BB1298D00242629 /* NSFileManager+Headers.h */ = {isa = PBXFileReference; fileEncoding = 4; lastKnownFileType = sourcecode.c.h; name = "NSFileManager+Headers.h"; path = "Categorites/NSFileManager+Headers.h"; sourceTree = "<group>"; };
		8B9C6C351BB1298D00242629 /* NSFileManager+Headers.m */ = {isa = PBXFileReference; fileEncoding = 4; lastKnownFileType = sourcecode.c.objc; name = "NSFileManager+Headers.m"; path = "Categorites/NSFileManager+Headers.m"; sourceTree = "<group>"; };
		8B9C6C361BB1298D00242629 /* NSMutableIndexSet+NSArray.h */ = {isa = PBXFileReference; fileEncoding = 4; lastKnownFileType = sourcecode.c.h; name = "NSMutableIndexSet+NSArray.h"; path = "Categorites/NSMutableIndexSet+NSArray.h"; sourceTree = "<group>"; };
		8B9C6C371BB1298D00242629 /* NSMutableIndexSet+NSArray.m */ = {isa = PBXFileReference; fileEncoding = 4; lastKnownFileType = sourcecode.c.objc; name = "NSMutableIndexSet+NSArray.m"; path = "Categorites/NSMutableIndexSet+NSArray.m"; sourceTree = "<group>"; };
		8B9C6C381BB1298D00242629 /* NSObject+MHLogMethods.h */ = {isa = PBXFileReference; fileEncoding = 4; lastKnownFileType = sourcecode.c.h; name = "NSObject+MHLogMethods.h"; path = "Categorites/NSObject+MHLogMethods.h"; sourceTree = "<group>"; };
		8B9C6C391BB1298D00242629 /* NSObject+MHLogMethods.m */ = {isa = PBXFileReference; fileEncoding = 4; lastKnownFileType = sourcecode.c.objc; name = "NSObject+MHLogMethods.m"; path = "Categorites/NSObject+MHLogMethods.m"; sourceTree = "<group>"; };
		8B9C6C3A1BB1298D00242629 /* NSString+Extensions.h */ = {isa = PBXFileReference; fileEncoding = 4; lastKnownFileType = sourcecode.c.h; name = "NSString+Extensions.h"; path = "Categorites/NSString+Extensions.h"; sourceTree = "<group>"; };
		8B9C6C3B1BB1298D00242629 /* NSString+Extensions.m */ = {isa = PBXFileReference; fileEncoding = 4; lastKnownFileType = sourcecode.c.objc; name = "NSString+Extensions.m"; path = "Categorites/NSString+Extensions.m"; sourceTree = "<group>"; };
		8B9C6C3C1BB1298D00242629 /* NSString+Files.h */ = {isa = PBXFileReference; fileEncoding = 4; lastKnownFileType = sourcecode.c.h; name = "NSString+Files.h"; path = "Categorites/NSString+Files.h"; sourceTree = "<group>"; };
		8B9C6C3D1BB1298D00242629 /* NSString+Files.m */ = {isa = PBXFileReference; fileEncoding = 4; lastKnownFileType = sourcecode.c.objc; name = "NSString+Files.m"; path = "Categorites/NSString+Files.m"; sourceTree = "<group>"; };
		8B9C6C3E1BB1298D00242629 /* NSString+MHNSRange.h */ = {isa = PBXFileReference; fileEncoding = 4; lastKnownFileType = sourcecode.c.h; name = "NSString+MHNSRange.h"; path = "Categorites/NSString+MHNSRange.h"; sourceTree = "<group>"; };
		8B9C6C3F1BB1298D00242629 /* NSString+MHNSRange.m */ = {isa = PBXFileReference; fileEncoding = 4; lastKnownFileType = sourcecode.c.objc; name = "NSString+MHNSRange.m"; path = "Categorites/NSString+MHNSRange.m"; sourceTree = "<group>"; };
		8B9C6C401BB1298D00242629 /* NSTextView+Operations.h */ = {isa = PBXFileReference; fileEncoding = 4; lastKnownFileType = sourcecode.c.h; name = "NSTextView+Operations.h"; path = "Categorites/NSTextView+Operations.h"; sourceTree = "<group>"; };
		8B9C6C411BB1298D00242629 /* NSTextView+Operations.m */ = {isa = PBXFileReference; fileEncoding = 4; lastKnownFileType = sourcecode.c.objc; name = "NSTextView+Operations.m"; path = "Categorites/NSTextView+Operations.m"; sourceTree = "<group>"; };
		8B9C6C421BB1298D00242629 /* NSView+Dumping.h */ = {isa = PBXFileReference; fileEncoding = 4; lastKnownFileType = sourcecode.c.h; name = "NSView+Dumping.h"; path = "Categorites/NSView+Dumping.h"; sourceTree = "<group>"; };
		8B9C6C431BB1298D00242629 /* NSView+Dumping.m */ = {isa = PBXFileReference; fileEncoding = 4; lastKnownFileType = sourcecode.c.objc; name = "NSView+Dumping.m"; path = "Categorites/NSView+Dumping.m"; sourceTree = "<group>"; };
		8B9C6C441BB1298D00242629 /* XCSourceFile+Path.h */ = {isa = PBXFileReference; fileEncoding = 4; lastKnownFileType = sourcecode.c.h; name = "XCSourceFile+Path.h"; path = "Categorites/XCSourceFile+Path.h"; sourceTree = "<group>"; };
		8B9C6C451BB1298D00242629 /* XCSourceFile+Path.m */ = {isa = PBXFileReference; fileEncoding = 4; lastKnownFileType = sourcecode.c.objc; name = "XCSourceFile+Path.m"; path = "Categorites/XCSourceFile+Path.m"; sourceTree = "<group>"; };
		8B9C6C511BB129ED00242629 /* QYXcodePlugIn.h */ = {isa = PBXFileReference; fileEncoding = 4; lastKnownFileType = sourcecode.c.h; name = QYXcodePlugIn.h; path = Main/QYXcodePlugIn.h; sourceTree = "<group>"; };
		8B9C6C521BB129ED00242629 /* QYXcodePlugIn.m */ = {isa = PBXFileReference; fileEncoding = 4; lastKnownFileType = sourcecode.c.objc; name = QYXcodePlugIn.m; path = Main/QYXcodePlugIn.m; sourceTree = "<group>"; };
		8B9C6C541BB129F800242629 /* AutoGetterAchieve.h */ = {isa = PBXFileReference; fileEncoding = 4; lastKnownFileType = sourcecode.c.h; name = AutoGetterAchieve.h; path = Package/AutoGetterAchieve.h; sourceTree = "<group>"; };
		8B9C6C551BB129F800242629 /* AutoGetterAchieve.m */ = {isa = PBXFileReference; fileEncoding = 4; lastKnownFileType = sourcecode.c.objc; name = AutoGetterAchieve.m; path = Package/AutoGetterAchieve.m; sourceTree = "<group>"; };
/* End PBXFileReference section */

/* Begin PBXFrameworksBuildPhase section */
		8B60ADA21BABB7F100672762 /* Frameworks */ = {
			isa = PBXFrameworksBuildPhase;
			buildActionMask = 2147483647;
			files = (
				8B05B5851BF5A73D00F37998 /* ShortcutRecorder.framework in Frameworks */,
				8B05B5831BF5A67100F37998 /* PTHotKey.framework in Frameworks */,
				8B05B57F1BF5A32E00F37998 /* Carbon.framework in Frameworks */,
				8B60AE291BABCEBB00672762 /* Cocoa.framework in Frameworks */,
				8B60ADA81BABB7F100672762 /* AppKit.framework in Frameworks */,
				8B60ADAA1BABB7F100672762 /* Foundation.framework in Frameworks */,
			);
			runOnlyForDeploymentPostprocessing = 0;
		};
/* End PBXFrameworksBuildPhase section */

/* Begin PBXGroup section */
		8B07752E1BB1578600458FD3 /* Singleton file.xctemplate */ = {
			isa = PBXGroup;
			children = (
				8B07752F1BB1578600458FD3 /* GCDSingletonObjective-C */,
				8B0775321BB1578600458FD3 /* GCDSingletonSwift */,
				8B0775341BB1578600458FD3 /* TemplateIcon.png */,
				8B0775351BB1578600458FD3 /* TemplateIcon@2x.png */,
				8B0775361BB1578600458FD3 /* TemplateInfo.plist */,
			);
			name = "Singleton file.xctemplate";
			path = "QYFileTemplate/Singleton file.xctemplate";
			sourceTree = "<group>";
		};
		8B07752F1BB1578600458FD3 /* GCDSingletonObjective-C */ = {
			isa = PBXGroup;
			children = (
				8B0775301BB1578600458FD3 /* ___FILEBASENAME___.h */,
				8B0775311BB1578600458FD3 /* ___FILEBASENAME___.m */,
			);
			path = "GCDSingletonObjective-C";
			sourceTree = "<group>";
		};
		8B0775321BB1578600458FD3 /* GCDSingletonSwift */ = {
			isa = PBXGroup;
			children = (
				8B0775331BB1578600458FD3 /* ___FILEBASENAME___.swift */,
			);
			path = GCDSingletonSwift;
			sourceTree = "<group>";
		};
		8B60AD9B1BABB7F100672762 = {
			isa = PBXGroup;
			children = (
				8B9C6BD71BB1247700242629 /* setup_CodeHelper.sh */,
				8B9C6BC41BB1232C00242629 /* CodeSnippets */,
				8B9C6BC31BB1231700242629 /* QYFileTemplate */,
				8B60ADAB1BABB7F100672762 /* QYXcodePlugIn */,
				8B60ADA61BABB7F100672762 /* Frameworks */,
				8B60ADA51BABB7F100672762 /* Products */,
			);
			sourceTree = "<group>";
		};
		8B60ADA51BABB7F100672762 /* Products */ = {
			isa = PBXGroup;
			children = (
				8B60ADA41BABB7F100672762 /* QYXcodePlugIn.xcplugin */,
			);
			name = Products;
			sourceTree = "<group>";
		};
		8B60ADA61BABB7F100672762 /* Frameworks */ = {
			isa = PBXGroup;
			children = (
				8B05B5841BF5A73D00F37998 /* ShortcutRecorder.framework */,
				8B05B5821BF5A67100F37998 /* PTHotKey.framework */,
				8B05B57E1BF5A32E00F37998 /* Carbon.framework */,
				8B60AE281BABCEBB00672762 /* Cocoa.framework */,
				8B60ADA71BABB7F100672762 /* AppKit.framework */,
				8B60ADA91BABB7F100672762 /* Foundation.framework */,
			);
			name = Frameworks;
			sourceTree = "<group>";
		};
		8B60ADAB1BABB7F100672762 /* QYXcodePlugIn */ = {
			isa = PBXGroup;
			children = (
				8B8006A71BEB6E2C00E558C5 /* ClangFormat */,
				8B9C6C541BB129F800242629 /* AutoGetterAchieve.h */,
				8B9C6C551BB129F800242629 /* AutoGetterAchieve.m */,
				8B296FB51BB3DA0300621255 /* QYInputJsonController.h */,
				8B296FB61BB3DA0300621255 /* QYInputJsonController.m */,
				8B296FB71BB3DA0300621255 /* QYInputJsonController.xib */,
				8B8006AA1BEC56E300E558C5 /* QYPluginSetingController.h */,
				8B8006AB1BEC56E300E558C5 /* QYPluginSetingController.m */,
				8B8006AC1BEC56E300E558C5 /* QYPluginSetingController.xib */,
				8B05B53B1BF591EB00F37998 /* QYShortcutRecorderController.h */,
				8B05B53C1BF591EB00F37998 /* QYShortcutRecorderController.m */,
				8B05B53D1BF591EB00F37998 /* QYShortcutRecorderController.xib */,
				8B60ADBB1BABB81D00672762 /* Main */,
				8B8006A91BEC484C00E558C5 /* Uitility */,
				8B60ADAC1BABB7F100672762 /* Supporting Files */,
			);
			path = QYXcodePlugIn;
			sourceTree = "<group>";
		};
		8B60ADAC1BABB7F100672762 /* Supporting Files */ = {
			isa = PBXGroup;
			children = (
				8B60ADAD1BABB7F100672762 /* Info.plist */,
				8B60ADAE1BABB7F100672762 /* QYXcodePlugIn.xcscheme */,
				8B8D837A1BF5B9EC0016A838 /* QYXcodePlugIn.pch */,
			);
			name = "Supporting Files";
			sourceTree = "<group>";
		};
		8B60ADBB1BABB81D00672762 /* Main */ = {
			isa = PBXGroup;
			children = (
				8B05B4E11BF4871900F37998 /* QYWindowsCloseProtocol.h */,
				8B9C6C511BB129ED00242629 /* QYXcodePlugIn.h */,
				8B9C6C521BB129ED00242629 /* QYXcodePlugIn.m */,
				8B171DB31BB144ED00BCD9F7 /* QYIDENotificationHandler.h */,
				8B171DB41BB144ED00BCD9F7 /* QYIDENotificationHandler.m */,
			);
			name = Main;
			sourceTree = "<group>";
		};
		8B60ADBC1BABCE1C00672762 /* Categories */ = {
			isa = PBXGroup;
			children = (
				8B9C6C301BB1298D00242629 /* DVTSourceTextStorage+Operations.h */,
				8B9C6C311BB1298D00242629 /* DVTSourceTextStorage+Operations.m */,
				8B9C6C321BB1298D00242629 /* NSArray+Operations.h */,
				8B9C6C331BB1298D00242629 /* NSArray+Operations.m */,
				8B9C6C341BB1298D00242629 /* NSFileManager+Headers.h */,
				8B9C6C351BB1298D00242629 /* NSFileManager+Headers.m */,
				8B9C6C361BB1298D00242629 /* NSMutableIndexSet+NSArray.h */,
				8B9C6C371BB1298D00242629 /* NSMutableIndexSet+NSArray.m */,
				8B9C6C381BB1298D00242629 /* NSObject+MHLogMethods.h */,
				8B9C6C391BB1298D00242629 /* NSObject+MHLogMethods.m */,
				8B9C6C3A1BB1298D00242629 /* NSString+Extensions.h */,
				8B9C6C3B1BB1298D00242629 /* NSString+Extensions.m */,
				8B9C6C3C1BB1298D00242629 /* NSString+Files.h */,
				8B9C6C3D1BB1298D00242629 /* NSString+Files.m */,
				8B9C6C3E1BB1298D00242629 /* NSString+MHNSRange.h */,
				8B9C6C3F1BB1298D00242629 /* NSString+MHNSRange.m */,
				8B9C6C401BB1298D00242629 /* NSTextView+Operations.h */,
				8B9C6C411BB1298D00242629 /* NSTextView+Operations.m */,
				8B9C6C421BB1298D00242629 /* NSView+Dumping.h */,
				8B9C6C431BB1298D00242629 /* NSView+Dumping.m */,
				8B9C6C441BB1298D00242629 /* XCSourceFile+Path.h */,
				8B9C6C451BB1298D00242629 /* XCSourceFile+Path.m */,
			);
			name = Categories;
			sourceTree = "<group>";
		};
		8B60ADDE1BABCE2D00672762 /* External */ = {
			isa = PBXGroup;
			children = (
				8B60ADE01BABCE4E00672762 /* XcodeEditor */,
				8B60ADDF1BABCE4000672762 /* Benoit */,
			);
			name = External;
			sourceTree = "<group>";
		};
		8B60ADDF1BABCE4000672762 /* Benoit */ = {
			isa = PBXGroup;
			children = (
				8B9C6BEB1BB1293E00242629 /* MHXcodeDocumentNavigator.h */,
				8B9C6BEC1BB1293E00242629 /* MHXcodeDocumentNavigator.m */,
				8B9C6BED1BB1293E00242629 /* XCFXcodePrivate.h */,
			);
			name = Benoit;
			sourceTree = "<group>";
		};
		8B60ADE01BABCE4E00672762 /* XcodeEditor */ = {
			isa = PBXGroup;
			children = (
				8B9C6BF81BB1296A00242629 /* XCBuildSettings.h */,
				8B9C6BF91BB1296A00242629 /* XCBuildSettings.m */,
				8B9C6BFA1BB1296A00242629 /* XCWorkspace.h */,
				8B9C6BFB1BB1296A00242629 /* XCWorkspace.m */,
				8B60ADE11BABCE5900672762 /* Categories */,
			);
			name = XcodeEditor;
			sourceTree = "<group>";
		};
		8B60ADE11BABCE5900672762 /* Categories */ = {
			isa = PBXGroup;
			children = (
				8B9C6BEF1BB1295C00242629 /* NSString+XCAdditions.h */,
				8B9C6BF01BB1295C00242629 /* NSString+XCAdditions.m */,
				8B9C6BF11BB1295C00242629 /* XCProject+Extensions.h */,
				8B9C6BF21BB1295C00242629 /* XCProject+Extensions.m */,
				8B9C6BF31BB1295C00242629 /* XCTarget+XCProject.h */,
				8B9C6BF41BB1295C00242629 /* XCTarget+XCProject.m */,
			);
			name = Categories;
			sourceTree = "<group>";
		};
		8B60ADF51BABCE9C00672762 /* XcodeEditor */ = {
			isa = PBXGroup;
			children = (
				8B9C6BFE1BB1297E00242629 /* XCAbstractDefinition.h */,
				8B9C6BFF1BB1297E00242629 /* XCAbstractDefinition.m */,
				8B9C6C001BB1297E00242629 /* XCClassDefinition.h */,
				8B9C6C011BB1297E00242629 /* XCClassDefinition.m */,
				8B9C6C021BB1297E00242629 /* XCFileOperationQueue.h */,
				8B9C6C031BB1297E00242629 /* XCFileOperationQueue.m */,
				8B9C6C041BB1297E00242629 /* XCFrameworkDefinition.h */,
				8B9C6C051BB1297E00242629 /* XCFrameworkDefinition.m */,
				8B9C6C061BB1297E00242629 /* XCGroup.h */,
				8B9C6C071BB1297E00242629 /* XCGroup.m */,
				8B9C6C081BB1297E00242629 /* XCKeyBuilder.h */,
				8B9C6C091BB1297E00242629 /* XCKeyBuilder.m */,
				8B9C6C0A1BB1297E00242629 /* XcodeEditor.h */,
				8B9C6C0B1BB1297E00242629 /* XcodeGroupMember.h */,
				8B9C6C0C1BB1297E00242629 /* XcodeMemberType.h */,
				8B9C6C0D1BB1297E00242629 /* XcodeMemberType.m */,
				8B9C6C0E1BB1297E00242629 /* XcodeSourceFileType.h */,
				8B9C6C0F1BB1297E00242629 /* XcodeSourceFileType.m */,
				8B9C6C101BB1297E00242629 /* XCProject.h */,
				8B9C6C111BB1297E00242629 /* XCProject.m */,
				8B9C6C121BB1297E00242629 /* XCProject+SubProject.h */,
				8B9C6C131BB1297E00242629 /* XCProject+SubProject.m */,
				8B9C6C141BB1297E00242629 /* XCProjectBuildConfig.h */,
				8B9C6C151BB1297E00242629 /* XCProjectBuildConfig.m */,
				8B9C6C161BB1297E00242629 /* XCSourceFile.h */,
				8B9C6C171BB1297E00242629 /* XCSourceFile.m */,
				8B9C6C181BB1297E00242629 /* XCSourceFileDefinition.h */,
				8B9C6C191BB1297E00242629 /* XCSourceFileDefinition.m */,
				8B9C6C1A1BB1297E00242629 /* XCSubProjectDefinition.h */,
				8B9C6C1B1BB1297E00242629 /* XCSubProjectDefinition.m */,
				8B9C6C1C1BB1297E00242629 /* XCTarget.h */,
				8B9C6C1D1BB1297E00242629 /* XCTarget.m */,
				8B9C6C1E1BB1297E00242629 /* XCXibDefinition.h */,
				8B9C6C1F1BB1297E00242629 /* XCXibDefinition.m */,
			);
			name = XcodeEditor;
			sourceTree = "<group>";
		};
		8B8006A71BEB6E2C00E558C5 /* ClangFormat */ = {
			isa = PBXGroup;
			children = (
				8B8006A41BEB639E00E558C5 /* QYClangFormatCode.h */,
				8B8006A51BEB639E00E558C5 /* QYClangFormatCode.m */,
			);
			name = ClangFormat;
			sourceTree = "<group>";
		};
		8B8006A91BEC484C00E558C5 /* Uitility */ = {
			isa = PBXGroup;
			children = (
				8B60ADF51BABCE9C00672762 /* XcodeEditor */,
				8B60ADDE1BABCE2D00672762 /* External */,
				8B60ADBC1BABCE1C00672762 /* Categories */,
			);
			name = Uitility;
			sourceTree = "<group>";
		};
		8B9C6BC31BB1231700242629 /* QYFileTemplate */ = {
			isa = PBXGroup;
			children = (
				8B07752E1BB1578600458FD3 /* Singleton file.xctemplate */,
				8B9C6BDD1BB125D300242629 /* Request file.xctemplate */,
			);
			name = QYFileTemplate;
			sourceTree = "<group>";
		};
		8B9C6BC41BB1232C00242629 /* CodeSnippets */ = {
			isa = PBXGroup;
			children = (
			);
			name = CodeSnippets;
			sourceTree = "<group>";
		};
		8B9C6BDD1BB125D300242629 /* Request file.xctemplate */ = {
			isa = PBXGroup;
			children = (
				8B9C6BDE1BB125D300242629 /* QYRequestObjective-C */,
				8B9C6BE11BB125D300242629 /* QYRequestSwift */,
				8B9C6BE31BB125D300242629 /* TemplateIcon.png */,
				8B9C6BE41BB125D300242629 /* TemplateIcon@2x.png */,
				8B9C6BE51BB125D300242629 /* TemplateInfo.plist */,
			);
			name = "Request file.xctemplate";
			path = "QYFileTemplate/Request file.xctemplate";
			sourceTree = "<group>";
		};
		8B9C6BDE1BB125D300242629 /* QYRequestObjective-C */ = {
			isa = PBXGroup;
			children = (
				8B9C6BDF1BB125D300242629 /* ___FILEBASENAME___.h */,
				8B9C6BE01BB125D300242629 /* ___FILEBASENAME___.m */,
			);
			path = "QYRequestObjective-C";
			sourceTree = "<group>";
		};
		8B9C6BE11BB125D300242629 /* QYRequestSwift */ = {
			isa = PBXGroup;
			children = (
				8B9C6BE21BB125D300242629 /* ___FILEBASENAME___.swift */,
			);
			path = QYRequestSwift;
			sourceTree = "<group>";
		};
/* End PBXGroup section */

/* Begin PBXNativeTarget section */
		8B60ADA31BABB7F100672762 /* QYXcodePlugIn */ = {
			isa = PBXNativeTarget;
			buildConfigurationList = 8B60ADB81BABB7F100672762 /* Build configuration list for PBXNativeTarget "QYXcodePlugIn" */;
			buildPhases = (
				8B60ADA01BABB7F100672762 /* Sources */,
				8B60ADA11BABB7F100672762 /* Resources */,
				8B60ADA21BABB7F100672762 /* Frameworks */,
			);
			buildRules = (
			);
			dependencies = (
			);
			name = QYXcodePlugIn;
			productName = QYXcodePlugIn;
			productReference = 8B60ADA41BABB7F100672762 /* QYXcodePlugIn.xcplugin */;
			productType = "com.apple.product-type.bundle";
		};
/* End PBXNativeTarget section */

/* Begin PBXProject section */
		8B60AD9C1BABB7F100672762 /* Project object */ = {
			isa = PBXProject;
			attributes = {
				LastUpgradeCheck = 0640;
				ORGANIZATIONNAME = X.Y;
				TargetAttributes = {
					8B60ADA31BABB7F100672762 = {
						CreatedOnToolsVersion = 6.4;
					};
				};
			};
			buildConfigurationList = 8B60AD9F1BABB7F100672762 /* Build configuration list for PBXProject "QYXcodePlugIn" */;
			compatibilityVersion = "Xcode 3.2";
			developmentRegion = English;
			hasScannedForEncodings = 0;
			knownRegions = (
				en,
			);
			mainGroup = 8B60AD9B1BABB7F100672762;
			productRefGroup = 8B60ADA51BABB7F100672762 /* Products */;
			projectDirPath = "";
			projectRoot = "";
			targets = (
				8B60ADA31BABB7F100672762 /* QYXcodePlugIn */,
			);
		};
/* End PBXProject section */

/* Begin PBXResourcesBuildPhase section */
		8B60ADA11BABB7F100672762 /* Resources */ = {
			isa = PBXResourcesBuildPhase;
			buildActionMask = 2147483647;
			files = (
				8B8006AE1BEC56E300E558C5 /* QYPluginSetingController.xib in Resources */,
				8B05B53F1BF591EB00F37998 /* QYShortcutRecorderController.xib in Resources */,
				8B60ADAF1BABB7F100672762 /* QYXcodePlugIn.xcscheme in Resources */,
				8B296FB91BB3DA0300621255 /* QYInputJsonController.xib in Resources */,
				8B9C6BD81BB1247700242629 /* setup_CodeHelper.sh in Resources */,
			);
			runOnlyForDeploymentPostprocessing = 0;
		};
/* End PBXResourcesBuildPhase section */

/* Begin PBXSourcesBuildPhase section */
		8B60ADA01BABB7F100672762 /* Sources */ = {
			isa = PBXSourcesBuildPhase;
			buildActionMask = 2147483647;
			files = (
				8B9C6C4D1BB1298D00242629 /* NSString+MHNSRange.m in Sources */,
				8B9C6C2F1BB1297E00242629 /* XCXibDefinition.m in Sources */,
				8B9C6C281BB1297E00242629 /* XCProject.m in Sources */,
				8B9C6C4B1BB1298D00242629 /* NSString+Extensions.m in Sources */,
				8B9C6C531BB129ED00242629 /* QYXcodePlugIn.m in Sources */,
				8B8006AD1BEC56E300E558C5 /* QYPluginSetingController.m in Sources */,
				8B9C6C271BB1297E00242629 /* XcodeSourceFileType.m in Sources */,
				8B9C6C4C1BB1298D00242629 /* NSString+Files.m in Sources */,
				8B9C6C2C1BB1297E00242629 /* XCSourceFileDefinition.m in Sources */,
				8B9C6C201BB1297E00242629 /* XCAbstractDefinition.m in Sources */,
				8B8006A61BEB639E00E558C5 /* QYClangFormatCode.m in Sources */,
				8B9C6C251BB1297E00242629 /* XCKeyBuilder.m in Sources */,
				8B9C6BF71BB1295C00242629 /* XCTarget+XCProject.m in Sources */,
				8B9C6BF51BB1295C00242629 /* NSString+XCAdditions.m in Sources */,
				8B9C6BFD1BB1296A00242629 /* XCWorkspace.m in Sources */,
				8B9C6C2B1BB1297E00242629 /* XCSourceFile.m in Sources */,
				8B171DB51BB144ED00BCD9F7 /* QYIDENotificationHandler.m in Sources */,
				8B9C6C2A1BB1297E00242629 /* XCProjectBuildConfig.m in Sources */,
				8B9C6C2E1BB1297E00242629 /* XCTarget.m in Sources */,
				8B9C6C241BB1297E00242629 /* XCGroup.m in Sources */,
				8B9C6C231BB1297E00242629 /* XCFrameworkDefinition.m in Sources */,
				8B9C6C4A1BB1298D00242629 /* NSObject+MHLogMethods.m in Sources */,
				8B9C6C2D1BB1297E00242629 /* XCSubProjectDefinition.m in Sources */,
				8B9C6C261BB1297E00242629 /* XcodeMemberType.m in Sources */,
				8B9C6C491BB1298D00242629 /* NSMutableIndexSet+NSArray.m in Sources */,
				8B9C6C211BB1297E00242629 /* XCClassDefinition.m in Sources */,
				8B9C6C291BB1297E00242629 /* XCProject+SubProject.m in Sources */,
				8B9C6C471BB1298D00242629 /* NSArray+Operations.m in Sources */,
				8B9C6C461BB1298D00242629 /* DVTSourceTextStorage+Operations.m in Sources */,
				8B9C6BEE1BB1293E00242629 /* MHXcodeDocumentNavigator.m in Sources */,
				8B9C6C4F1BB1298D00242629 /* NSView+Dumping.m in Sources */,
				8B9C6BFC1BB1296A00242629 /* XCBuildSettings.m in Sources */,
				8B9C6C5B1BB129F800242629 /* AutoGetterAchieve.m in Sources */,
				8B9C6BF61BB1295C00242629 /* XCProject+Extensions.m in Sources */,
				8B9C6C4E1BB1298D00242629 /* NSTextView+Operations.m in Sources */,
				8B296FB81BB3DA0300621255 /* QYInputJsonController.m in Sources */,
				8B9C6C501BB1298D00242629 /* XCSourceFile+Path.m in Sources */,
				8B9C6C221BB1297E00242629 /* XCFileOperationQueue.m in Sources */,
				8B05B53E1BF591EB00F37998 /* QYShortcutRecorderController.m in Sources */,
				8B9C6C481BB1298D00242629 /* NSFileManager+Headers.m in Sources */,
			);
			runOnlyForDeploymentPostprocessing = 0;
		};
/* End PBXSourcesBuildPhase section */

/* Begin XCBuildConfiguration section */
		8B60ADB61BABB7F100672762 /* Debug */ = {
			isa = XCBuildConfiguration;
			buildSettings = {
				ALWAYS_SEARCH_USER_PATHS = NO;
				CLANG_CXX_LANGUAGE_STANDARD = "gnu++0x";
				CLANG_CXX_LIBRARY = "libc++";
				CLANG_ENABLE_MODULES = YES;
				CLANG_ENABLE_OBJC_ARC = YES;
				CLANG_WARN_BOOL_CONVERSION = YES;
				CLANG_WARN_CONSTANT_CONVERSION = YES;
				CLANG_WARN_DIRECT_OBJC_ISA_USAGE = YES_ERROR;
				CLANG_WARN_EMPTY_BODY = YES;
				CLANG_WARN_ENUM_CONVERSION = YES;
				CLANG_WARN_INT_CONVERSION = YES;
				CLANG_WARN_OBJC_ROOT_CLASS = YES_ERROR;
				CLANG_WARN_UNREACHABLE_CODE = YES;
				CLANG_WARN__DUPLICATE_METHOD_MATCH = YES;
				COPY_PHASE_STRIP = NO;
				ENABLE_STRICT_OBJC_MSGSEND = YES;
				GCC_C_LANGUAGE_STANDARD = gnu99;
				GCC_DYNAMIC_NO_PIC = NO;
				GCC_NO_COMMON_BLOCKS = YES;
				GCC_OPTIMIZATION_LEVEL = 0;
				GCC_PREPROCESSOR_DEFINITIONS = (
					"DEBUG=1",
					"$(inherited)",
				);
				GCC_SYMBOLS_PRIVATE_EXTERN = NO;
				GCC_WARN_64_TO_32_BIT_CONVERSION = YES;
				GCC_WARN_ABOUT_RETURN_TYPE = YES_ERROR;
				GCC_WARN_UNDECLARED_SELECTOR = YES;
				GCC_WARN_UNINITIALIZED_AUTOS = YES_AGGRESSIVE;
				GCC_WARN_UNUSED_FUNCTION = YES;
				GCC_WARN_UNUSED_VARIABLE = YES;
				LD_RUNPATH_SEARCH_PATHS = "";
				MTL_ENABLE_DEBUG_INFO = YES;
				ONLY_ACTIVE_ARCH = YES;
			};
			name = Debug;
		};
		8B60ADB71BABB7F100672762 /* Release */ = {
			isa = XCBuildConfiguration;
			buildSettings = {
				ALWAYS_SEARCH_USER_PATHS = NO;
				CLANG_CXX_LANGUAGE_STANDARD = "gnu++0x";
				CLANG_CXX_LIBRARY = "libc++";
				CLANG_ENABLE_MODULES = YES;
				CLANG_ENABLE_OBJC_ARC = YES;
				CLANG_WARN_BOOL_CONVERSION = YES;
				CLANG_WARN_CONSTANT_CONVERSION = YES;
				CLANG_WARN_DIRECT_OBJC_ISA_USAGE = YES_ERROR;
				CLANG_WARN_EMPTY_BODY = YES;
				CLANG_WARN_ENUM_CONVERSION = YES;
				CLANG_WARN_INT_CONVERSION = YES;
				CLANG_WARN_OBJC_ROOT_CLASS = YES_ERROR;
				CLANG_WARN_UNREACHABLE_CODE = YES;
				CLANG_WARN__DUPLICATE_METHOD_MATCH = YES;
				COPY_PHASE_STRIP = NO;
				ENABLE_NS_ASSERTIONS = NO;
				ENABLE_STRICT_OBJC_MSGSEND = YES;
				GCC_C_LANGUAGE_STANDARD = gnu99;
				GCC_NO_COMMON_BLOCKS = YES;
				GCC_WARN_64_TO_32_BIT_CONVERSION = YES;
				GCC_WARN_ABOUT_RETURN_TYPE = YES_ERROR;
				GCC_WARN_UNDECLARED_SELECTOR = YES;
				GCC_WARN_UNINITIALIZED_AUTOS = YES_AGGRESSIVE;
				GCC_WARN_UNUSED_FUNCTION = YES;
				GCC_WARN_UNUSED_VARIABLE = YES;
				LD_RUNPATH_SEARCH_PATHS = "";
				MTL_ENABLE_DEBUG_INFO = NO;
			};
			name = Release;
		};
		8B60ADB91BABB7F100672762 /* Debug */ = {
			isa = XCBuildConfiguration;
			buildSettings = {
				ALWAYS_SEARCH_USER_PATHS = NO;
				COMBINE_HIDPI_IMAGES = YES;
				DEPLOYMENT_LOCATION = YES;
				DSTROOT = "$(HOME)";
				FRAMEWORK_SEARCH_PATHS = "$(PROJECT_DIR)/ShortcutRecorder-master/build/Debug";
				GCC_PRECOMPILE_PREFIX_HEADER = YES;
				GCC_PREFIX_HEADER = "$(SRCROOT)/QYXcodePlugIn/QYXcodePlugIn.pch";
				HEADER_SEARCH_PATHS = "";
				INFOPLIST_FILE = QYXcodePlugIn/Info.plist;
				INSTALL_PATH = "/Library/Application Support/Developer/Shared/Xcode/Plug-ins";
				LD_RUNPATH_SEARCH_PATHS = "@executable_path/../Frameworks";
				LIBRARY_SEARCH_PATHS = "";
				MACOSX_DEPLOYMENT_TARGET = 10.10;
				PRODUCT_NAME = "$(TARGET_NAME)";
				WRAPPER_EXTENSION = xcplugin;
			};
			name = Debug;
		};
		8B60ADBA1BABB7F100672762 /* Release */ = {
			isa = XCBuildConfiguration;
			buildSettings = {
				ALWAYS_SEARCH_USER_PATHS = NO;
				COMBINE_HIDPI_IMAGES = YES;
				DEPLOYMENT_LOCATION = YES;
				DSTROOT = "$(HOME)";
				FRAMEWORK_SEARCH_PATHS = "$(PROJECT_DIR)/ShortcutRecorder-master/build/Debug";
				GCC_PRECOMPILE_PREFIX_HEADER = YES;
				GCC_PREFIX_HEADER = "$(SRCROOT)/QYXcodePlugIn/QYXcodePlugIn.pch";
				HEADER_SEARCH_PATHS = "";
				INFOPLIST_FILE = QYXcodePlugIn/Info.plist;
				INSTALL_PATH = "/Library/Application Support/Developer/Shared/Xcode/Plug-ins";
				LD_RUNPATH_SEARCH_PATHS = "@executable_path/../Frameworks";
				LIBRARY_SEARCH_PATHS = "";
				MACOSX_DEPLOYMENT_TARGET = 10.10;
				PRODUCT_NAME = "$(TARGET_NAME)";
				WRAPPER_EXTENSION = xcplugin;
			};
			name = Release;
		};
/* End XCBuildConfiguration section */

/* Begin XCConfigurationList section */
		8B60AD9F1BABB7F100672762 /* Build configuration list for PBXProject "QYXcodePlugIn" */ = {
			isa = XCConfigurationList;
			buildConfigurations = (
				8B60ADB61BABB7F100672762 /* Debug */,
				8B60ADB71BABB7F100672762 /* Release */,
			);
			defaultConfigurationIsVisible = 0;
			defaultConfigurationName = Release;
		};
		8B60ADB81BABB7F100672762 /* Build configuration list for PBXNativeTarget "QYXcodePlugIn" */ = {
			isa = XCConfigurationList;
			buildConfigurations = (
				8B60ADB91BABB7F100672762 /* Debug */,
				8B60ADBA1BABB7F100672762 /* Release */,
			);
			defaultConfigurationIsVisible = 0;
			defaultConfigurationName = Release;
		};
/* End XCConfigurationList section */
	};
	rootObject = 8B60AD9C1BABB7F100672762 /* Project object */;
}
