// !$*UTF8*$!
{
	archiveVersion = 1;
	classes = {
	};
	objectVersion = 46;
	objects = {

/* Begin PBXBuildFile section */
		8B05B57F1BF5A32E00F37998 /* Carbon.framework in Frameworks */ = {isa = PBXBuildFile; fileRef = 8B05B57E1BF5A32E00F37998 /* Carbon.framework */; };
		8B2BC61E1C4C867C002B4181 /* logo.pdf in Resources */ = {isa = PBXBuildFile; fileRef = 8B2BC61D1C4C867C002B4181 /* logo.pdf */; };
		8B4C00821BF7852300A77AD9 /* PTHotKey.framework in Frameworks */ = {isa = PBXBuildFile; fileRef = 8B4C00801BF7852300A77AD9 /* PTHotKey.framework */; };
		8B4C00831BF7852300A77AD9 /* ShortcutRecorder.framework in Frameworks */ = {isa = PBXBuildFile; fileRef = 8B4C00811BF7852300A77AD9 /* ShortcutRecorder.framework */; };
		8B60ADA81BABB7F100672762 /* AppKit.framework in Frameworks */ = {isa = PBXBuildFile; fileRef = 8B60ADA71BABB7F100672762 /* AppKit.framework */; };
		8B60ADAA1BABB7F100672762 /* Foundation.framework in Frameworks */ = {isa = PBXBuildFile; fileRef = 8B60ADA91BABB7F100672762 /* Foundation.framework */; };
		8B60ADAF1BABB7F100672762 /* QYXcodePlugIn.xcscheme in Resources */ = {isa = PBXBuildFile; fileRef = 8B60ADAE1BABB7F100672762 /* QYXcodePlugIn.xcscheme */; };
		8B60AE291BABCEBB00672762 /* Cocoa.framework in Frameworks */ = {isa = PBXBuildFile; fileRef = 8B60AE281BABCEBB00672762 /* Cocoa.framework */; };
		8B9C6BD81BB1247700242629 /* setupHelper.sh in Resources */ = {isa = PBXBuildFile; fileRef = 8B9C6BD71BB1247700242629 /* setupHelper.sh */; };
		8B9C6C531BB129ED00242629 /* QYXcodePlugIn.m in Sources */ = {isa = PBXBuildFile; fileRef = 8B9C6C521BB129ED00242629 /* QYXcodePlugIn.m */; };
		8B9ED1ED1C337D900072CCE2 /* LAFIDESourceCodeEditor.m in Sources */ = {isa = PBXBuildFile; fileRef = 8B9ED1EC1C337D900072CCE2 /* LAFIDESourceCodeEditor.m */; };
		8BA852791BF7879600EE9398 /* DVTSourceTextStorage+Operations.m in Sources */ = {isa = PBXBuildFile; fileRef = 8BA852301BF7879600EE9398 /* DVTSourceTextStorage+Operations.m */; };
		8BA8527A1BF7879600EE9398 /* NSArray+Operations.m in Sources */ = {isa = PBXBuildFile; fileRef = 8BA852321BF7879600EE9398 /* NSArray+Operations.m */; };
		8BA8527B1BF7879600EE9398 /* NSFileManager+Headers.m in Sources */ = {isa = PBXBuildFile; fileRef = 8BA852341BF7879600EE9398 /* NSFileManager+Headers.m */; };
		8BA8527C1BF7879600EE9398 /* NSMutableIndexSet+NSArray.m in Sources */ = {isa = PBXBuildFile; fileRef = 8BA852361BF7879600EE9398 /* NSMutableIndexSet+NSArray.m */; };
		8BA8527D1BF7879600EE9398 /* NSObject+MHLogMethods.m in Sources */ = {isa = PBXBuildFile; fileRef = 8BA852381BF7879600EE9398 /* NSObject+MHLogMethods.m */; };
		8BA8527E1BF7879600EE9398 /* NSString+Extensions.m in Sources */ = {isa = PBXBuildFile; fileRef = 8BA8523A1BF7879600EE9398 /* NSString+Extensions.m */; };
		8BA8527F1BF7879600EE9398 /* NSString+Files.m in Sources */ = {isa = PBXBuildFile; fileRef = 8BA8523C1BF7879600EE9398 /* NSString+Files.m */; };
		8BA852801BF7879600EE9398 /* NSString+MHNSRange.m in Sources */ = {isa = PBXBuildFile; fileRef = 8BA8523E1BF7879600EE9398 /* NSString+MHNSRange.m */; };
		8BA852811BF7879600EE9398 /* NSTextView+Operations.m in Sources */ = {isa = PBXBuildFile; fileRef = 8BA852401BF7879600EE9398 /* NSTextView+Operations.m */; };
		8BA852821BF7879600EE9398 /* NSView+Dumping.m in Sources */ = {isa = PBXBuildFile; fileRef = 8BA852421BF7879600EE9398 /* NSView+Dumping.m */; };
		8BA852831BF7879600EE9398 /* XCSourceFile+Path.m in Sources */ = {isa = PBXBuildFile; fileRef = 8BA852441BF7879600EE9398 /* XCSourceFile+Path.m */; };
		8BA852841BF7879600EE9398 /* MHXcodeDocumentNavigator.m in Sources */ = {isa = PBXBuildFile; fileRef = 8BA852481BF7879600EE9398 /* MHXcodeDocumentNavigator.m */; };
		8BA852851BF7879600EE9398 /* NSString+XCAdditions.m in Sources */ = {isa = PBXBuildFile; fileRef = 8BA8524D1BF7879600EE9398 /* NSString+XCAdditions.m */; };
		8BA852861BF7879600EE9398 /* XCProject+Extensions.m in Sources */ = {isa = PBXBuildFile; fileRef = 8BA8524F1BF7879600EE9398 /* XCProject+Extensions.m */; };
		8BA852871BF7879600EE9398 /* XCTarget+XCProject.m in Sources */ = {isa = PBXBuildFile; fileRef = 8BA852511BF7879600EE9398 /* XCTarget+XCProject.m */; };
		8BA852881BF7879600EE9398 /* XCBuildSettings.m in Sources */ = {isa = PBXBuildFile; fileRef = 8BA852531BF7879600EE9398 /* XCBuildSettings.m */; };
		8BA852891BF7879600EE9398 /* XCWorkspace.m in Sources */ = {isa = PBXBuildFile; fileRef = 8BA852551BF7879600EE9398 /* XCWorkspace.m */; };
		8BA8528A1BF7879600EE9398 /* XCAbstractDefinition.m in Sources */ = {isa = PBXBuildFile; fileRef = 8BA852581BF7879600EE9398 /* XCAbstractDefinition.m */; };
		8BA8528B1BF7879600EE9398 /* XCClassDefinition.m in Sources */ = {isa = PBXBuildFile; fileRef = 8BA8525A1BF7879600EE9398 /* XCClassDefinition.m */; };
		8BA8528C1BF7879600EE9398 /* XCFileOperationQueue.m in Sources */ = {isa = PBXBuildFile; fileRef = 8BA8525C1BF7879600EE9398 /* XCFileOperationQueue.m */; };
		8BA8528D1BF7879600EE9398 /* XCFrameworkDefinition.m in Sources */ = {isa = PBXBuildFile; fileRef = 8BA8525E1BF7879600EE9398 /* XCFrameworkDefinition.m */; };
		8BA8528E1BF7879600EE9398 /* XCGroup.m in Sources */ = {isa = PBXBuildFile; fileRef = 8BA852601BF7879600EE9398 /* XCGroup.m */; };
		8BA8528F1BF7879600EE9398 /* XCKeyBuilder.m in Sources */ = {isa = PBXBuildFile; fileRef = 8BA852621BF7879600EE9398 /* XCKeyBuilder.m */; };
		8BA852901BF7879600EE9398 /* XcodeMemberType.m in Sources */ = {isa = PBXBuildFile; fileRef = 8BA852661BF7879600EE9398 /* XcodeMemberType.m */; };
		8BA852911BF7879600EE9398 /* XcodeSourceFileType.m in Sources */ = {isa = PBXBuildFile; fileRef = 8BA852681BF7879600EE9398 /* XcodeSourceFileType.m */; };
		8BA852921BF7879600EE9398 /* XCProject+SubProject.m in Sources */ = {isa = PBXBuildFile; fileRef = 8BA8526A1BF7879600EE9398 /* XCProject+SubProject.m */; };
		8BA852931BF7879600EE9398 /* XCProject.m in Sources */ = {isa = PBXBuildFile; fileRef = 8BA8526C1BF7879600EE9398 /* XCProject.m */; };
		8BA852941BF7879600EE9398 /* XCProjectBuildConfig.m in Sources */ = {isa = PBXBuildFile; fileRef = 8BA8526E1BF7879600EE9398 /* XCProjectBuildConfig.m */; };
		8BA852951BF7879600EE9398 /* XCSourceFile.m in Sources */ = {isa = PBXBuildFile; fileRef = 8BA852701BF7879600EE9398 /* XCSourceFile.m */; };
		8BA852961BF7879600EE9398 /* XCSourceFileDefinition.m in Sources */ = {isa = PBXBuildFile; fileRef = 8BA852721BF7879600EE9398 /* XCSourceFileDefinition.m */; };
		8BA852971BF7879600EE9398 /* XCSubProjectDefinition.m in Sources */ = {isa = PBXBuildFile; fileRef = 8BA852741BF7879600EE9398 /* XCSubProjectDefinition.m */; };
		8BA852981BF7879600EE9398 /* XCTarget.m in Sources */ = {isa = PBXBuildFile; fileRef = 8BA852761BF7879600EE9398 /* XCTarget.m */; };
		8BA852991BF7879600EE9398 /* XCXibDefinition.m in Sources */ = {isa = PBXBuildFile; fileRef = 8BA852781BF7879600EE9398 /* XCXibDefinition.m */; };
		8BA852A01BF7886000EE9398 /* QYIDENotificationHandler.m in Sources */ = {isa = PBXBuildFile; fileRef = 8BA8529E1BF7886000EE9398 /* QYIDENotificationHandler.m */; };
		8BA852C21BF78A6700EE9398 /* QYClangFormat.m in Sources */ = {isa = PBXBuildFile; fileRef = 8BA852C11BF78A6700EE9398 /* QYClangFormat.m */; };
		8BAE7E8F1C4797E300A505FD /* NSMenu+RegisterMenuItem.m in Sources */ = {isa = PBXBuildFile; fileRef = 8BAE7E861C4797E300A505FD /* NSMenu+RegisterMenuItem.m */; };
		8BAE7E901C4797E300A505FD /* QYAutoGetterMenuItem.m in Sources */ = {isa = PBXBuildFile; fileRef = 8BAE7E881C4797E300A505FD /* QYAutoGetterMenuItem.m */; };
		8BAE7E911C4797E300A505FD /* QYMenuBaseItem.m in Sources */ = {isa = PBXBuildFile; fileRef = 8BAE7E8A1C4797E300A505FD /* QYMenuBaseItem.m */; };
		8BAE7E921C4797E300A505FD /* QYPreferencesMenuItem.m in Sources */ = {isa = PBXBuildFile; fileRef = 8BAE7E8C1C4797E300A505FD /* QYPreferencesMenuItem.m */; };
		8BAE7E931C4797E300A505FD /* QYRequestVerifiMenuItem.m in Sources */ = {isa = PBXBuildFile; fileRef = 8BAE7E8E1C4797E300A505FD /* QYRequestVerifiMenuItem.m */; };
		8BAE7EA71C47980200A505FD /* QYCategoryAutoGetterSetterAchieve.m in Sources */ = {isa = PBXBuildFile; fileRef = 8BAE7E981C47980200A505FD /* QYCategoryAutoGetterSetterAchieve.m */; };
		8BAE7EA81C47980200A505FD /* QYAutoGetterAchieve.m in Sources */ = {isa = PBXBuildFile; fileRef = 8BAE7E9A1C47980200A505FD /* QYAutoGetterAchieve.m */; };
		8BAE7EA91C47980200A505FD /* QYPreferencesController.m in Sources */ = {isa = PBXBuildFile; fileRef = 8BAE7E9D1C47980200A505FD /* QYPreferencesController.m */; };
		8BAE7EAA1C47980200A505FD /* QYShortcutRecorderController.m in Sources */ = {isa = PBXBuildFile; fileRef = 8BAE7E9F1C47980200A505FD /* QYShortcutRecorderController.m */; };
		8BAE7EAB1C47980200A505FD /* QYRequestVerifyController.m in Sources */ = {isa = PBXBuildFile; fileRef = 8BAE7EA21C47980200A505FD /* QYRequestVerifyController.m */; };
		8BAE7EAC1C47980200A505FD /* QYPreferencesController.xib in Resources */ = {isa = PBXBuildFile; fileRef = 8BAE7EA41C47980200A505FD /* QYPreferencesController.xib */; };
		8BAE7EAD1C47980200A505FD /* QYRequestVerifyController.xib in Resources */ = {isa = PBXBuildFile; fileRef = 8BAE7EA51C47980200A505FD /* QYRequestVerifyController.xib */; };
		8BAE7EAE1C47980200A505FD /* QYShortcutRecorderController.xib in Resources */ = {isa = PBXBuildFile; fileRef = 8BAE7EA61C47980200A505FD /* QYShortcutRecorderController.xib */; };
		8BAE7EB71C47984100A505FD /* NSObject+MagicClearCatalogFilter.m in Sources */ = {isa = PBXBuildFile; fileRef = 8BAE7EB01C47984100A505FD /* NSObject+MagicClearCatalogFilter.m */; };
		8BAE7EB81C47984100A505FD /* NSObject+MagicDVTBezelAlertPanel.m in Sources */ = {isa = PBXBuildFile; fileRef = 8BAE7EB21C47984100A505FD /* NSObject+MagicDVTBezelAlertPanel.m */; };
		8BAE7EBA1C47984100A505FD /* NSObject+MethodSwizzler.m in Sources */ = {isa = PBXBuildFile; fileRef = 8BAE7EB61C47984100A505FD /* NSObject+MethodSwizzler.m */; };
		8BAE7EBE1C4798E700A505FD /* QYPreferencesModel.m in Sources */ = {isa = PBXBuildFile; fileRef = 8BAE7EBD1C4798E700A505FD /* QYPreferencesModel.m */; };
		8BAE7EC31C47997C00A505FD /* PMKPromise+Until.m in Sources */ = {isa = PBXBuildFile; fileRef = 8BAE7EBF1C47997C00A505FD /* PMKPromise+Until.m */; };
		8BAE7EC41C47997C00A505FD /* PMKPromise+When.m in Sources */ = {isa = PBXBuildFile; fileRef = 8BAE7EC01C47997C00A505FD /* PMKPromise+When.m */; };
		8BD1B2721C21604600FA02BC /* PMKPromise.m in Sources */ = {isa = PBXBuildFile; fileRef = 8BD1B26E1C21604600FA02BC /* PMKPromise.m */; };
		8BF5F6821BFDB14E00F4A4AD /* TemplateIcon.png in Resources */ = {isa = PBXBuildFile; fileRef = 8BF5F6681BFDB14E00F4A4AD /* TemplateIcon.png */; };
		8BF5F6831BFDB14E00F4A4AD /* TemplateIcon@2x.png in Resources */ = {isa = PBXBuildFile; fileRef = 8BF5F6691BFDB14E00F4A4AD /* TemplateIcon@2x.png */; };
		8BF5F6841BFDB14E00F4A4AD /* TemplateInfo.plist in Resources */ = {isa = PBXBuildFile; fileRef = 8BF5F66A1BFDB14E00F4A4AD /* TemplateInfo.plist */; };
/* End PBXBuildFile section */

/* Begin PBXFileReference section */
		8B02E22A1C1ED4A1005CE6D2 /* ___FILEBASENAME___.h */ = {isa = PBXFileReference; fileEncoding = 4; lastKnownFileType = sourcecode.c.h; path = "___FILEBASENAME___.h"; sourceTree = "<group>"; };
		8B02E22B1C1ED4A1005CE6D2 /* ___FILEBASENAME___.m */ = {isa = PBXFileReference; fileEncoding = 4; lastKnownFileType = sourcecode.c.objc; path = "___FILEBASENAME___.m"; sourceTree = "<group>"; };
		8B02E22D1C1ED4A1005CE6D2 /* ___FILEBASENAME___.swift */ = {isa = PBXFileReference; fileEncoding = 4; lastKnownFileType = sourcecode.swift; path = "___FILEBASENAME___.swift"; sourceTree = "<group>"; };
		8B02E2341C1ED580005CE6D2 /* ___FILEBASENAME___.h */ = {isa = PBXFileReference; fileEncoding = 4; lastKnownFileType = sourcecode.c.h; path = "___FILEBASENAME___.h"; sourceTree = "<group>"; };
		8B02E2351C1ED580005CE6D2 /* ___FILEBASENAME___.m */ = {isa = PBXFileReference; fileEncoding = 4; lastKnownFileType = sourcecode.c.objc; path = "___FILEBASENAME___.m"; sourceTree = "<group>"; };
		8B02E2371C1ED580005CE6D2 /* ___FILEBASENAME___.swift */ = {isa = PBXFileReference; fileEncoding = 4; lastKnownFileType = sourcecode.swift; path = "___FILEBASENAME___.swift"; sourceTree = "<group>"; };
		8B05B57E1BF5A32E00F37998 /* Carbon.framework */ = {isa = PBXFileReference; lastKnownFileType = wrapper.framework; name = Carbon.framework; path = System/Library/Frameworks/Carbon.framework; sourceTree = SDKROOT; };
		8B2BC61D1C4C867C002B4181 /* logo.pdf */ = {isa = PBXFileReference; lastKnownFileType = image.pdf; path = logo.pdf; sourceTree = "<group>"; };
		8B4C00801BF7852300A77AD9 /* PTHotKey.framework */ = {isa = PBXFileReference; lastKnownFileType = wrapper.framework; name = PTHotKey.framework; path = "../../../Library/Developer/Xcode/DerivedData/QYXcodePlugIn-hjbnfeaqaloqdidevqlvfdkprpws/Build/Products/Release/PTHotKey.framework"; sourceTree = "<group>"; };
		8B4C00811BF7852300A77AD9 /* ShortcutRecorder.framework */ = {isa = PBXFileReference; lastKnownFileType = wrapper.framework; name = ShortcutRecorder.framework; path = "../../../Library/Developer/Xcode/DerivedData/QYXcodePlugIn-hjbnfeaqaloqdidevqlvfdkprpws/Build/Products/Release/ShortcutRecorder.framework"; sourceTree = "<group>"; };
		8B60ADA41BABB7F100672762 /* QYXcodePlugIn.xcplugin */ = {isa = PBXFileReference; explicitFileType = wrapper.cfbundle; includeInIndex = 0; path = QYXcodePlugIn.xcplugin; sourceTree = BUILT_PRODUCTS_DIR; };
		8B60ADA71BABB7F100672762 /* AppKit.framework */ = {isa = PBXFileReference; lastKnownFileType = wrapper.framework; name = AppKit.framework; path = /System/Library/Frameworks/AppKit.framework; sourceTree = "<absolute>"; };
		8B60ADA91BABB7F100672762 /* Foundation.framework */ = {isa = PBXFileReference; lastKnownFileType = wrapper.framework; name = Foundation.framework; path = /System/Library/Frameworks/Foundation.framework; sourceTree = "<absolute>"; };
		8B60ADAD1BABB7F100672762 /* Info.plist */ = {isa = PBXFileReference; lastKnownFileType = text.plist.xml; path = Info.plist; sourceTree = "<group>"; };
		8B60ADAE1BABB7F100672762 /* QYXcodePlugIn.xcscheme */ = {isa = PBXFileReference; lastKnownFileType = text.xml; name = QYXcodePlugIn.xcscheme; path = QYXcodePlugIn.xcodeproj/xcshareddata/xcschemes/QYXcodePlugIn.xcscheme; sourceTree = SOURCE_ROOT; };
		8B60AE281BABCEBB00672762 /* Cocoa.framework */ = {isa = PBXFileReference; lastKnownFileType = wrapper.framework; name = Cocoa.framework; path = System/Library/Frameworks/Cocoa.framework; sourceTree = SDKROOT; };
		8B8D837A1BF5B9EC0016A838 /* QYXcodePlugIn.pch */ = {isa = PBXFileReference; lastKnownFileType = sourcecode.c.h; path = QYXcodePlugIn.pch; sourceTree = "<group>"; };
		8B9C6BD71BB1247700242629 /* setupHelper.sh */ = {isa = PBXFileReference; fileEncoding = 4; lastKnownFileType = text.script.sh; path = setupHelper.sh; sourceTree = "<group>"; };
		8B9C6C511BB129ED00242629 /* QYXcodePlugIn.h */ = {isa = PBXFileReference; fileEncoding = 4; lastKnownFileType = sourcecode.c.h; name = QYXcodePlugIn.h; path = Main/QYXcodePlugIn.h; sourceTree = "<group>"; };
		8B9C6C521BB129ED00242629 /* QYXcodePlugIn.m */ = {isa = PBXFileReference; fileEncoding = 4; lastKnownFileType = sourcecode.c.objc; name = QYXcodePlugIn.m; path = Main/QYXcodePlugIn.m; sourceTree = "<group>"; };
		8B9ED1EB1C337D900072CCE2 /* LAFIDESourceCodeEditor.h */ = {isa = PBXFileReference; fileEncoding = 4; lastKnownFileType = sourcecode.c.h; path = LAFIDESourceCodeEditor.h; sourceTree = "<group>"; };
		8B9ED1EC1C337D900072CCE2 /* LAFIDESourceCodeEditor.m */ = {isa = PBXFileReference; fileEncoding = 4; lastKnownFileType = sourcecode.c.objc; path = LAFIDESourceCodeEditor.m; sourceTree = "<group>"; };
		8BA8522F1BF7879600EE9398 /* DVTSourceTextStorage+Operations.h */ = {isa = PBXFileReference; fileEncoding = 4; lastKnownFileType = sourcecode.c.h; path = "DVTSourceTextStorage+Operations.h"; sourceTree = "<group>"; };
		8BA852301BF7879600EE9398 /* DVTSourceTextStorage+Operations.m */ = {isa = PBXFileReference; fileEncoding = 4; lastKnownFileType = sourcecode.c.objc; path = "DVTSourceTextStorage+Operations.m"; sourceTree = "<group>"; };
		8BA852311BF7879600EE9398 /* NSArray+Operations.h */ = {isa = PBXFileReference; fileEncoding = 4; lastKnownFileType = sourcecode.c.h; path = "NSArray+Operations.h"; sourceTree = "<group>"; };
		8BA852321BF7879600EE9398 /* NSArray+Operations.m */ = {isa = PBXFileReference; fileEncoding = 4; lastKnownFileType = sourcecode.c.objc; path = "NSArray+Operations.m"; sourceTree = "<group>"; };
		8BA852331BF7879600EE9398 /* NSFileManager+Headers.h */ = {isa = PBXFileReference; fileEncoding = 4; lastKnownFileType = sourcecode.c.h; path = "NSFileManager+Headers.h"; sourceTree = "<group>"; };
		8BA852341BF7879600EE9398 /* NSFileManager+Headers.m */ = {isa = PBXFileReference; fileEncoding = 4; lastKnownFileType = sourcecode.c.objc; path = "NSFileManager+Headers.m"; sourceTree = "<group>"; };
		8BA852351BF7879600EE9398 /* NSMutableIndexSet+NSArray.h */ = {isa = PBXFileReference; fileEncoding = 4; lastKnownFileType = sourcecode.c.h; path = "NSMutableIndexSet+NSArray.h"; sourceTree = "<group>"; };
		8BA852361BF7879600EE9398 /* NSMutableIndexSet+NSArray.m */ = {isa = PBXFileReference; fileEncoding = 4; lastKnownFileType = sourcecode.c.objc; path = "NSMutableIndexSet+NSArray.m"; sourceTree = "<group>"; };
		8BA852371BF7879600EE9398 /* NSObject+MHLogMethods.h */ = {isa = PBXFileReference; fileEncoding = 4; lastKnownFileType = sourcecode.c.h; path = "NSObject+MHLogMethods.h"; sourceTree = "<group>"; };
		8BA852381BF7879600EE9398 /* NSObject+MHLogMethods.m */ = {isa = PBXFileReference; fileEncoding = 4; lastKnownFileType = sourcecode.c.objc; path = "NSObject+MHLogMethods.m"; sourceTree = "<group>"; };
		8BA852391BF7879600EE9398 /* NSString+Extensions.h */ = {isa = PBXFileReference; fileEncoding = 4; lastKnownFileType = sourcecode.c.h; path = "NSString+Extensions.h"; sourceTree = "<group>"; };
		8BA8523A1BF7879600EE9398 /* NSString+Extensions.m */ = {isa = PBXFileReference; fileEncoding = 4; lastKnownFileType = sourcecode.c.objc; path = "NSString+Extensions.m"; sourceTree = "<group>"; };
		8BA8523B1BF7879600EE9398 /* NSString+Files.h */ = {isa = PBXFileReference; fileEncoding = 4; lastKnownFileType = sourcecode.c.h; path = "NSString+Files.h"; sourceTree = "<group>"; };
		8BA8523C1BF7879600EE9398 /* NSString+Files.m */ = {isa = PBXFileReference; fileEncoding = 4; lastKnownFileType = sourcecode.c.objc; path = "NSString+Files.m"; sourceTree = "<group>"; };
		8BA8523D1BF7879600EE9398 /* NSString+MHNSRange.h */ = {isa = PBXFileReference; fileEncoding = 4; lastKnownFileType = sourcecode.c.h; path = "NSString+MHNSRange.h"; sourceTree = "<group>"; };
		8BA8523E1BF7879600EE9398 /* NSString+MHNSRange.m */ = {isa = PBXFileReference; fileEncoding = 4; lastKnownFileType = sourcecode.c.objc; path = "NSString+MHNSRange.m"; sourceTree = "<group>"; };
		8BA8523F1BF7879600EE9398 /* NSTextView+Operations.h */ = {isa = PBXFileReference; fileEncoding = 4; lastKnownFileType = sourcecode.c.h; path = "NSTextView+Operations.h"; sourceTree = "<group>"; };
		8BA852401BF7879600EE9398 /* NSTextView+Operations.m */ = {isa = PBXFileReference; fileEncoding = 4; lastKnownFileType = sourcecode.c.objc; path = "NSTextView+Operations.m"; sourceTree = "<group>"; };
		8BA852411BF7879600EE9398 /* NSView+Dumping.h */ = {isa = PBXFileReference; fileEncoding = 4; lastKnownFileType = sourcecode.c.h; path = "NSView+Dumping.h"; sourceTree = "<group>"; };
		8BA852421BF7879600EE9398 /* NSView+Dumping.m */ = {isa = PBXFileReference; fileEncoding = 4; lastKnownFileType = sourcecode.c.objc; path = "NSView+Dumping.m"; sourceTree = "<group>"; };
		8BA852431BF7879600EE9398 /* XCSourceFile+Path.h */ = {isa = PBXFileReference; fileEncoding = 4; lastKnownFileType = sourcecode.c.h; path = "XCSourceFile+Path.h"; sourceTree = "<group>"; };
		8BA852441BF7879600EE9398 /* XCSourceFile+Path.m */ = {isa = PBXFileReference; fileEncoding = 4; lastKnownFileType = sourcecode.c.objc; path = "XCSourceFile+Path.m"; sourceTree = "<group>"; };
		8BA852471BF7879600EE9398 /* MHXcodeDocumentNavigator.h */ = {isa = PBXFileReference; fileEncoding = 4; lastKnownFileType = sourcecode.c.h; path = MHXcodeDocumentNavigator.h; sourceTree = "<group>"; };
		8BA852481BF7879600EE9398 /* MHXcodeDocumentNavigator.m */ = {isa = PBXFileReference; fileEncoding = 4; lastKnownFileType = sourcecode.c.objc; path = MHXcodeDocumentNavigator.m; sourceTree = "<group>"; };
		8BA852491BF7879600EE9398 /* XCFXcodePrivate.h */ = {isa = PBXFileReference; fileEncoding = 4; lastKnownFileType = sourcecode.c.h; path = XCFXcodePrivate.h; sourceTree = "<group>"; };
		8BA8524C1BF7879600EE9398 /* NSString+XCAdditions.h */ = {isa = PBXFileReference; fileEncoding = 4; lastKnownFileType = sourcecode.c.h; path = "NSString+XCAdditions.h"; sourceTree = "<group>"; };
		8BA8524D1BF7879600EE9398 /* NSString+XCAdditions.m */ = {isa = PBXFileReference; fileEncoding = 4; lastKnownFileType = sourcecode.c.objc; path = "NSString+XCAdditions.m"; sourceTree = "<group>"; };
		8BA8524E1BF7879600EE9398 /* XCProject+Extensions.h */ = {isa = PBXFileReference; fileEncoding = 4; lastKnownFileType = sourcecode.c.h; path = "XCProject+Extensions.h"; sourceTree = "<group>"; };
		8BA8524F1BF7879600EE9398 /* XCProject+Extensions.m */ = {isa = PBXFileReference; fileEncoding = 4; lastKnownFileType = sourcecode.c.objc; path = "XCProject+Extensions.m"; sourceTree = "<group>"; };
		8BA852501BF7879600EE9398 /* XCTarget+XCProject.h */ = {isa = PBXFileReference; fileEncoding = 4; lastKnownFileType = sourcecode.c.h; path = "XCTarget+XCProject.h"; sourceTree = "<group>"; };
		8BA852511BF7879600EE9398 /* XCTarget+XCProject.m */ = {isa = PBXFileReference; fileEncoding = 4; lastKnownFileType = sourcecode.c.objc; path = "XCTarget+XCProject.m"; sourceTree = "<group>"; };
		8BA852521BF7879600EE9398 /* XCBuildSettings.h */ = {isa = PBXFileReference; fileEncoding = 4; lastKnownFileType = sourcecode.c.h; path = XCBuildSettings.h; sourceTree = "<group>"; };
		8BA852531BF7879600EE9398 /* XCBuildSettings.m */ = {isa = PBXFileReference; fileEncoding = 4; lastKnownFileType = sourcecode.c.objc; path = XCBuildSettings.m; sourceTree = "<group>"; };
		8BA852541BF7879600EE9398 /* XCWorkspace.h */ = {isa = PBXFileReference; fileEncoding = 4; lastKnownFileType = sourcecode.c.h; path = XCWorkspace.h; sourceTree = "<group>"; };
		8BA852551BF7879600EE9398 /* XCWorkspace.m */ = {isa = PBXFileReference; fileEncoding = 4; lastKnownFileType = sourcecode.c.objc; path = XCWorkspace.m; sourceTree = "<group>"; };
		8BA852571BF7879600EE9398 /* XCAbstractDefinition.h */ = {isa = PBXFileReference; fileEncoding = 4; lastKnownFileType = sourcecode.c.h; path = XCAbstractDefinition.h; sourceTree = "<group>"; };
		8BA852581BF7879600EE9398 /* XCAbstractDefinition.m */ = {isa = PBXFileReference; fileEncoding = 4; lastKnownFileType = sourcecode.c.objc; path = XCAbstractDefinition.m; sourceTree = "<group>"; };
		8BA852591BF7879600EE9398 /* XCClassDefinition.h */ = {isa = PBXFileReference; fileEncoding = 4; lastKnownFileType = sourcecode.c.h; path = XCClassDefinition.h; sourceTree = "<group>"; };
		8BA8525A1BF7879600EE9398 /* XCClassDefinition.m */ = {isa = PBXFileReference; fileEncoding = 4; lastKnownFileType = sourcecode.c.objc; path = XCClassDefinition.m; sourceTree = "<group>"; };
		8BA8525B1BF7879600EE9398 /* XCFileOperationQueue.h */ = {isa = PBXFileReference; fileEncoding = 4; lastKnownFileType = sourcecode.c.h; path = XCFileOperationQueue.h; sourceTree = "<group>"; };
		8BA8525C1BF7879600EE9398 /* XCFileOperationQueue.m */ = {isa = PBXFileReference; fileEncoding = 4; lastKnownFileType = sourcecode.c.objc; path = XCFileOperationQueue.m; sourceTree = "<group>"; };
		8BA8525D1BF7879600EE9398 /* XCFrameworkDefinition.h */ = {isa = PBXFileReference; fileEncoding = 4; lastKnownFileType = sourcecode.c.h; path = XCFrameworkDefinition.h; sourceTree = "<group>"; };
		8BA8525E1BF7879600EE9398 /* XCFrameworkDefinition.m */ = {isa = PBXFileReference; fileEncoding = 4; lastKnownFileType = sourcecode.c.objc; path = XCFrameworkDefinition.m; sourceTree = "<group>"; };
		8BA8525F1BF7879600EE9398 /* XCGroup.h */ = {isa = PBXFileReference; fileEncoding = 4; lastKnownFileType = sourcecode.c.h; path = XCGroup.h; sourceTree = "<group>"; };
		8BA852601BF7879600EE9398 /* XCGroup.m */ = {isa = PBXFileReference; fileEncoding = 4; lastKnownFileType = sourcecode.c.objc; path = XCGroup.m; sourceTree = "<group>"; };
		8BA852611BF7879600EE9398 /* XCKeyBuilder.h */ = {isa = PBXFileReference; fileEncoding = 4; lastKnownFileType = sourcecode.c.h; path = XCKeyBuilder.h; sourceTree = "<group>"; };
		8BA852621BF7879600EE9398 /* XCKeyBuilder.m */ = {isa = PBXFileReference; fileEncoding = 4; lastKnownFileType = sourcecode.c.objc; path = XCKeyBuilder.m; sourceTree = "<group>"; };
		8BA852631BF7879600EE9398 /* XcodeEditor.h */ = {isa = PBXFileReference; fileEncoding = 4; lastKnownFileType = sourcecode.c.h; path = XcodeEditor.h; sourceTree = "<group>"; };
		8BA852641BF7879600EE9398 /* XcodeGroupMember.h */ = {isa = PBXFileReference; fileEncoding = 4; lastKnownFileType = sourcecode.c.h; path = XcodeGroupMember.h; sourceTree = "<group>"; };
		8BA852651BF7879600EE9398 /* XcodeMemberType.h */ = {isa = PBXFileReference; fileEncoding = 4; lastKnownFileType = sourcecode.c.h; path = XcodeMemberType.h; sourceTree = "<group>"; };
		8BA852661BF7879600EE9398 /* XcodeMemberType.m */ = {isa = PBXFileReference; fileEncoding = 4; lastKnownFileType = sourcecode.c.objc; path = XcodeMemberType.m; sourceTree = "<group>"; };
		8BA852671BF7879600EE9398 /* XcodeSourceFileType.h */ = {isa = PBXFileReference; fileEncoding = 4; lastKnownFileType = sourcecode.c.h; path = XcodeSourceFileType.h; sourceTree = "<group>"; };
		8BA852681BF7879600EE9398 /* XcodeSourceFileType.m */ = {isa = PBXFileReference; fileEncoding = 4; lastKnownFileType = sourcecode.c.objc; path = XcodeSourceFileType.m; sourceTree = "<group>"; };
		8BA852691BF7879600EE9398 /* XCProject+SubProject.h */ = {isa = PBXFileReference; fileEncoding = 4; lastKnownFileType = sourcecode.c.h; path = "XCProject+SubProject.h"; sourceTree = "<group>"; };
		8BA8526A1BF7879600EE9398 /* XCProject+SubProject.m */ = {isa = PBXFileReference; fileEncoding = 4; lastKnownFileType = sourcecode.c.objc; path = "XCProject+SubProject.m"; sourceTree = "<group>"; };
		8BA8526B1BF7879600EE9398 /* XCProject.h */ = {isa = PBXFileReference; fileEncoding = 4; lastKnownFileType = sourcecode.c.h; path = XCProject.h; sourceTree = "<group>"; };
		8BA8526C1BF7879600EE9398 /* XCProject.m */ = {isa = PBXFileReference; fileEncoding = 4; lastKnownFileType = sourcecode.c.objc; path = XCProject.m; sourceTree = "<group>"; };
		8BA8526D1BF7879600EE9398 /* XCProjectBuildConfig.h */ = {isa = PBXFileReference; fileEncoding = 4; lastKnownFileType = sourcecode.c.h; path = XCProjectBuildConfig.h; sourceTree = "<group>"; };
		8BA8526E1BF7879600EE9398 /* XCProjectBuildConfig.m */ = {isa = PBXFileReference; fileEncoding = 4; lastKnownFileType = sourcecode.c.objc; path = XCProjectBuildConfig.m; sourceTree = "<group>"; };
		8BA8526F1BF7879600EE9398 /* XCSourceFile.h */ = {isa = PBXFileReference; fileEncoding = 4; lastKnownFileType = sourcecode.c.h; path = XCSourceFile.h; sourceTree = "<group>"; };
		8BA852701BF7879600EE9398 /* XCSourceFile.m */ = {isa = PBXFileReference; fileEncoding = 4; lastKnownFileType = sourcecode.c.objc; path = XCSourceFile.m; sourceTree = "<group>"; };
		8BA852711BF7879600EE9398 /* XCSourceFileDefinition.h */ = {isa = PBXFileReference; fileEncoding = 4; lastKnownFileType = sourcecode.c.h; path = XCSourceFileDefinition.h; sourceTree = "<group>"; };
		8BA852721BF7879600EE9398 /* XCSourceFileDefinition.m */ = {isa = PBXFileReference; fileEncoding = 4; lastKnownFileType = sourcecode.c.objc; path = XCSourceFileDefinition.m; sourceTree = "<group>"; };
		8BA852731BF7879600EE9398 /* XCSubProjectDefinition.h */ = {isa = PBXFileReference; fileEncoding = 4; lastKnownFileType = sourcecode.c.h; path = XCSubProjectDefinition.h; sourceTree = "<group>"; };
		8BA852741BF7879600EE9398 /* XCSubProjectDefinition.m */ = {isa = PBXFileReference; fileEncoding = 4; lastKnownFileType = sourcecode.c.objc; path = XCSubProjectDefinition.m; sourceTree = "<group>"; };
		8BA852751BF7879600EE9398 /* XCTarget.h */ = {isa = PBXFileReference; fileEncoding = 4; lastKnownFileType = sourcecode.c.h; path = XCTarget.h; sourceTree = "<group>"; };
		8BA852761BF7879600EE9398 /* XCTarget.m */ = {isa = PBXFileReference; fileEncoding = 4; lastKnownFileType = sourcecode.c.objc; path = XCTarget.m; sourceTree = "<group>"; };
		8BA852771BF7879600EE9398 /* XCXibDefinition.h */ = {isa = PBXFileReference; fileEncoding = 4; lastKnownFileType = sourcecode.c.h; path = XCXibDefinition.h; sourceTree = "<group>"; };
		8BA852781BF7879600EE9398 /* XCXibDefinition.m */ = {isa = PBXFileReference; fileEncoding = 4; lastKnownFileType = sourcecode.c.objc; path = XCXibDefinition.m; sourceTree = "<group>"; };
		8BA8529D1BF7886000EE9398 /* QYIDENotificationHandler.h */ = {isa = PBXFileReference; fileEncoding = 4; lastKnownFileType = sourcecode.c.h; name = QYIDENotificationHandler.h; path = Main/QYIDENotificationHandler.h; sourceTree = "<group>"; };
		8BA8529E1BF7886000EE9398 /* QYIDENotificationHandler.m */ = {isa = PBXFileReference; fileEncoding = 4; lastKnownFileType = sourcecode.c.objc; name = QYIDENotificationHandler.m; path = Main/QYIDENotificationHandler.m; sourceTree = "<group>"; };
		8BA8529F1BF7886000EE9398 /* QYWindowsCloseProtocol.h */ = {isa = PBXFileReference; fileEncoding = 4; lastKnownFileType = sourcecode.c.h; name = QYWindowsCloseProtocol.h; path = Main/QYWindowsCloseProtocol.h; sourceTree = "<group>"; };
		8BA852C01BF78A6700EE9398 /* QYClangFormat.h */ = {isa = PBXFileReference; fileEncoding = 4; lastKnownFileType = sourcecode.c.h; path = QYClangFormat.h; sourceTree = "<group>"; };
		8BA852C11BF78A6700EE9398 /* QYClangFormat.m */ = {isa = PBXFileReference; fileEncoding = 4; lastKnownFileType = sourcecode.c.objc; path = QYClangFormat.m; sourceTree = "<group>"; };
		8BAE7E851C4797E300A505FD /* NSMenu+RegisterMenuItem.h */ = {isa = PBXFileReference; fileEncoding = 4; lastKnownFileType = sourcecode.c.h; name = "NSMenu+RegisterMenuItem.h"; path = "Menus/NSMenu+RegisterMenuItem.h"; sourceTree = "<group>"; };
		8BAE7E861C4797E300A505FD /* NSMenu+RegisterMenuItem.m */ = {isa = PBXFileReference; fileEncoding = 4; lastKnownFileType = sourcecode.c.objc; name = "NSMenu+RegisterMenuItem.m"; path = "Menus/NSMenu+RegisterMenuItem.m"; sourceTree = "<group>"; };
		8BAE7E871C4797E300A505FD /* QYAutoGetterMenuItem.h */ = {isa = PBXFileReference; fileEncoding = 4; lastKnownFileType = sourcecode.c.h; name = QYAutoGetterMenuItem.h; path = Menus/QYAutoGetterMenuItem.h; sourceTree = "<group>"; };
		8BAE7E881C4797E300A505FD /* QYAutoGetterMenuItem.m */ = {isa = PBXFileReference; fileEncoding = 4; lastKnownFileType = sourcecode.c.objc; name = QYAutoGetterMenuItem.m; path = Menus/QYAutoGetterMenuItem.m; sourceTree = "<group>"; };
		8BAE7E891C4797E300A505FD /* QYMenuBaseItem.h */ = {isa = PBXFileReference; fileEncoding = 4; lastKnownFileType = sourcecode.c.h; name = QYMenuBaseItem.h; path = Menus/QYMenuBaseItem.h; sourceTree = "<group>"; };
		8BAE7E8A1C4797E300A505FD /* QYMenuBaseItem.m */ = {isa = PBXFileReference; fileEncoding = 4; lastKnownFileType = sourcecode.c.objc; name = QYMenuBaseItem.m; path = Menus/QYMenuBaseItem.m; sourceTree = "<group>"; };
		8BAE7E8B1C4797E300A505FD /* QYPreferencesMenuItem.h */ = {isa = PBXFileReference; fileEncoding = 4; lastKnownFileType = sourcecode.c.h; name = QYPreferencesMenuItem.h; path = Menus/QYPreferencesMenuItem.h; sourceTree = "<group>"; };
		8BAE7E8C1C4797E300A505FD /* QYPreferencesMenuItem.m */ = {isa = PBXFileReference; fileEncoding = 4; lastKnownFileType = sourcecode.c.objc; name = QYPreferencesMenuItem.m; path = Menus/QYPreferencesMenuItem.m; sourceTree = "<group>"; };
		8BAE7E8D1C4797E300A505FD /* QYRequestVerifiMenuItem.h */ = {isa = PBXFileReference; fileEncoding = 4; lastKnownFileType = sourcecode.c.h; name = QYRequestVerifiMenuItem.h; path = Menus/QYRequestVerifiMenuItem.h; sourceTree = "<group>"; };
		8BAE7E8E1C4797E300A505FD /* QYRequestVerifiMenuItem.m */ = {isa = PBXFileReference; fileEncoding = 4; lastKnownFileType = sourcecode.c.objc; name = QYRequestVerifiMenuItem.m; path = Menus/QYRequestVerifiMenuItem.m; sourceTree = "<group>"; };
		8BAE7E971C47980200A505FD /* QYCategoryAutoGetterSetterAchieve.h */ = {isa = PBXFileReference; fileEncoding = 4; lastKnownFileType = sourcecode.c.h; path = QYCategoryAutoGetterSetterAchieve.h; sourceTree = "<group>"; };
		8BAE7E981C47980200A505FD /* QYCategoryAutoGetterSetterAchieve.m */ = {isa = PBXFileReference; fileEncoding = 4; lastKnownFileType = sourcecode.c.objc; path = QYCategoryAutoGetterSetterAchieve.m; sourceTree = "<group>"; };
		8BAE7E991C47980200A505FD /* QYAutoGetterAchieve.h */ = {isa = PBXFileReference; fileEncoding = 4; lastKnownFileType = sourcecode.c.h; path = QYAutoGetterAchieve.h; sourceTree = "<group>"; };
		8BAE7E9A1C47980200A505FD /* QYAutoGetterAchieve.m */ = {isa = PBXFileReference; fileEncoding = 4; lastKnownFileType = sourcecode.c.objc; path = QYAutoGetterAchieve.m; sourceTree = "<group>"; };
		8BAE7E9C1C47980200A505FD /* QYPreferencesController.h */ = {isa = PBXFileReference; fileEncoding = 4; lastKnownFileType = sourcecode.c.h; path = QYPreferencesController.h; sourceTree = "<group>"; };
		8BAE7E9D1C47980200A505FD /* QYPreferencesController.m */ = {isa = PBXFileReference; fileEncoding = 4; lastKnownFileType = sourcecode.c.objc; path = QYPreferencesController.m; sourceTree = "<group>"; };
		8BAE7E9E1C47980200A505FD /* QYShortcutRecorderController.h */ = {isa = PBXFileReference; fileEncoding = 4; lastKnownFileType = sourcecode.c.h; path = QYShortcutRecorderController.h; sourceTree = "<group>"; };
		8BAE7E9F1C47980200A505FD /* QYShortcutRecorderController.m */ = {isa = PBXFileReference; fileEncoding = 4; lastKnownFileType = sourcecode.c.objc; path = QYShortcutRecorderController.m; sourceTree = "<group>"; };
		8BAE7EA11C47980200A505FD /* QYRequestVerifyController.h */ = {isa = PBXFileReference; fileEncoding = 4; lastKnownFileType = sourcecode.c.h; path = QYRequestVerifyController.h; sourceTree = "<group>"; };
		8BAE7EA21C47980200A505FD /* QYRequestVerifyController.m */ = {isa = PBXFileReference; fileEncoding = 4; lastKnownFileType = sourcecode.c.objc; path = QYRequestVerifyController.m; sourceTree = "<group>"; };
		8BAE7EA41C47980200A505FD /* QYPreferencesController.xib */ = {isa = PBXFileReference; fileEncoding = 4; lastKnownFileType = file.xib; path = QYPreferencesController.xib; sourceTree = "<group>"; };
		8BAE7EA51C47980200A505FD /* QYRequestVerifyController.xib */ = {isa = PBXFileReference; fileEncoding = 4; lastKnownFileType = file.xib; path = QYRequestVerifyController.xib; sourceTree = "<group>"; };
		8BAE7EA61C47980200A505FD /* QYShortcutRecorderController.xib */ = {isa = PBXFileReference; fileEncoding = 4; lastKnownFileType = file.xib; path = QYShortcutRecorderController.xib; sourceTree = "<group>"; };
		8BAE7EAF1C47984100A505FD /* NSObject+MagicClearCatalogFilter.h */ = {isa = PBXFileReference; fileEncoding = 4; lastKnownFileType = sourcecode.c.h; name = "NSObject+MagicClearCatalogFilter.h"; path = "Magic/NSObject+MagicClearCatalogFilter.h"; sourceTree = "<group>"; };
		8BAE7EB01C47984100A505FD /* NSObject+MagicClearCatalogFilter.m */ = {isa = PBXFileReference; fileEncoding = 4; lastKnownFileType = sourcecode.c.objc; name = "NSObject+MagicClearCatalogFilter.m"; path = "Magic/NSObject+MagicClearCatalogFilter.m"; sourceTree = "<group>"; };
		8BAE7EB11C47984100A505FD /* NSObject+MagicDVTBezelAlertPanel.h */ = {isa = PBXFileReference; fileEncoding = 4; lastKnownFileType = sourcecode.c.h; name = "NSObject+MagicDVTBezelAlertPanel.h"; path = "Magic/NSObject+MagicDVTBezelAlertPanel.h"; sourceTree = "<group>"; };
		8BAE7EB21C47984100A505FD /* NSObject+MagicDVTBezelAlertPanel.m */ = {isa = PBXFileReference; fileEncoding = 4; lastKnownFileType = sourcecode.c.objc; name = "NSObject+MagicDVTBezelAlertPanel.m"; path = "Magic/NSObject+MagicDVTBezelAlertPanel.m"; sourceTree = "<group>"; };
		8BAE7EB51C47984100A505FD /* NSObject+MethodSwizzler.h */ = {isa = PBXFileReference; fileEncoding = 4; lastKnownFileType = sourcecode.c.h; name = "NSObject+MethodSwizzler.h"; path = "Magic/NSObject+MethodSwizzler.h"; sourceTree = "<group>"; };
		8BAE7EB61C47984100A505FD /* NSObject+MethodSwizzler.m */ = {isa = PBXFileReference; fileEncoding = 4; lastKnownFileType = sourcecode.c.objc; name = "NSObject+MethodSwizzler.m"; path = "Magic/NSObject+MethodSwizzler.m"; sourceTree = "<group>"; };
		8BAE7EBC1C4798E700A505FD /* QYPreferencesModel.h */ = {isa = PBXFileReference; fileEncoding = 4; lastKnownFileType = sourcecode.c.h; name = QYPreferencesModel.h; path = Model/QYPreferencesModel.h; sourceTree = "<group>"; };
		8BAE7EBD1C4798E700A505FD /* QYPreferencesModel.m */ = {isa = PBXFileReference; fileEncoding = 4; lastKnownFileType = sourcecode.c.objc; name = QYPreferencesModel.m; path = Model/QYPreferencesModel.m; sourceTree = "<group>"; };
		8BAE7EBF1C47997C00A505FD /* PMKPromise+Until.m */ = {isa = PBXFileReference; fileEncoding = 4; lastKnownFileType = sourcecode.c.objc; name = "PMKPromise+Until.m"; path = "PromiseCore/PMKPromise+Until.m"; sourceTree = "<group>"; };
		8BAE7EC01C47997C00A505FD /* PMKPromise+When.m */ = {isa = PBXFileReference; fileEncoding = 4; lastKnownFileType = sourcecode.c.objc; name = "PMKPromise+When.m"; path = "PromiseCore/PMKPromise+When.m"; sourceTree = "<group>"; };
		8BAE7EC11C47997C00A505FD /* Promise+Until.h */ = {isa = PBXFileReference; fileEncoding = 4; lastKnownFileType = sourcecode.c.h; name = "Promise+Until.h"; path = "PromiseCore/Promise+Until.h"; sourceTree = "<group>"; };
		8BAE7EC21C47997C00A505FD /* Promise+When.h */ = {isa = PBXFileReference; fileEncoding = 4; lastKnownFileType = sourcecode.c.h; name = "Promise+When.h"; path = "PromiseCore/Promise+When.h"; sourceTree = "<group>"; };
		8BD1B26C1C21604600FA02BC /* fwd.h */ = {isa = PBXFileReference; fileEncoding = 4; lastKnownFileType = sourcecode.c.h; name = fwd.h; path = PromiseCore/fwd.h; sourceTree = "<group>"; };
		8BD1B26E1C21604600FA02BC /* PMKPromise.m */ = {isa = PBXFileReference; fileEncoding = 4; lastKnownFileType = sourcecode.c.objc; name = PMKPromise.m; path = PromiseCore/PMKPromise.m; sourceTree = "<group>"; };
		8BD1B26F1C21604600FA02BC /* Promise.h */ = {isa = PBXFileReference; fileEncoding = 4; lastKnownFileType = sourcecode.c.h; name = Promise.h; path = PromiseCore/Promise.h; sourceTree = "<group>"; };
		8BD1B2701C21604600FA02BC /* PromiseKit.h */ = {isa = PBXFileReference; fileEncoding = 4; lastKnownFileType = sourcecode.c.h; name = PromiseKit.h; path = PromiseCore/PromiseKit.h; sourceTree = "<group>"; };
		8BF5F6551BFDB14E00F4A4AD /* ___FILEBASENAME___.h */ = {isa = PBXFileReference; fileEncoding = 4; lastKnownFileType = sourcecode.c.h; path = "___FILEBASENAME___.h"; sourceTree = "<group>"; };
		8BF5F6561BFDB14E00F4A4AD /* ___FILEBASENAME___.m */ = {isa = PBXFileReference; fileEncoding = 4; lastKnownFileType = sourcecode.c.objc; path = "___FILEBASENAME___.m"; sourceTree = "<group>"; };
		8BF5F6581BFDB14E00F4A4AD /* ___FILEBASENAME___.swift */ = {isa = PBXFileReference; fileEncoding = 4; lastKnownFileType = sourcecode.swift; path = "___FILEBASENAME___.swift"; sourceTree = "<group>"; };
		8BF5F65A1BFDB14E00F4A4AD /* ___FILEBASENAME___.h */ = {isa = PBXFileReference; fileEncoding = 4; lastKnownFileType = sourcecode.c.h; path = "___FILEBASENAME___.h"; sourceTree = "<group>"; };
		8BF5F65B1BFDB14E00F4A4AD /* ___FILEBASENAME___.m */ = {isa = PBXFileReference; fileEncoding = 4; lastKnownFileType = sourcecode.c.objc; path = "___FILEBASENAME___.m"; sourceTree = "<group>"; };
		8BF5F65D1BFDB14E00F4A4AD /* ___FILEBASENAME___.swift */ = {isa = PBXFileReference; fileEncoding = 4; lastKnownFileType = sourcecode.swift; path = "___FILEBASENAME___.swift"; sourceTree = "<group>"; };
		8BF5F65F1BFDB14E00F4A4AD /* ___FILEBASENAME___.h */ = {isa = PBXFileReference; fileEncoding = 4; lastKnownFileType = sourcecode.c.h; path = "___FILEBASENAME___.h"; sourceTree = "<group>"; };
		8BF5F6601BFDB14E00F4A4AD /* ___FILEBASENAME___.m */ = {isa = PBXFileReference; fileEncoding = 4; lastKnownFileType = sourcecode.c.objc; path = "___FILEBASENAME___.m"; sourceTree = "<group>"; };
		8BF5F6621BFDB14E00F4A4AD /* ___FILEBASENAME___.h */ = {isa = PBXFileReference; fileEncoding = 4; lastKnownFileType = sourcecode.c.h; path = "___FILEBASENAME___.h"; sourceTree = "<group>"; };
		8BF5F6631BFDB14E00F4A4AD /* ___FILEBASENAME___.m */ = {isa = PBXFileReference; fileEncoding = 4; lastKnownFileType = sourcecode.c.objc; path = "___FILEBASENAME___.m"; sourceTree = "<group>"; };
		8BF5F6651BFDB14E00F4A4AD /* ___FILEBASENAME___.swift */ = {isa = PBXFileReference; fileEncoding = 4; lastKnownFileType = sourcecode.swift; path = "___FILEBASENAME___.swift"; sourceTree = "<group>"; };
		8BF5F6671BFDB14E00F4A4AD /* ___FILEBASENAME___.swift */ = {isa = PBXFileReference; fileEncoding = 4; lastKnownFileType = sourcecode.swift; path = "___FILEBASENAME___.swift"; sourceTree = "<group>"; };
		8BF5F6681BFDB14E00F4A4AD /* TemplateIcon.png */ = {isa = PBXFileReference; lastKnownFileType = image.png; path = TemplateIcon.png; sourceTree = "<group>"; };
		8BF5F6691BFDB14E00F4A4AD /* TemplateIcon@2x.png */ = {isa = PBXFileReference; lastKnownFileType = image.png; path = "TemplateIcon@2x.png"; sourceTree = "<group>"; };
		8BF5F66A1BFDB14E00F4A4AD /* TemplateInfo.plist */ = {isa = PBXFileReference; fileEncoding = 4; lastKnownFileType = text.plist.xml; path = TemplateInfo.plist; sourceTree = "<group>"; };
		8BF5F66C1BFDB14E00F4A4AD /* ___FILEBASENAME___.h */ = {isa = PBXFileReference; fileEncoding = 4; lastKnownFileType = sourcecode.c.h; path = "___FILEBASENAME___.h"; sourceTree = "<group>"; };
		8BF5F66D1BFDB14E00F4A4AD /* ___FILEBASENAME___.m */ = {isa = PBXFileReference; fileEncoding = 4; lastKnownFileType = sourcecode.c.objc; path = "___FILEBASENAME___.m"; sourceTree = "<group>"; };
		8BF5F66F1BFDB14E00F4A4AD /* ___FILEBASENAME___.swift */ = {isa = PBXFileReference; fileEncoding = 4; lastKnownFileType = sourcecode.swift; path = "___FILEBASENAME___.swift"; sourceTree = "<group>"; };
		8BF5F6711BFDB14E00F4A4AD /* ___FILEBASENAME___.h */ = {isa = PBXFileReference; fileEncoding = 4; lastKnownFileType = sourcecode.c.h; path = "___FILEBASENAME___.h"; sourceTree = "<group>"; };
		8BF5F6721BFDB14E00F4A4AD /* ___FILEBASENAME___.m */ = {isa = PBXFileReference; fileEncoding = 4; lastKnownFileType = sourcecode.c.objc; path = "___FILEBASENAME___.m"; sourceTree = "<group>"; };
		8BF5F6741BFDB14E00F4A4AD /* ___FILEBASENAME___.swift */ = {isa = PBXFileReference; fileEncoding = 4; lastKnownFileType = sourcecode.swift; path = "___FILEBASENAME___.swift"; sourceTree = "<group>"; };
		8BF5F6761BFDB14E00F4A4AD /* ___FILEBASENAME___.h */ = {isa = PBXFileReference; fileEncoding = 4; lastKnownFileType = sourcecode.c.h; path = "___FILEBASENAME___.h"; sourceTree = "<group>"; };
		8BF5F6771BFDB14E00F4A4AD /* ___FILEBASENAME___.m */ = {isa = PBXFileReference; fileEncoding = 4; lastKnownFileType = sourcecode.c.objc; path = "___FILEBASENAME___.m"; sourceTree = "<group>"; };
		8BF5F6791BFDB14E00F4A4AD /* ___FILEBASENAME___.swift */ = {isa = PBXFileReference; fileEncoding = 4; lastKnownFileType = sourcecode.swift; path = "___FILEBASENAME___.swift"; sourceTree = "<group>"; };
/* End PBXFileReference section */

/* Begin PBXFrameworksBuildPhase section */
		8B60ADA21BABB7F100672762 /* Frameworks */ = {
			isa = PBXFrameworksBuildPhase;
			buildActionMask = 2147483647;
			files = (
				8B4C00821BF7852300A77AD9 /* PTHotKey.framework in Frameworks */,
				8B4C00831BF7852300A77AD9 /* ShortcutRecorder.framework in Frameworks */,
				8B05B57F1BF5A32E00F37998 /* Carbon.framework in Frameworks */,
				8B60AE291BABCEBB00672762 /* Cocoa.framework in Frameworks */,
				8B60ADA81BABB7F100672762 /* AppKit.framework in Frameworks */,
				8B60ADAA1BABB7F100672762 /* Foundation.framework in Frameworks */,
			);
			runOnlyForDeploymentPostprocessing = 0;
		};
/* End PBXFrameworksBuildPhase section */

/* Begin PBXGroup section */
		8B02E2291C1ED4A1005CE6D2 /* NSObjectDelegateUITableViewDelegateObjective-C */ = {
			isa = PBXGroup;
			children = (
				8B02E22A1C1ED4A1005CE6D2 /* ___FILEBASENAME___.h */,
				8B02E22B1C1ED4A1005CE6D2 /* ___FILEBASENAME___.m */,
			);
			path = "NSObjectDelegateUITableViewDelegateObjective-C";
			sourceTree = "<group>";
		};
		8B02E22C1C1ED4A1005CE6D2 /* NSObjectDelegateUITableViewDelegateSwift */ = {
			isa = PBXGroup;
			children = (
				8B02E22D1C1ED4A1005CE6D2 /* ___FILEBASENAME___.swift */,
			);
			path = NSObjectDelegateUITableViewDelegateSwift;
			sourceTree = "<group>";
		};
		8B02E2331C1ED580005CE6D2 /* NSObjectDelegateUICollectionViewDelegateObjective-C */ = {
			isa = PBXGroup;
			children = (
				8B02E2341C1ED580005CE6D2 /* ___FILEBASENAME___.h */,
				8B02E2351C1ED580005CE6D2 /* ___FILEBASENAME___.m */,
			);
			path = "NSObjectDelegateUICollectionViewDelegateObjective-C";
			sourceTree = "<group>";
		};
		8B02E2361C1ED580005CE6D2 /* NSObjectDelegateUICollectionViewDelegateSwift */ = {
			isa = PBXGroup;
			children = (
				8B02E2371C1ED580005CE6D2 /* ___FILEBASENAME___.swift */,
			);
			path = NSObjectDelegateUICollectionViewDelegateSwift;
			sourceTree = "<group>";
		};
		8B60AD9B1BABB7F100672762 = {
			isa = PBXGroup;
			children = (
				8B2BC61D1C4C867C002B4181 /* logo.pdf */,
				8B9C6BD71BB1247700242629 /* setupHelper.sh */,
				8B9C6BC41BB1232C00242629 /* CodeSnippets */,
				8B9C6BC31BB1231700242629 /* QYFileTemplate */,
				8B60ADAB1BABB7F100672762 /* QYXcodePlugIn */,
				8B60ADA61BABB7F100672762 /* Frameworks */,
				8B60ADA51BABB7F100672762 /* Products */,
			);
			sourceTree = "<group>";
		};
		8B60ADA51BABB7F100672762 /* Products */ = {
			isa = PBXGroup;
			children = (
				8B60ADA41BABB7F100672762 /* QYXcodePlugIn.xcplugin */,
			);
			name = Products;
			sourceTree = "<group>";
		};
		8B60ADA61BABB7F100672762 /* Frameworks */ = {
			isa = PBXGroup;
			children = (
				8B4C00801BF7852300A77AD9 /* PTHotKey.framework */,
				8B4C00811BF7852300A77AD9 /* ShortcutRecorder.framework */,
				8B05B57E1BF5A32E00F37998 /* Carbon.framework */,
				8B60AE281BABCEBB00672762 /* Cocoa.framework */,
				8B60ADA71BABB7F100672762 /* AppKit.framework */,
				8B60ADA91BABB7F100672762 /* Foundation.framework */,
			);
			name = Frameworks;
			sourceTree = "<group>";
		};
		8B60ADAB1BABB7F100672762 /* QYXcodePlugIn */ = {
			isa = PBXGroup;
			children = (
				8B9ED1EE1C33E72A0072CCE2 /* Magic */,
				8BAE7EBB1C4798AC00A505FD /* Model */,
				8B746C8F1C27BF2900C4A1A4 /* Menus */,
				8BAE7E941C47980200A505FD /* MenusAction */,
				8BAE7EA31C47980200A505FD /* Resources */,
				8B60ADBB1BABB81D00672762 /* Main */,
				8BA8522D1BF7879600EE9398 /* Uitility */,
				8B60ADAC1BABB7F100672762 /* Supporting Files */,
			);
			path = QYXcodePlugIn;
			sourceTree = "<group>";
		};
		8B60ADAC1BABB7F100672762 /* Supporting Files */ = {
			isa = PBXGroup;
			children = (
				8B60ADAD1BABB7F100672762 /* Info.plist */,
				8B60ADAE1BABB7F100672762 /* QYXcodePlugIn.xcscheme */,
				8B8D837A1BF5B9EC0016A838 /* QYXcodePlugIn.pch */,
			);
			name = "Supporting Files";
			sourceTree = "<group>";
		};
		8B60ADBB1BABB81D00672762 /* Main */ = {
			isa = PBXGroup;
			children = (
				8BA8529D1BF7886000EE9398 /* QYIDENotificationHandler.h */,
				8BA8529E1BF7886000EE9398 /* QYIDENotificationHandler.m */,
				8BA8529F1BF7886000EE9398 /* QYWindowsCloseProtocol.h */,
				8B9C6C511BB129ED00242629 /* QYXcodePlugIn.h */,
				8B9C6C521BB129ED00242629 /* QYXcodePlugIn.m */,
			);
			name = Main;
			sourceTree = "<group>";
		};
		8B746C8F1C27BF2900C4A1A4 /* Menus */ = {
			isa = PBXGroup;
			children = (
				8BAE7E851C4797E300A505FD /* NSMenu+RegisterMenuItem.h */,
				8BAE7E861C4797E300A505FD /* NSMenu+RegisterMenuItem.m */,
				8BAE7E891C4797E300A505FD /* QYMenuBaseItem.h */,
				8BAE7E8A1C4797E300A505FD /* QYMenuBaseItem.m */,
				8BAE7E871C4797E300A505FD /* QYAutoGetterMenuItem.h */,
				8BAE7E881C4797E300A505FD /* QYAutoGetterMenuItem.m */,
				8BAE7E8D1C4797E300A505FD /* QYRequestVerifiMenuItem.h */,
				8BAE7E8E1C4797E300A505FD /* QYRequestVerifiMenuItem.m */,
				8BAE7E8B1C4797E300A505FD /* QYPreferencesMenuItem.h */,
				8BAE7E8C1C4797E300A505FD /* QYPreferencesMenuItem.m */,
			);
			name = Menus;
			sourceTree = "<group>";
		};
		8B9C6BC31BB1231700242629 /* QYFileTemplate */ = {
			isa = PBXGroup;
			children = (
				8BF5F6531BFDB14E00F4A4AD /* QYCocoaToouchClass.xctemplate */,
			);
			name = QYFileTemplate;
			sourceTree = "<group>";
		};
		8B9C6BC41BB1232C00242629 /* CodeSnippets */ = {
			isa = PBXGroup;
			children = (
			);
			name = CodeSnippets;
			sourceTree = "<group>";
		};
		8B9ED1EE1C33E72A0072CCE2 /* Magic */ = {
			isa = PBXGroup;
			children = (
				8BAE7EB51C47984100A505FD /* NSObject+MethodSwizzler.h */,
				8BAE7EB61C47984100A505FD /* NSObject+MethodSwizzler.m */,
				8BAE7EAF1C47984100A505FD /* NSObject+MagicClearCatalogFilter.h */,
				8BAE7EB01C47984100A505FD /* NSObject+MagicClearCatalogFilter.m */,
				8BAE7EB11C47984100A505FD /* NSObject+MagicDVTBezelAlertPanel.h */,
				8BAE7EB21C47984100A505FD /* NSObject+MagicDVTBezelAlertPanel.m */,
			);
			name = Magic;
			sourceTree = "<group>";
		};
		8BA8522D1BF7879600EE9398 /* Uitility */ = {
			isa = PBXGroup;
			children = (
				8BD1B2661C215FBB00FA02BC /* Promise */,
				8BA852BF1BF78A6700EE9398 /* ClangFormat */,
				8BA8522E1BF7879600EE9398 /* Categorites */,
				8BA852451BF7879600EE9398 /* External */,
				8BA852561BF7879600EE9398 /* XcodeEditor */,
			);
			path = Uitility;
			sourceTree = "<group>";
		};
		8BA8522E1BF7879600EE9398 /* Categorites */ = {
			isa = PBXGroup;
			children = (
				8BA8522F1BF7879600EE9398 /* DVTSourceTextStorage+Operations.h */,
				8BA852301BF7879600EE9398 /* DVTSourceTextStorage+Operations.m */,
				8BA852311BF7879600EE9398 /* NSArray+Operations.h */,
				8BA852321BF7879600EE9398 /* NSArray+Operations.m */,
				8BA852331BF7879600EE9398 /* NSFileManager+Headers.h */,
				8BA852341BF7879600EE9398 /* NSFileManager+Headers.m */,
				8BA852351BF7879600EE9398 /* NSMutableIndexSet+NSArray.h */,
				8BA852361BF7879600EE9398 /* NSMutableIndexSet+NSArray.m */,
				8BA852371BF7879600EE9398 /* NSObject+MHLogMethods.h */,
				8BA852381BF7879600EE9398 /* NSObject+MHLogMethods.m */,
				8BA852391BF7879600EE9398 /* NSString+Extensions.h */,
				8BA8523A1BF7879600EE9398 /* NSString+Extensions.m */,
				8BA8523B1BF7879600EE9398 /* NSString+Files.h */,
				8BA8523C1BF7879600EE9398 /* NSString+Files.m */,
				8BA8523D1BF7879600EE9398 /* NSString+MHNSRange.h */,
				8BA8523E1BF7879600EE9398 /* NSString+MHNSRange.m */,
				8BA8523F1BF7879600EE9398 /* NSTextView+Operations.h */,
				8BA852401BF7879600EE9398 /* NSTextView+Operations.m */,
				8BA852411BF7879600EE9398 /* NSView+Dumping.h */,
				8BA852421BF7879600EE9398 /* NSView+Dumping.m */,
				8BA852431BF7879600EE9398 /* XCSourceFile+Path.h */,
				8BA852441BF7879600EE9398 /* XCSourceFile+Path.m */,
			);
			path = Categorites;
			sourceTree = "<group>";
		};
		8BA852451BF7879600EE9398 /* External */ = {
			isa = PBXGroup;
			children = (
				8BA852461BF7879600EE9398 /* Benoit */,
				8BA8524A1BF7879600EE9398 /* XcodeEditor */,
			);
			path = External;
			sourceTree = "<group>";
		};
		8BA852461BF7879600EE9398 /* Benoit */ = {
			isa = PBXGroup;
			children = (
				8B9ED1EB1C337D900072CCE2 /* LAFIDESourceCodeEditor.h */,
				8B9ED1EC1C337D900072CCE2 /* LAFIDESourceCodeEditor.m */,
				8BA852471BF7879600EE9398 /* MHXcodeDocumentNavigator.h */,
				8BA852481BF7879600EE9398 /* MHXcodeDocumentNavigator.m */,
				8BA852491BF7879600EE9398 /* XCFXcodePrivate.h */,
			);
			path = Benoit;
			sourceTree = "<group>";
		};
		8BA8524A1BF7879600EE9398 /* XcodeEditor */ = {
			isa = PBXGroup;
			children = (
				8BA8524B1BF7879600EE9398 /* Categories */,
				8BA852521BF7879600EE9398 /* XCBuildSettings.h */,
				8BA852531BF7879600EE9398 /* XCBuildSettings.m */,
				8BA852541BF7879600EE9398 /* XCWorkspace.h */,
				8BA852551BF7879600EE9398 /* XCWorkspace.m */,
			);
			path = XcodeEditor;
			sourceTree = "<group>";
		};
		8BA8524B1BF7879600EE9398 /* Categories */ = {
			isa = PBXGroup;
			children = (
				8BA8524C1BF7879600EE9398 /* NSString+XCAdditions.h */,
				8BA8524D1BF7879600EE9398 /* NSString+XCAdditions.m */,
				8BA8524E1BF7879600EE9398 /* XCProject+Extensions.h */,
				8BA8524F1BF7879600EE9398 /* XCProject+Extensions.m */,
				8BA852501BF7879600EE9398 /* XCTarget+XCProject.h */,
				8BA852511BF7879600EE9398 /* XCTarget+XCProject.m */,
			);
			path = Categories;
			sourceTree = "<group>";
		};
		8BA852561BF7879600EE9398 /* XcodeEditor */ = {
			isa = PBXGroup;
			children = (
				8BA852571BF7879600EE9398 /* XCAbstractDefinition.h */,
				8BA852581BF7879600EE9398 /* XCAbstractDefinition.m */,
				8BA852591BF7879600EE9398 /* XCClassDefinition.h */,
				8BA8525A1BF7879600EE9398 /* XCClassDefinition.m */,
				8BA8525B1BF7879600EE9398 /* XCFileOperationQueue.h */,
				8BA8525C1BF7879600EE9398 /* XCFileOperationQueue.m */,
				8BA8525D1BF7879600EE9398 /* XCFrameworkDefinition.h */,
				8BA8525E1BF7879600EE9398 /* XCFrameworkDefinition.m */,
				8BA8525F1BF7879600EE9398 /* XCGroup.h */,
				8BA852601BF7879600EE9398 /* XCGroup.m */,
				8BA852611BF7879600EE9398 /* XCKeyBuilder.h */,
				8BA852621BF7879600EE9398 /* XCKeyBuilder.m */,
				8BA852631BF7879600EE9398 /* XcodeEditor.h */,
				8BA852641BF7879600EE9398 /* XcodeGroupMember.h */,
				8BA852651BF7879600EE9398 /* XcodeMemberType.h */,
				8BA852661BF7879600EE9398 /* XcodeMemberType.m */,
				8BA852671BF7879600EE9398 /* XcodeSourceFileType.h */,
				8BA852681BF7879600EE9398 /* XcodeSourceFileType.m */,
				8BA852691BF7879600EE9398 /* XCProject+SubProject.h */,
				8BA8526A1BF7879600EE9398 /* XCProject+SubProject.m */,
				8BA8526B1BF7879600EE9398 /* XCProject.h */,
				8BA8526C1BF7879600EE9398 /* XCProject.m */,
				8BA8526D1BF7879600EE9398 /* XCProjectBuildConfig.h */,
				8BA8526E1BF7879600EE9398 /* XCProjectBuildConfig.m */,
				8BA8526F1BF7879600EE9398 /* XCSourceFile.h */,
				8BA852701BF7879600EE9398 /* XCSourceFile.m */,
				8BA852711BF7879600EE9398 /* XCSourceFileDefinition.h */,
				8BA852721BF7879600EE9398 /* XCSourceFileDefinition.m */,
				8BA852731BF7879600EE9398 /* XCSubProjectDefinition.h */,
				8BA852741BF7879600EE9398 /* XCSubProjectDefinition.m */,
				8BA852751BF7879600EE9398 /* XCTarget.h */,
				8BA852761BF7879600EE9398 /* XCTarget.m */,
				8BA852771BF7879600EE9398 /* XCXibDefinition.h */,
				8BA852781BF7879600EE9398 /* XCXibDefinition.m */,
			);
			path = XcodeEditor;
			sourceTree = "<group>";
		};
		8BA852BF1BF78A6700EE9398 /* ClangFormat */ = {
			isa = PBXGroup;
			children = (
				8BA852C01BF78A6700EE9398 /* QYClangFormat.h */,
				8BA852C11BF78A6700EE9398 /* QYClangFormat.m */,
			);
			path = ClangFormat;
			sourceTree = "<group>";
		};
		8BAE7E941C47980200A505FD /* MenusAction */ = {
			isa = PBXGroup;
			children = (
				8BAE7E951C47980200A505FD /* AutoGetter */,
				8BAE7E9B1C47980200A505FD /* Preferences */,
				8BAE7EA01C47980200A505FD /* RequestVerify */,
			);
			path = MenusAction;
			sourceTree = "<group>";
		};
		8BAE7E951C47980200A505FD /* AutoGetter */ = {
			isa = PBXGroup;
			children = (
				8BAE7E961C47980200A505FD /* Category&&Getter&&Setter */,
				8BAE7E991C47980200A505FD /* QYAutoGetterAchieve.h */,
				8BAE7E9A1C47980200A505FD /* QYAutoGetterAchieve.m */,
			);
			path = AutoGetter;
			sourceTree = "<group>";
		};
		8BAE7E961C47980200A505FD /* Category&&Getter&&Setter */ = {
			isa = PBXGroup;
			children = (
				8BAE7E971C47980200A505FD /* QYCategoryAutoGetterSetterAchieve.h */,
				8BAE7E981C47980200A505FD /* QYCategoryAutoGetterSetterAchieve.m */,
			);
			path = "Category&&Getter&&Setter";
			sourceTree = "<group>";
		};
		8BAE7E9B1C47980200A505FD /* Preferences */ = {
			isa = PBXGroup;
			children = (
				8BAE7E9C1C47980200A505FD /* QYPreferencesController.h */,
				8BAE7E9D1C47980200A505FD /* QYPreferencesController.m */,
				8BAE7E9E1C47980200A505FD /* QYShortcutRecorderController.h */,
				8BAE7E9F1C47980200A505FD /* QYShortcutRecorderController.m */,
			);
			path = Preferences;
			sourceTree = "<group>";
		};
		8BAE7EA01C47980200A505FD /* RequestVerify */ = {
			isa = PBXGroup;
			children = (
				8BAE7EA11C47980200A505FD /* QYRequestVerifyController.h */,
				8BAE7EA21C47980200A505FD /* QYRequestVerifyController.m */,
			);
			path = RequestVerify;
			sourceTree = "<group>";
		};
		8BAE7EA31C47980200A505FD /* Resources */ = {
			isa = PBXGroup;
			children = (
				8BAE7EA41C47980200A505FD /* QYPreferencesController.xib */,
				8BAE7EA51C47980200A505FD /* QYRequestVerifyController.xib */,
				8BAE7EA61C47980200A505FD /* QYShortcutRecorderController.xib */,
			);
			name = Resources;
			path = MenusAction/Resources;
			sourceTree = "<group>";
		};
		8BAE7EBB1C4798AC00A505FD /* Model */ = {
			isa = PBXGroup;
			children = (
				8BAE7EBC1C4798E700A505FD /* QYPreferencesModel.h */,
				8BAE7EBD1C4798E700A505FD /* QYPreferencesModel.m */,
			);
			name = Model;
			sourceTree = "<group>";
		};
		8BD1B2661C215FBB00FA02BC /* Promise */ = {
			isa = PBXGroup;
			children = (
				8BAE7EBF1C47997C00A505FD /* PMKPromise+Until.m */,
				8BAE7EC01C47997C00A505FD /* PMKPromise+When.m */,
				8BAE7EC11C47997C00A505FD /* Promise+Until.h */,
				8BAE7EC21C47997C00A505FD /* Promise+When.h */,
				8BD1B26C1C21604600FA02BC /* fwd.h */,
				8BD1B26E1C21604600FA02BC /* PMKPromise.m */,
				8BD1B26F1C21604600FA02BC /* Promise.h */,
				8BD1B2701C21604600FA02BC /* PromiseKit.h */,
			);
			name = Promise;
			sourceTree = "<group>";
		};
		8BF5F6531BFDB14E00F4A4AD /* QYCocoaToouchClass.xctemplate */ = {
			isa = PBXGroup;
			children = (
				8B02E2331C1ED580005CE6D2 /* NSObjectDelegateUICollectionViewDelegateObjective-C */,
				8B02E2361C1ED580005CE6D2 /* NSObjectDelegateUICollectionViewDelegateSwift */,
				8B02E2291C1ED4A1005CE6D2 /* NSObjectDelegateUITableViewDelegateObjective-C */,
				8B02E22C1C1ED4A1005CE6D2 /* NSObjectDelegateUITableViewDelegateSwift */,
				8BF5F6541BFDB14E00F4A4AD /* JoyRequestObjective-C */,
				8BF5F6571BFDB14E00F4A4AD /* JoyRequestSwift */,
				8BF5F6591BFDB14E00F4A4AD /* JYTableViewBaseCellObjective-C */,
				8BF5F65C1BFDB14E00F4A4AD /* JYTableViewBaseCellSwift */,
				8BF5F65E1BFDB14E00F4A4AD /* NSObjectObjective-C */,
				8BF5F6611BFDB14E00F4A4AD /* NSObjectSingletonObjective-C */,
				8BF5F6641BFDB14E00F4A4AD /* NSObjectSingletonSwift */,
				8BF5F6661BFDB14E00F4A4AD /* NSObjectSwift */,
				8BF5F6681BFDB14E00F4A4AD /* TemplateIcon.png */,
				8BF5F6691BFDB14E00F4A4AD /* TemplateIcon@2x.png */,
				8BF5F66A1BFDB14E00F4A4AD /* TemplateInfo.plist */,
				8BF5F66B1BFDB14E00F4A4AD /* UITableViewCellObjective-C */,
				8BF5F66E1BFDB14E00F4A4AD /* UITableViewCellSwift */,
				8BF5F6701BFDB14E00F4A4AD /* UIViewControllerObjective-C */,
				8BF5F6731BFDB14E00F4A4AD /* UIViewControllerSwift */,
				8BF5F6751BFDB14E00F4A4AD /* UIViewObjective-C */,
				8BF5F6781BFDB14E00F4A4AD /* UIViewSwift */,
			);
			name = QYCocoaToouchClass.xctemplate;
			path = QYFileTemplate/QYCocoaToouchClass.xctemplate;
			sourceTree = "<group>";
		};
		8BF5F6541BFDB14E00F4A4AD /* JoyRequestObjective-C */ = {
			isa = PBXGroup;
			children = (
				8BF5F6551BFDB14E00F4A4AD /* ___FILEBASENAME___.h */,
				8BF5F6561BFDB14E00F4A4AD /* ___FILEBASENAME___.m */,
			);
			path = "JoyRequestObjective-C";
			sourceTree = "<group>";
		};
		8BF5F6571BFDB14E00F4A4AD /* JoyRequestSwift */ = {
			isa = PBXGroup;
			children = (
				8BF5F6581BFDB14E00F4A4AD /* ___FILEBASENAME___.swift */,
			);
			path = JoyRequestSwift;
			sourceTree = "<group>";
		};
		8BF5F6591BFDB14E00F4A4AD /* JYTableViewBaseCellObjective-C */ = {
			isa = PBXGroup;
			children = (
				8BF5F65A1BFDB14E00F4A4AD /* ___FILEBASENAME___.h */,
				8BF5F65B1BFDB14E00F4A4AD /* ___FILEBASENAME___.m */,
			);
			path = "JYTableViewBaseCellObjective-C";
			sourceTree = "<group>";
		};
		8BF5F65C1BFDB14E00F4A4AD /* JYTableViewBaseCellSwift */ = {
			isa = PBXGroup;
			children = (
				8BF5F65D1BFDB14E00F4A4AD /* ___FILEBASENAME___.swift */,
			);
			path = JYTableViewBaseCellSwift;
			sourceTree = "<group>";
		};
		8BF5F65E1BFDB14E00F4A4AD /* NSObjectObjective-C */ = {
			isa = PBXGroup;
			children = (
				8BF5F65F1BFDB14E00F4A4AD /* ___FILEBASENAME___.h */,
				8BF5F6601BFDB14E00F4A4AD /* ___FILEBASENAME___.m */,
			);
			path = "NSObjectObjective-C";
			sourceTree = "<group>";
		};
		8BF5F6611BFDB14E00F4A4AD /* NSObjectSingletonObjective-C */ = {
			isa = PBXGroup;
			children = (
				8BF5F6621BFDB14E00F4A4AD /* ___FILEBASENAME___.h */,
				8BF5F6631BFDB14E00F4A4AD /* ___FILEBASENAME___.m */,
			);
			path = "NSObjectSingletonObjective-C";
			sourceTree = "<group>";
		};
		8BF5F6641BFDB14E00F4A4AD /* NSObjectSingletonSwift */ = {
			isa = PBXGroup;
			children = (
				8BF5F6651BFDB14E00F4A4AD /* ___FILEBASENAME___.swift */,
			);
			path = NSObjectSingletonSwift;
			sourceTree = "<group>";
		};
		8BF5F6661BFDB14E00F4A4AD /* NSObjectSwift */ = {
			isa = PBXGroup;
			children = (
				8BF5F6671BFDB14E00F4A4AD /* ___FILEBASENAME___.swift */,
			);
			path = NSObjectSwift;
			sourceTree = "<group>";
		};
		8BF5F66B1BFDB14E00F4A4AD /* UITableViewCellObjective-C */ = {
			isa = PBXGroup;
			children = (
				8BF5F66C1BFDB14E00F4A4AD /* ___FILEBASENAME___.h */,
				8BF5F66D1BFDB14E00F4A4AD /* ___FILEBASENAME___.m */,
			);
			path = "UITableViewCellObjective-C";
			sourceTree = "<group>";
		};
		8BF5F66E1BFDB14E00F4A4AD /* UITableViewCellSwift */ = {
			isa = PBXGroup;
			children = (
				8BF5F66F1BFDB14E00F4A4AD /* ___FILEBASENAME___.swift */,
			);
			path = UITableViewCellSwift;
			sourceTree = "<group>";
		};
		8BF5F6701BFDB14E00F4A4AD /* UIViewControllerObjective-C */ = {
			isa = PBXGroup;
			children = (
				8BF5F6711BFDB14E00F4A4AD /* ___FILEBASENAME___.h */,
				8BF5F6721BFDB14E00F4A4AD /* ___FILEBASENAME___.m */,
			);
			path = "UIViewControllerObjective-C";
			sourceTree = "<group>";
		};
		8BF5F6731BFDB14E00F4A4AD /* UIViewControllerSwift */ = {
			isa = PBXGroup;
			children = (
				8BF5F6741BFDB14E00F4A4AD /* ___FILEBASENAME___.swift */,
			);
			path = UIViewControllerSwift;
			sourceTree = "<group>";
		};
		8BF5F6751BFDB14E00F4A4AD /* UIViewObjective-C */ = {
			isa = PBXGroup;
			children = (
				8BF5F6761BFDB14E00F4A4AD /* ___FILEBASENAME___.h */,
				8BF5F6771BFDB14E00F4A4AD /* ___FILEBASENAME___.m */,
			);
			path = "UIViewObjective-C";
			sourceTree = "<group>";
		};
		8BF5F6781BFDB14E00F4A4AD /* UIViewSwift */ = {
			isa = PBXGroup;
			children = (
				8BF5F6791BFDB14E00F4A4AD /* ___FILEBASENAME___.swift */,
			);
			path = UIViewSwift;
			sourceTree = "<group>";
		};
/* End PBXGroup section */

/* Begin PBXNativeTarget section */
		8B60ADA31BABB7F100672762 /* QYXcodePlugIn */ = {
			isa = PBXNativeTarget;
			buildConfigurationList = 8B60ADB81BABB7F100672762 /* Build configuration list for PBXNativeTarget "QYXcodePlugIn" */;
			buildPhases = (
				8B60ADA01BABB7F100672762 /* Sources */,
				8B60ADA11BABB7F100672762 /* Resources */,
				8B60ADA21BABB7F100672762 /* Frameworks */,
			);
			buildRules = (
			);
			dependencies = (
			);
			name = QYXcodePlugIn;
			productName = QYXcodePlugIn;
			productReference = 8B60ADA41BABB7F100672762 /* QYXcodePlugIn.xcplugin */;
			productType = "com.apple.product-type.bundle";
		};
/* End PBXNativeTarget section */

/* Begin PBXProject section */
		8B60AD9C1BABB7F100672762 /* Project object */ = {
			isa = PBXProject;
			attributes = {
				LastSwiftUpdateCheck = 0710;
				LastUpgradeCheck = 0640;
				ORGANIZATIONNAME = X.Y;
				TargetAttributes = {
					8B60ADA31BABB7F100672762 = {
						CreatedOnToolsVersion = 6.4;
					};
				};
			};
			buildConfigurationList = 8B60AD9F1BABB7F100672762 /* Build configuration list for PBXProject "QYXcodePlugIn" */;
			compatibilityVersion = "Xcode 3.2";
			developmentRegion = English;
			hasScannedForEncodings = 0;
			knownRegions = (
				en,
			);
			mainGroup = 8B60AD9B1BABB7F100672762;
			productRefGroup = 8B60ADA51BABB7F100672762 /* Products */;
			projectDirPath = "";
			projectRoot = "";
			targets = (
				8B60ADA31BABB7F100672762 /* QYXcodePlugIn */,
			);
		};
/* End PBXProject section */

/* Begin PBXResourcesBuildPhase section */
		8B60ADA11BABB7F100672762 /* Resources */ = {
			isa = PBXResourcesBuildPhase;
			buildActionMask = 2147483647;
			files = (
				8BF5F6821BFDB14E00F4A4AD /* TemplateIcon.png in Resources */,
				8BAE7EAC1C47980200A505FD /* QYPreferencesController.xib in Resources */,
				8B60ADAF1BABB7F100672762 /* QYXcodePlugIn.xcscheme in Resources */,
				8BAE7EAE1C47980200A505FD /* QYShortcutRecorderController.xib in Resources */,
				8BAE7EAD1C47980200A505FD /* QYRequestVerifyController.xib in Resources */,
				8BF5F6841BFDB14E00F4A4AD /* TemplateInfo.plist in Resources */,
				8B9C6BD81BB1247700242629 /* setupHelper.sh in Resources */,
				8BF5F6831BFDB14E00F4A4AD /* TemplateIcon@2x.png in Resources */,
				8B2BC61E1C4C867C002B4181 /* logo.pdf in Resources */,
			);
			runOnlyForDeploymentPostprocessing = 0;
		};
/* End PBXResourcesBuildPhase section */

/* Begin PBXSourcesBuildPhase section */
		8B60ADA01BABB7F100672762 /* Sources */ = {
			isa = PBXSourcesBuildPhase;
			buildActionMask = 2147483647;
			files = (
				8BA8528E1BF7879600EE9398 /* XCGroup.m in Sources */,
				8BA852991BF7879600EE9398 /* XCXibDefinition.m in Sources */,
				8BA852911BF7879600EE9398 /* XcodeSourceFileType.m in Sources */,
				8BA8528B1BF7879600EE9398 /* XCClassDefinition.m in Sources */,
				8BA8527C1BF7879600EE9398 /* NSMutableIndexSet+NSArray.m in Sources */,
				8B9C6C531BB129ED00242629 /* QYXcodePlugIn.m in Sources */,
				8BA852791BF7879600EE9398 /* DVTSourceTextStorage+Operations.m in Sources */,
				8BA8527E1BF7879600EE9398 /* NSString+Extensions.m in Sources */,
				8BA852961BF7879600EE9398 /* XCSourceFileDefinition.m in Sources */,
				8BA852C21BF78A6700EE9398 /* QYClangFormat.m in Sources */,
				8BA852981BF7879600EE9398 /* XCTarget.m in Sources */,
				8BAE7EA91C47980200A505FD /* QYPreferencesController.m in Sources */,
				8BA852841BF7879600EE9398 /* MHXcodeDocumentNavigator.m in Sources */,
				8BAE7EB71C47984100A505FD /* NSObject+MagicClearCatalogFilter.m in Sources */,
				8BA852861BF7879600EE9398 /* XCProject+Extensions.m in Sources */,
				8BA852891BF7879600EE9398 /* XCWorkspace.m in Sources */,
				8BA852941BF7879600EE9398 /* XCProjectBuildConfig.m in Sources */,
				8B9ED1ED1C337D900072CCE2 /* LAFIDESourceCodeEditor.m in Sources */,
				8BAE7EBE1C4798E700A505FD /* QYPreferencesModel.m in Sources */,
				8BAE7EAB1C47980200A505FD /* QYRequestVerifyController.m in Sources */,
				8BAE7E911C4797E300A505FD /* QYMenuBaseItem.m in Sources */,
				8BA852931BF7879600EE9398 /* XCProject.m in Sources */,
				8BA8528A1BF7879600EE9398 /* XCAbstractDefinition.m in Sources */,
				8BAE7EA71C47980200A505FD /* QYCategoryAutoGetterSetterAchieve.m in Sources */,
				8BAE7E8F1C4797E300A505FD /* NSMenu+RegisterMenuItem.m in Sources */,
				8BA852821BF7879600EE9398 /* NSView+Dumping.m in Sources */,
				8BA8528C1BF7879600EE9398 /* XCFileOperationQueue.m in Sources */,
				8BAE7EA81C47980200A505FD /* QYAutoGetterAchieve.m in Sources */,
				8BA852971BF7879600EE9398 /* XCSubProjectDefinition.m in Sources */,
				8BA852921BF7879600EE9398 /* XCProject+SubProject.m in Sources */,
				8BAE7EAA1C47980200A505FD /* QYShortcutRecorderController.m in Sources */,
				8BA852811BF7879600EE9398 /* NSTextView+Operations.m in Sources */,
				8BD1B2721C21604600FA02BC /* PMKPromise.m in Sources */,
				8BA8527D1BF7879600EE9398 /* NSObject+MHLogMethods.m in Sources */,
				8BAE7E931C4797E300A505FD /* QYRequestVerifiMenuItem.m in Sources */,
				8BA8527A1BF7879600EE9398 /* NSArray+Operations.m in Sources */,
				8BAE7E921C4797E300A505FD /* QYPreferencesMenuItem.m in Sources */,
				8BAE7EC41C47997C00A505FD /* PMKPromise+When.m in Sources */,
				8BAE7E901C4797E300A505FD /* QYAutoGetterMenuItem.m in Sources */,
				8BA852831BF7879600EE9398 /* XCSourceFile+Path.m in Sources */,
				8BA8528D1BF7879600EE9398 /* XCFrameworkDefinition.m in Sources */,
				8BA852901BF7879600EE9398 /* XcodeMemberType.m in Sources */,
				8BA8527F1BF7879600EE9398 /* NSString+Files.m in Sources */,
				8BA852851BF7879600EE9398 /* NSString+XCAdditions.m in Sources */,
				8BA852881BF7879600EE9398 /* XCBuildSettings.m in Sources */,
				8BA8527B1BF7879600EE9398 /* NSFileManager+Headers.m in Sources */,
				8BAE7EB81C47984100A505FD /* NSObject+MagicDVTBezelAlertPanel.m in Sources */,
				8BA852801BF7879600EE9398 /* NSString+MHNSRange.m in Sources */,
				8BA852871BF7879600EE9398 /* XCTarget+XCProject.m in Sources */,
				8BA852A01BF7886000EE9398 /* QYIDENotificationHandler.m in Sources */,
				8BAE7EBA1C47984100A505FD /* NSObject+MethodSwizzler.m in Sources */,
				8BAE7EC31C47997C00A505FD /* PMKPromise+Until.m in Sources */,
				8BA852951BF7879600EE9398 /* XCSourceFile.m in Sources */,
				8BA8528F1BF7879600EE9398 /* XCKeyBuilder.m in Sources */,
			);
			runOnlyForDeploymentPostprocessing = 0;
		};
/* End PBXSourcesBuildPhase section */

/* Begin XCBuildConfiguration section */
		8B60ADB61BABB7F100672762 /* Debug */ = {
			isa = XCBuildConfiguration;
			buildSettings = {
				ALWAYS_SEARCH_USER_PATHS = NO;
				CLANG_CXX_LANGUAGE_STANDARD = "gnu++0x";
				CLANG_CXX_LIBRARY = "libc++";
				CLANG_ENABLE_MODULES = YES;
				CLANG_ENABLE_OBJC_ARC = YES;
				CLANG_WARN_BOOL_CONVERSION = YES;
				CLANG_WARN_CONSTANT_CONVERSION = YES;
				CLANG_WARN_DIRECT_OBJC_ISA_USAGE = YES_ERROR;
				CLANG_WARN_EMPTY_BODY = YES;
				CLANG_WARN_ENUM_CONVERSION = YES;
				CLANG_WARN_INT_CONVERSION = YES;
				CLANG_WARN_OBJC_ROOT_CLASS = YES_ERROR;
				CLANG_WARN_UNREACHABLE_CODE = YES;
				CLANG_WARN__DUPLICATE_METHOD_MATCH = YES;
				COPY_PHASE_STRIP = NO;
				EMBED_ASSET_PACKS_IN_PRODUCT_BUNDLE = YES;
				ENABLE_STRICT_OBJC_MSGSEND = YES;
				GCC_C_LANGUAGE_STANDARD = gnu99;
				GCC_DYNAMIC_NO_PIC = NO;
				GCC_NO_COMMON_BLOCKS = NO;
				GCC_OPTIMIZATION_LEVEL = 0;
				GCC_PREPROCESSOR_DEFINITIONS = (
					"DEBUG=1",
					"$(inherited)",
				);
				GCC_SYMBOLS_PRIVATE_EXTERN = NO;
				GCC_WARN_64_TO_32_BIT_CONVERSION = YES;
				GCC_WARN_ABOUT_RETURN_TYPE = YES_ERROR;
				GCC_WARN_UNDECLARED_SELECTOR = YES;
				GCC_WARN_UNINITIALIZED_AUTOS = YES_AGGRESSIVE;
				GCC_WARN_UNUSED_FUNCTION = YES;
				GCC_WARN_UNUSED_VARIABLE = YES;
				LD_RUNPATH_SEARCH_PATHS = "";
				MTL_ENABLE_DEBUG_INFO = YES;
				ONLY_ACTIVE_ARCH = YES;
			};
			name = Debug;
		};
		8B60ADB71BABB7F100672762 /* Release */ = {
			isa = XCBuildConfiguration;
			buildSettings = {
				ALWAYS_SEARCH_USER_PATHS = NO;
				CLANG_CXX_LANGUAGE_STANDARD = "gnu++0x";
				CLANG_CXX_LIBRARY = "libc++";
				CLANG_ENABLE_MODULES = YES;
				CLANG_ENABLE_OBJC_ARC = YES;
				CLANG_WARN_BOOL_CONVERSION = YES;
				CLANG_WARN_CONSTANT_CONVERSION = YES;
				CLANG_WARN_DIRECT_OBJC_ISA_USAGE = YES_ERROR;
				CLANG_WARN_EMPTY_BODY = YES;
				CLANG_WARN_ENUM_CONVERSION = YES;
				CLANG_WARN_INT_CONVERSION = YES;
				CLANG_WARN_OBJC_ROOT_CLASS = YES_ERROR;
				CLANG_WARN_UNREACHABLE_CODE = YES;
				CLANG_WARN__DUPLICATE_METHOD_MATCH = YES;
				COPY_PHASE_STRIP = NO;
				EMBED_ASSET_PACKS_IN_PRODUCT_BUNDLE = YES;
				ENABLE_NS_ASSERTIONS = NO;
				ENABLE_STRICT_OBJC_MSGSEND = YES;
				GCC_C_LANGUAGE_STANDARD = gnu99;
				GCC_NO_COMMON_BLOCKS = NO;
				GCC_WARN_64_TO_32_BIT_CONVERSION = YES;
				GCC_WARN_ABOUT_RETURN_TYPE = YES_ERROR;
				GCC_WARN_UNDECLARED_SELECTOR = YES;
				GCC_WARN_UNINITIALIZED_AUTOS = YES_AGGRESSIVE;
				GCC_WARN_UNUSED_FUNCTION = YES;
				GCC_WARN_UNUSED_VARIABLE = YES;
				LD_RUNPATH_SEARCH_PATHS = "";
				MTL_ENABLE_DEBUG_INFO = NO;
			};
			name = Release;
		};
		8B60ADB91BABB7F100672762 /* Debug */ = {
			isa = XCBuildConfiguration;
			buildSettings = {
				ALWAYS_SEARCH_USER_PATHS = NO;
				CLANG_ENABLE_MODULES = YES;
				COMBINE_HIDPI_IMAGES = YES;
				DEPLOYMENT_LOCATION = YES;
				DSTROOT = "$(HOME)";
				ENABLE_TESTABILITY = YES;
				FRAMEWORK_SEARCH_PATHS = "$(PROJECT_DIR)";
				GCC_NO_COMMON_BLOCKS = NO;
				GCC_PRECOMPILE_PREFIX_HEADER = YES;
				GCC_PREFIX_HEADER = "$(SRCROOT)/QYXcodePlugIn/QYXcodePlugIn.pch";
				HEADER_SEARCH_PATHS = "";
				INFOPLIST_FILE = QYXcodePlugIn/Info.plist;
				INSTALL_PATH = "/Library/Application Support/Developer/Shared/Xcode/Plug-ins";
				LD_RUNPATH_SEARCH_PATHS = "@executable_path/../Frameworks";
				LIBRARY_SEARCH_PATHS = "";
				MACOSX_DEPLOYMENT_TARGET = 10.10;
				PRODUCT_NAME = "$(TARGET_NAME)";
				SWIFT_OBJC_BRIDGING_HEADER = "QYFileTemplate/Request file.xctemplate/QYRequestSwift/QYXcodePlugIn-Bridging-Header.h";
				SWIFT_OPTIMIZATION_LEVEL = "-Onone";
				WRAPPER_EXTENSION = xcplugin;
			};
			name = Debug;
		};
		8B60ADBA1BABB7F100672762 /* Release */ = {
			isa = XCBuildConfiguration;
			buildSettings = {
				ALWAYS_SEARCH_USER_PATHS = NO;
				CLANG_ENABLE_MODULES = YES;
				COMBINE_HIDPI_IMAGES = YES;
				DEBUG_INFORMATION_FORMAT = "dwarf-with-dsym";
				DEPLOYMENT_LOCATION = YES;
				DSTROOT = "$(HOME)";
				FRAMEWORK_SEARCH_PATHS = "$(PROJECT_DIR)";
				GCC_NO_COMMON_BLOCKS = NO;
				GCC_PRECOMPILE_PREFIX_HEADER = YES;
				GCC_PREFIX_HEADER = "$(SRCROOT)/QYXcodePlugIn/QYXcodePlugIn.pch";
				HEADER_SEARCH_PATHS = "";
				INFOPLIST_FILE = QYXcodePlugIn/Info.plist;
				INSTALL_PATH = "/Library/Application Support/Developer/Shared/Xcode/Plug-ins";
				LD_RUNPATH_SEARCH_PATHS = "@executable_path/../Frameworks";
				LIBRARY_SEARCH_PATHS = "";
				MACOSX_DEPLOYMENT_TARGET = 10.10;
				PRODUCT_NAME = "$(TARGET_NAME)";
				SWIFT_OBJC_BRIDGING_HEADER = "QYFileTemplate/Request file.xctemplate/QYRequestSwift/QYXcodePlugIn-Bridging-Header.h";
				WRAPPER_EXTENSION = xcplugin;
			};
			name = Release;
		};
/* End XCBuildConfiguration section */

/* Begin XCConfigurationList section */
		8B60AD9F1BABB7F100672762 /* Build configuration list for PBXProject "QYXcodePlugIn" */ = {
			isa = XCConfigurationList;
			buildConfigurations = (
				8B60ADB61BABB7F100672762 /* Debug */,
				8B60ADB71BABB7F100672762 /* Release */,
			);
			defaultConfigurationIsVisible = 0;
			defaultConfigurationName = Release;
		};
		8B60ADB81BABB7F100672762 /* Build configuration list for PBXNativeTarget "QYXcodePlugIn" */ = {
			isa = XCConfigurationList;
			buildConfigurations = (
				8B60ADB91BABB7F100672762 /* Debug */,
				8B60ADBA1BABB7F100672762 /* Release */,
			);
			defaultConfigurationIsVisible = 0;
			defaultConfigurationName = Release;
		};
/* End XCConfigurationList section */
	};
	rootObject = 8B60AD9C1BABB7F100672762 /* Project object */;
}
