// !$*UTF8*$!
{
	archiveVersion = 1;
	classes = {
	};
	objectVersion = 46;
	objects = {

/* Begin PBXBuildFile section */
		6071F821A8C8831C3A24495E /* libPods.a in Frameworks */ = {isa = PBXBuildFile; fileRef = 16364214EC190002C2584301 /* libPods.a */; };
		8B05B57F1BF5A32E00F37998 /* Carbon.framework in Frameworks */ = {isa = PBXBuildFile; fileRef = 8B05B57E1BF5A32E00F37998 /* Carbon.framework */; };
		8B0F54811CBB763D00F8C3D0 /* QYUpdateModel.m in Sources */ = {isa = PBXBuildFile; fileRef = 8B0F54801CBB763D00F8C3D0 /* QYUpdateModel.m */; };
		8B4829371CC24DBD00DEB1C8 /* QYXcodePlugIn-Info.plist in Resources */ = {isa = PBXBuildFile; fileRef = 8B4829361CC24DBD00DEB1C8 /* QYXcodePlugIn-Info.plist */; };
		8B4C00821BF7852300A77AD9 /* PTHotKey.framework in Frameworks */ = {isa = PBXBuildFile; fileRef = 8B4C00801BF7852300A77AD9 /* PTHotKey.framework */; };
		8B4C00831BF7852300A77AD9 /* ShortcutRecorder.framework in Frameworks */ = {isa = PBXBuildFile; fileRef = 8B4C00811BF7852300A77AD9 /* ShortcutRecorder.framework */; };
		8B54D17E1CA263CB00B67A5F /* images.xcassets in Resources */ = {isa = PBXBuildFile; fileRef = 8B54D17D1CA263CB00B67A5F /* images.xcassets */; };
		8B54D1811CA272DE00B67A5F /* QYTapImageView.m in Sources */ = {isa = PBXBuildFile; fileRef = 8B54D1801CA272DE00B67A5F /* QYTapImageView.m */; };
		8B54D1861CA2C51D00B67A5F /* flash_bang.png in Resources */ = {isa = PBXBuildFile; fileRef = 8B54D1851CA2C51D00B67A5F /* flash_bang.png */; };
		8B57FD011C9BDE0E00A260F5 /* ESClassInfo.m in Sources */ = {isa = PBXBuildFile; fileRef = 8B57FD001C9BDE0E00A260F5 /* ESClassInfo.m */; };
		8B60ADA81BABB7F100672762 /* AppKit.framework in Frameworks */ = {isa = PBXBuildFile; fileRef = 8B60ADA71BABB7F100672762 /* AppKit.framework */; };
		8B60ADAA1BABB7F100672762 /* Foundation.framework in Frameworks */ = {isa = PBXBuildFile; fileRef = 8B60ADA91BABB7F100672762 /* Foundation.framework */; };
		8B60AE291BABCEBB00672762 /* Cocoa.framework in Frameworks */ = {isa = PBXBuildFile; fileRef = 8B60AE281BABCEBB00672762 /* Cocoa.framework */; };
		8B63E78E1CC4FA07009E4DC1 /* logo.png in Resources */ = {isa = PBXBuildFile; fileRef = 8B63E78D1CC4FA07009E4DC1 /* logo.png */; };
		8B760F3D1D0E848E00762EF6 /* PreferencesGeneralViewController.m in Sources */ = {isa = PBXBuildFile; fileRef = 8B760F3B1D0E848E00762EF6 /* PreferencesGeneralViewController.m */; };
		8B760F3E1D0E848E00762EF6 /* PreferencesGeneralViewController.xib in Resources */ = {isa = PBXBuildFile; fileRef = 8B760F3C1D0E848E00762EF6 /* PreferencesGeneralViewController.xib */; };
		8B760F421D0E849D00762EF6 /* PreferencesJSONHandleViewController.m in Sources */ = {isa = PBXBuildFile; fileRef = 8B760F401D0E849D00762EF6 /* PreferencesJSONHandleViewController.m */; };
		8B760F431D0E849D00762EF6 /* PreferencesJSONHandleViewController.xib in Resources */ = {isa = PBXBuildFile; fileRef = 8B760F411D0E849D00762EF6 /* PreferencesJSONHandleViewController.xib */; };
		8B760F471D0E927000762EF6 /* PreferencesGetterViewController.m in Sources */ = {isa = PBXBuildFile; fileRef = 8B760F451D0E927000762EF6 /* PreferencesGetterViewController.m */; };
		8B760F481D0E927000762EF6 /* PreferencesGetterViewController.xib in Resources */ = {isa = PBXBuildFile; fileRef = 8B760F461D0E927000762EF6 /* PreferencesGetterViewController.xib */; };
		8B760F4C1D0E92A300762EF6 /* PreferencesFormateCodeViewController.m in Sources */ = {isa = PBXBuildFile; fileRef = 8B760F4A1D0E92A300762EF6 /* PreferencesFormateCodeViewController.m */; };
		8B760F4D1D0E92A300762EF6 /* PreferencesFormateCodeViewController.xib in Resources */ = {isa = PBXBuildFile; fileRef = 8B760F4B1D0E92A300762EF6 /* PreferencesFormateCodeViewController.xib */; };
		8B85168A1C96B5CD00D927E5 /* ESDialogController.m in Sources */ = {isa = PBXBuildFile; fileRef = 8B8516851C96B5CD00D927E5 /* ESDialogController.m */; };
		8B85168B1C96B5CD00D927E5 /* ESDialogController.xib in Resources */ = {isa = PBXBuildFile; fileRef = 8B8516861C96B5CD00D927E5 /* ESDialogController.xib */; };
		8B85168C1C96B5CD00D927E5 /* ESInputJsonController.m in Sources */ = {isa = PBXBuildFile; fileRef = 8B8516881C96B5CD00D927E5 /* ESInputJsonController.m */; };
		8B85168D1C96B5CD00D927E5 /* ESInputJsonController.xib in Resources */ = {isa = PBXBuildFile; fileRef = 8B8516891C96B5CD00D927E5 /* ESInputJsonController.xib */; };
		8B9C6BD81BB1247700242629 /* setupHelper.sh in Resources */ = {isa = PBXBuildFile; fileRef = 8B9C6BD71BB1247700242629 /* setupHelper.sh */; };
		8B9C6C531BB129ED00242629 /* QYXcodePlugIn.m in Sources */ = {isa = PBXBuildFile; fileRef = 8B9C6C521BB129ED00242629 /* QYXcodePlugIn.m */; };
		8B9ED1ED1C337D900072CCE2 /* LAFIDESourceCodeEditor.m in Sources */ = {isa = PBXBuildFile; fileRef = 8B9ED1EC1C337D900072CCE2 /* LAFIDESourceCodeEditor.m */; };
		8BA852791BF7879600EE9398 /* DVTSourceTextStorage+Operations.m in Sources */ = {isa = PBXBuildFile; fileRef = 8BA852301BF7879600EE9398 /* DVTSourceTextStorage+Operations.m */; };
		8BA8527A1BF7879600EE9398 /* NSArray+Operations.m in Sources */ = {isa = PBXBuildFile; fileRef = 8BA852321BF7879600EE9398 /* NSArray+Operations.m */; };
		8BA8527B1BF7879600EE9398 /* NSFileManager+Headers.m in Sources */ = {isa = PBXBuildFile; fileRef = 8BA852341BF7879600EE9398 /* NSFileManager+Headers.m */; };
		8BA8527C1BF7879600EE9398 /* NSMutableIndexSet+NSArray.m in Sources */ = {isa = PBXBuildFile; fileRef = 8BA852361BF7879600EE9398 /* NSMutableIndexSet+NSArray.m */; };
		8BA8527D1BF7879600EE9398 /* NSObject+MHLogMethods.m in Sources */ = {isa = PBXBuildFile; fileRef = 8BA852381BF7879600EE9398 /* NSObject+MHLogMethods.m */; };
		8BA8527E1BF7879600EE9398 /* NSString+Extensions.m in Sources */ = {isa = PBXBuildFile; fileRef = 8BA8523A1BF7879600EE9398 /* NSString+Extensions.m */; };
		8BA8527F1BF7879600EE9398 /* NSString+Files.m in Sources */ = {isa = PBXBuildFile; fileRef = 8BA8523C1BF7879600EE9398 /* NSString+Files.m */; };
		8BA852801BF7879600EE9398 /* NSString+MHNSRange.m in Sources */ = {isa = PBXBuildFile; fileRef = 8BA8523E1BF7879600EE9398 /* NSString+MHNSRange.m */; };
		8BA852811BF7879600EE9398 /* NSTextView+Operations.m in Sources */ = {isa = PBXBuildFile; fileRef = 8BA852401BF7879600EE9398 /* NSTextView+Operations.m */; };
		8BA852821BF7879600EE9398 /* NSView+Dumping.m in Sources */ = {isa = PBXBuildFile; fileRef = 8BA852421BF7879600EE9398 /* NSView+Dumping.m */; };
		8BA852831BF7879600EE9398 /* XCSourceFile+Path.m in Sources */ = {isa = PBXBuildFile; fileRef = 8BA852441BF7879600EE9398 /* XCSourceFile+Path.m */; };
		8BA852841BF7879600EE9398 /* MHXcodeDocumentNavigator.m in Sources */ = {isa = PBXBuildFile; fileRef = 8BA852481BF7879600EE9398 /* MHXcodeDocumentNavigator.m */; };
		8BA852851BF7879600EE9398 /* NSString+XCAdditions.m in Sources */ = {isa = PBXBuildFile; fileRef = 8BA8524D1BF7879600EE9398 /* NSString+XCAdditions.m */; };
		8BA852861BF7879600EE9398 /* XCProject+Extensions.m in Sources */ = {isa = PBXBuildFile; fileRef = 8BA8524F1BF7879600EE9398 /* XCProject+Extensions.m */; };
		8BA852871BF7879600EE9398 /* XCTarget+XCProject.m in Sources */ = {isa = PBXBuildFile; fileRef = 8BA852511BF7879600EE9398 /* XCTarget+XCProject.m */; };
		8BA852881BF7879600EE9398 /* XCBuildSettings.m in Sources */ = {isa = PBXBuildFile; fileRef = 8BA852531BF7879600EE9398 /* XCBuildSettings.m */; };
		8BA852891BF7879600EE9398 /* XCWorkspace.m in Sources */ = {isa = PBXBuildFile; fileRef = 8BA852551BF7879600EE9398 /* XCWorkspace.m */; };
		8BA852A01BF7886000EE9398 /* QYIDENotificationHandler.m in Sources */ = {isa = PBXBuildFile; fileRef = 8BA8529E1BF7886000EE9398 /* QYIDENotificationHandler.m */; };
		8BA852C21BF78A6700EE9398 /* QYClangFormat.m in Sources */ = {isa = PBXBuildFile; fileRef = 8BA852C11BF78A6700EE9398 /* QYClangFormat.m */; };
		8BAD45DB1CC5C4A9002DB990 /* QYUpdateAlert.m in Sources */ = {isa = PBXBuildFile; fileRef = 8BAD45D91CC5C4A9002DB990 /* QYUpdateAlert.m */; };
		8BAD45DC1CC5C4A9002DB990 /* QYUpdateAlert.xib in Resources */ = {isa = PBXBuildFile; fileRef = 8BAD45DA1CC5C4A9002DB990 /* QYUpdateAlert.xib */; };
		8BAE7E8F1C4797E300A505FD /* NSMenu+RegisterMenuItem.m in Sources */ = {isa = PBXBuildFile; fileRef = 8BAE7E861C4797E300A505FD /* NSMenu+RegisterMenuItem.m */; };
		8BAE7E901C4797E300A505FD /* QYAutoGetterMenuItem.m in Sources */ = {isa = PBXBuildFile; fileRef = 8BAE7E881C4797E300A505FD /* QYAutoGetterMenuItem.m */; };
		8BAE7E911C4797E300A505FD /* QYMenuBaseItem.m in Sources */ = {isa = PBXBuildFile; fileRef = 8BAE7E8A1C4797E300A505FD /* QYMenuBaseItem.m */; };
		8BAE7E921C4797E300A505FD /* QYPreferencesMenuItem.m in Sources */ = {isa = PBXBuildFile; fileRef = 8BAE7E8C1C4797E300A505FD /* QYPreferencesMenuItem.m */; };
		8BAE7E931C4797E300A505FD /* QYRequestVerifiMenuItem.m in Sources */ = {isa = PBXBuildFile; fileRef = 8BAE7E8E1C4797E300A505FD /* QYRequestVerifiMenuItem.m */; };
		8BAE7EA71C47980200A505FD /* QYCategoryAutoGetterSetterAchieve.m in Sources */ = {isa = PBXBuildFile; fileRef = 8BAE7E981C47980200A505FD /* QYCategoryAutoGetterSetterAchieve.m */; };
		8BAE7EA81C47980200A505FD /* QYAutoGetterAchieve.m in Sources */ = {isa = PBXBuildFile; fileRef = 8BAE7E9A1C47980200A505FD /* QYAutoGetterAchieve.m */; };
		8BAE7EAA1C47980200A505FD /* QYShortcutRecorderController.m in Sources */ = {isa = PBXBuildFile; fileRef = 8BAE7E9F1C47980200A505FD /* QYShortcutRecorderController.m */; };
		8BAE7EAB1C47980200A505FD /* QYRequestVerifyController.m in Sources */ = {isa = PBXBuildFile; fileRef = 8BAE7EA21C47980200A505FD /* QYRequestVerifyController.m */; };
		8BAE7EAD1C47980200A505FD /* QYRequestVerifyController.xib in Resources */ = {isa = PBXBuildFile; fileRef = 8BAE7EA51C47980200A505FD /* QYRequestVerifyController.xib */; };
		8BAE7EAE1C47980200A505FD /* QYShortcutRecorderController.xib in Resources */ = {isa = PBXBuildFile; fileRef = 8BAE7EA61C47980200A505FD /* QYShortcutRecorderController.xib */; };
		8BAE7EB71C47984100A505FD /* NSObject+MagicClearCatalogFilter.m in Sources */ = {isa = PBXBuildFile; fileRef = 8BAE7EB01C47984100A505FD /* NSObject+MagicClearCatalogFilter.m */; };
		8BAE7EB81C47984100A505FD /* NSObject+MagicDVTBezelAlertPanel.m in Sources */ = {isa = PBXBuildFile; fileRef = 8BAE7EB21C47984100A505FD /* NSObject+MagicDVTBezelAlertPanel.m */; };
		8BAE7EBA1C47984100A505FD /* NSObject+MethodSwizzler.m in Sources */ = {isa = PBXBuildFile; fileRef = 8BAE7EB61C47984100A505FD /* NSObject+MethodSwizzler.m */; };
		8BAE7EBE1C4798E700A505FD /* QYPreferencesModel.m in Sources */ = {isa = PBXBuildFile; fileRef = 8BAE7EBD1C4798E700A505FD /* QYPreferencesModel.m */; };
		8BB854F91C9699E30042FC02 /* QYAutoModelMenuItem.m in Sources */ = {isa = PBXBuildFile; fileRef = 8BB854F81C9699E30042FC02 /* QYAutoModelMenuItem.m */; };
		8BE7E3651D0FFC2D0042E4F5 /* Settings-getter.png in Resources */ = {isa = PBXBuildFile; fileRef = 8BE7E3641D0FFC2D0042E4F5 /* Settings-getter.png */; };
		8BE7E3671D0FFC790042E4F5 /* formate-code-icon.png in Resources */ = {isa = PBXBuildFile; fileRef = 8BE7E3661D0FFC790042E4F5 /* formate-code-icon.png */; };
		8BE7E3691D0FFD840042E4F5 /* JSON-Code-icon.png in Resources */ = {isa = PBXBuildFile; fileRef = 8BE7E3681D0FFD840042E4F5 /* JSON-Code-icon.png */; };
		8BF346821C9C362000BD2BE4 /* QYAutoModelHelper.m in Sources */ = {isa = PBXBuildFile; fileRef = 8BF346811C9C362000BD2BE4 /* QYAutoModelHelper.m */; };
		8BF5F6821BFDB14E00F4A4AD /* TemplateIcon.png in Resources */ = {isa = PBXBuildFile; fileRef = 8BF5F6681BFDB14E00F4A4AD /* TemplateIcon.png */; };
		8BF5F6831BFDB14E00F4A4AD /* TemplateIcon@2x.png in Resources */ = {isa = PBXBuildFile; fileRef = 8BF5F6691BFDB14E00F4A4AD /* TemplateIcon@2x.png */; };
		8BF5F6841BFDB14E00F4A4AD /* TemplateInfo.plist in Resources */ = {isa = PBXBuildFile; fileRef = 8BF5F66A1BFDB14E00F4A4AD /* TemplateInfo.plist */; };
/* End PBXBuildFile section */

/* Begin PBXFileReference section */
		16364214EC190002C2584301 /* libPods.a */ = {isa = PBXFileReference; explicitFileType = archive.ar; includeInIndex = 0; path = libPods.a; sourceTree = BUILT_PRODUCTS_DIR; };
		8B02E22A1C1ED4A1005CE6D2 /* ___FILEBASENAME___.h */ = {isa = PBXFileReference; fileEncoding = 4; lastKnownFileType = sourcecode.c.h; path = "___FILEBASENAME___.h"; sourceTree = "<group>"; };
		8B02E22B1C1ED4A1005CE6D2 /* ___FILEBASENAME___.m */ = {isa = PBXFileReference; fileEncoding = 4; lastKnownFileType = sourcecode.c.objc; path = "___FILEBASENAME___.m"; sourceTree = "<group>"; };
		8B02E22D1C1ED4A1005CE6D2 /* ___FILEBASENAME___.swift */ = {isa = PBXFileReference; fileEncoding = 4; lastKnownFileType = sourcecode.swift; path = "___FILEBASENAME___.swift"; sourceTree = "<group>"; };
		8B02E2341C1ED580005CE6D2 /* ___FILEBASENAME___.h */ = {isa = PBXFileReference; fileEncoding = 4; lastKnownFileType = sourcecode.c.h; path = "___FILEBASENAME___.h"; sourceTree = "<group>"; };
		8B02E2351C1ED580005CE6D2 /* ___FILEBASENAME___.m */ = {isa = PBXFileReference; fileEncoding = 4; lastKnownFileType = sourcecode.c.objc; path = "___FILEBASENAME___.m"; sourceTree = "<group>"; };
		8B02E2371C1ED580005CE6D2 /* ___FILEBASENAME___.swift */ = {isa = PBXFileReference; fileEncoding = 4; lastKnownFileType = sourcecode.swift; path = "___FILEBASENAME___.swift"; sourceTree = "<group>"; };
		8B05B57E1BF5A32E00F37998 /* Carbon.framework */ = {isa = PBXFileReference; lastKnownFileType = wrapper.framework; name = Carbon.framework; path = System/Library/Frameworks/Carbon.framework; sourceTree = SDKROOT; };
		8B08157F1C8D2422003B5B18 /* ___FILEBASENAME___.h */ = {isa = PBXFileReference; fileEncoding = 4; lastKnownFileType = sourcecode.c.h; path = "___FILEBASENAME___.h"; sourceTree = "<group>"; };
		8B0815801C8D2422003B5B18 /* ___FILEBASENAME___.m */ = {isa = PBXFileReference; fileEncoding = 4; lastKnownFileType = sourcecode.c.objc; path = "___FILEBASENAME___.m"; sourceTree = "<group>"; };
		8B0815821C8D2422003B5B18 /* ___FILEBASENAME___.swift */ = {isa = PBXFileReference; fileEncoding = 4; lastKnownFileType = sourcecode.swift; path = "___FILEBASENAME___.swift"; sourceTree = "<group>"; };
		8B0F547F1CBB763D00F8C3D0 /* QYUpdateModel.h */ = {isa = PBXFileReference; fileEncoding = 4; lastKnownFileType = sourcecode.c.h; path = QYUpdateModel.h; sourceTree = "<group>"; };
		8B0F54801CBB763D00F8C3D0 /* QYUpdateModel.m */ = {isa = PBXFileReference; fileEncoding = 4; lastKnownFileType = sourcecode.c.objc; path = QYUpdateModel.m; sourceTree = "<group>"; };
		8B4829361CC24DBD00DEB1C8 /* QYXcodePlugIn-Info.plist */ = {isa = PBXFileReference; fileEncoding = 4; lastKnownFileType = text.plist.xml; path = "QYXcodePlugIn-Info.plist"; sourceTree = "<group>"; };
		8B4C00801BF7852300A77AD9 /* PTHotKey.framework */ = {isa = PBXFileReference; lastKnownFileType = wrapper.framework; name = PTHotKey.framework; path = "../../../Library/Developer/Xcode/DerivedData/QYXcodePlugIn-hjbnfeaqaloqdidevqlvfdkprpws/Build/Products/Release/PTHotKey.framework"; sourceTree = "<group>"; };
		8B4C00811BF7852300A77AD9 /* ShortcutRecorder.framework */ = {isa = PBXFileReference; lastKnownFileType = wrapper.framework; name = ShortcutRecorder.framework; path = "../../../Library/Developer/Xcode/DerivedData/QYXcodePlugIn-hjbnfeaqaloqdidevqlvfdkprpws/Build/Products/Release/ShortcutRecorder.framework"; sourceTree = "<group>"; };
		8B54D17D1CA263CB00B67A5F /* images.xcassets */ = {isa = PBXFileReference; lastKnownFileType = folder.assetcatalog; path = images.xcassets; sourceTree = "<group>"; };
		8B54D17F1CA272DE00B67A5F /* QYTapImageView.h */ = {isa = PBXFileReference; fileEncoding = 4; lastKnownFileType = sourcecode.c.h; path = QYTapImageView.h; sourceTree = "<group>"; };
		8B54D1801CA272DE00B67A5F /* QYTapImageView.m */ = {isa = PBXFileReference; fileEncoding = 4; lastKnownFileType = sourcecode.c.objc; path = QYTapImageView.m; sourceTree = "<group>"; };
		8B54D1851CA2C51D00B67A5F /* flash_bang.png */ = {isa = PBXFileReference; lastKnownFileType = image.png; path = flash_bang.png; sourceTree = "<group>"; };
		8B57FCFF1C9BDE0E00A260F5 /* ESClassInfo.h */ = {isa = PBXFileReference; fileEncoding = 4; lastKnownFileType = sourcecode.c.h; path = ESClassInfo.h; sourceTree = "<group>"; };
		8B57FD001C9BDE0E00A260F5 /* ESClassInfo.m */ = {isa = PBXFileReference; fileEncoding = 4; lastKnownFileType = sourcecode.c.objc; path = ESClassInfo.m; sourceTree = "<group>"; };
		8B60ADA41BABB7F100672762 /* QYXcodePlugIn.xcplugin */ = {isa = PBXFileReference; explicitFileType = wrapper.cfbundle; includeInIndex = 0; path = QYXcodePlugIn.xcplugin; sourceTree = BUILT_PRODUCTS_DIR; };
		8B60ADA71BABB7F100672762 /* AppKit.framework */ = {isa = PBXFileReference; lastKnownFileType = wrapper.framework; name = AppKit.framework; path = /System/Library/Frameworks/AppKit.framework; sourceTree = "<absolute>"; };
		8B60ADA91BABB7F100672762 /* Foundation.framework */ = {isa = PBXFileReference; lastKnownFileType = wrapper.framework; name = Foundation.framework; path = /System/Library/Frameworks/Foundation.framework; sourceTree = "<absolute>"; };
		8B60AE281BABCEBB00672762 /* Cocoa.framework */ = {isa = PBXFileReference; lastKnownFileType = wrapper.framework; name = Cocoa.framework; path = System/Library/Frameworks/Cocoa.framework; sourceTree = SDKROOT; };
		8B63E78D1CC4FA07009E4DC1 /* logo.png */ = {isa = PBXFileReference; lastKnownFileType = image.png; path = logo.png; sourceTree = "<group>"; };
		8B760F3A1D0E848E00762EF6 /* PreferencesGeneralViewController.h */ = {isa = PBXFileReference; fileEncoding = 4; lastKnownFileType = sourcecode.c.h; name = PreferencesGeneralViewController.h; path = ../../PreferencesGeneralViewController.h; sourceTree = "<group>"; };
		8B760F3B1D0E848E00762EF6 /* PreferencesGeneralViewController.m */ = {isa = PBXFileReference; fileEncoding = 4; lastKnownFileType = sourcecode.c.objc; name = PreferencesGeneralViewController.m; path = ../../PreferencesGeneralViewController.m; sourceTree = "<group>"; };
		8B760F3C1D0E848E00762EF6 /* PreferencesGeneralViewController.xib */ = {isa = PBXFileReference; fileEncoding = 4; lastKnownFileType = file.xib; name = PreferencesGeneralViewController.xib; path = ../../PreferencesGeneralViewController.xib; sourceTree = "<group>"; };
		8B760F3F1D0E849D00762EF6 /* PreferencesJSONHandleViewController.h */ = {isa = PBXFileReference; fileEncoding = 4; lastKnownFileType = sourcecode.c.h; name = PreferencesJSONHandleViewController.h; path = ../../PreferencesJSONHandleViewController.h; sourceTree = "<group>"; };
		8B760F401D0E849D00762EF6 /* PreferencesJSONHandleViewController.m */ = {isa = PBXFileReference; fileEncoding = 4; lastKnownFileType = sourcecode.c.objc; name = PreferencesJSONHandleViewController.m; path = ../../PreferencesJSONHandleViewController.m; sourceTree = "<group>"; };
		8B760F411D0E849D00762EF6 /* PreferencesJSONHandleViewController.xib */ = {isa = PBXFileReference; fileEncoding = 4; lastKnownFileType = file.xib; name = PreferencesJSONHandleViewController.xib; path = ../../PreferencesJSONHandleViewController.xib; sourceTree = "<group>"; };
		8B760F441D0E927000762EF6 /* PreferencesGetterViewController.h */ = {isa = PBXFileReference; fileEncoding = 4; lastKnownFileType = sourcecode.c.h; path = PreferencesGetterViewController.h; sourceTree = "<group>"; };
		8B760F451D0E927000762EF6 /* PreferencesGetterViewController.m */ = {isa = PBXFileReference; fileEncoding = 4; lastKnownFileType = sourcecode.c.objc; path = PreferencesGetterViewController.m; sourceTree = "<group>"; };
		8B760F461D0E927000762EF6 /* PreferencesGetterViewController.xib */ = {isa = PBXFileReference; fileEncoding = 4; lastKnownFileType = file.xib; path = PreferencesGetterViewController.xib; sourceTree = "<group>"; };
		8B760F491D0E92A300762EF6 /* PreferencesFormateCodeViewController.h */ = {isa = PBXFileReference; fileEncoding = 4; lastKnownFileType = sourcecode.c.h; path = PreferencesFormateCodeViewController.h; sourceTree = "<group>"; };
		8B760F4A1D0E92A300762EF6 /* PreferencesFormateCodeViewController.m */ = {isa = PBXFileReference; fileEncoding = 4; lastKnownFileType = sourcecode.c.objc; path = PreferencesFormateCodeViewController.m; sourceTree = "<group>"; };
		8B760F4B1D0E92A300762EF6 /* PreferencesFormateCodeViewController.xib */ = {isa = PBXFileReference; fileEncoding = 4; lastKnownFileType = file.xib; path = PreferencesFormateCodeViewController.xib; sourceTree = "<group>"; };
		8B8516841C96B5CD00D927E5 /* ESDialogController.h */ = {isa = PBXFileReference; fileEncoding = 4; lastKnownFileType = sourcecode.c.h; path = ESDialogController.h; sourceTree = "<group>"; };
		8B8516851C96B5CD00D927E5 /* ESDialogController.m */ = {isa = PBXFileReference; fileEncoding = 4; lastKnownFileType = sourcecode.c.objc; path = ESDialogController.m; sourceTree = "<group>"; };
		8B8516861C96B5CD00D927E5 /* ESDialogController.xib */ = {isa = PBXFileReference; fileEncoding = 4; lastKnownFileType = file.xib; path = ESDialogController.xib; sourceTree = "<group>"; };
		8B8516871C96B5CD00D927E5 /* ESInputJsonController.h */ = {isa = PBXFileReference; fileEncoding = 4; lastKnownFileType = sourcecode.c.h; path = ESInputJsonController.h; sourceTree = "<group>"; };
		8B8516881C96B5CD00D927E5 /* ESInputJsonController.m */ = {isa = PBXFileReference; fileEncoding = 4; lastKnownFileType = sourcecode.c.objc; path = ESInputJsonController.m; sourceTree = "<group>"; };
		8B8516891C96B5CD00D927E5 /* ESInputJsonController.xib */ = {isa = PBXFileReference; fileEncoding = 4; lastKnownFileType = file.xib; path = ESInputJsonController.xib; sourceTree = "<group>"; };
		8B8D837A1BF5B9EC0016A838 /* QYXcodePlugIn.pch */ = {isa = PBXFileReference; lastKnownFileType = sourcecode.c.h; path = QYXcodePlugIn.pch; sourceTree = "<group>"; };
		8B9C6BD71BB1247700242629 /* setupHelper.sh */ = {isa = PBXFileReference; fileEncoding = 4; lastKnownFileType = text.script.sh; path = setupHelper.sh; sourceTree = "<group>"; };
		8B9C6C511BB129ED00242629 /* QYXcodePlugIn.h */ = {isa = PBXFileReference; fileEncoding = 4; lastKnownFileType = sourcecode.c.h; name = QYXcodePlugIn.h; path = Main/QYXcodePlugIn.h; sourceTree = "<group>"; };
		8B9C6C521BB129ED00242629 /* QYXcodePlugIn.m */ = {isa = PBXFileReference; fileEncoding = 4; lastKnownFileType = sourcecode.c.objc; name = QYXcodePlugIn.m; path = Main/QYXcodePlugIn.m; sourceTree = "<group>"; };
		8B9ED1EB1C337D900072CCE2 /* LAFIDESourceCodeEditor.h */ = {isa = PBXFileReference; fileEncoding = 4; lastKnownFileType = sourcecode.c.h; path = LAFIDESourceCodeEditor.h; sourceTree = "<group>"; };
		8B9ED1EC1C337D900072CCE2 /* LAFIDESourceCodeEditor.m */ = {isa = PBXFileReference; fileEncoding = 4; lastKnownFileType = sourcecode.c.objc; path = LAFIDESourceCodeEditor.m; sourceTree = "<group>"; };
		8BA8522F1BF7879600EE9398 /* DVTSourceTextStorage+Operations.h */ = {isa = PBXFileReference; fileEncoding = 4; lastKnownFileType = sourcecode.c.h; path = "DVTSourceTextStorage+Operations.h"; sourceTree = "<group>"; };
		8BA852301BF7879600EE9398 /* DVTSourceTextStorage+Operations.m */ = {isa = PBXFileReference; fileEncoding = 4; lastKnownFileType = sourcecode.c.objc; path = "DVTSourceTextStorage+Operations.m"; sourceTree = "<group>"; };
		8BA852311BF7879600EE9398 /* NSArray+Operations.h */ = {isa = PBXFileReference; fileEncoding = 4; lastKnownFileType = sourcecode.c.h; path = "NSArray+Operations.h"; sourceTree = "<group>"; };
		8BA852321BF7879600EE9398 /* NSArray+Operations.m */ = {isa = PBXFileReference; fileEncoding = 4; lastKnownFileType = sourcecode.c.objc; path = "NSArray+Operations.m"; sourceTree = "<group>"; };
		8BA852331BF7879600EE9398 /* NSFileManager+Headers.h */ = {isa = PBXFileReference; fileEncoding = 4; lastKnownFileType = sourcecode.c.h; path = "NSFileManager+Headers.h"; sourceTree = "<group>"; };
		8BA852341BF7879600EE9398 /* NSFileManager+Headers.m */ = {isa = PBXFileReference; fileEncoding = 4; lastKnownFileType = sourcecode.c.objc; path = "NSFileManager+Headers.m"; sourceTree = "<group>"; };
		8BA852351BF7879600EE9398 /* NSMutableIndexSet+NSArray.h */ = {isa = PBXFileReference; fileEncoding = 4; lastKnownFileType = sourcecode.c.h; path = "NSMutableIndexSet+NSArray.h"; sourceTree = "<group>"; };
		8BA852361BF7879600EE9398 /* NSMutableIndexSet+NSArray.m */ = {isa = PBXFileReference; fileEncoding = 4; lastKnownFileType = sourcecode.c.objc; path = "NSMutableIndexSet+NSArray.m"; sourceTree = "<group>"; };
		8BA852371BF7879600EE9398 /* NSObject+MHLogMethods.h */ = {isa = PBXFileReference; fileEncoding = 4; lastKnownFileType = sourcecode.c.h; path = "NSObject+MHLogMethods.h"; sourceTree = "<group>"; };
		8BA852381BF7879600EE9398 /* NSObject+MHLogMethods.m */ = {isa = PBXFileReference; fileEncoding = 4; lastKnownFileType = sourcecode.c.objc; path = "NSObject+MHLogMethods.m"; sourceTree = "<group>"; };
		8BA852391BF7879600EE9398 /* NSString+Extensions.h */ = {isa = PBXFileReference; fileEncoding = 4; lastKnownFileType = sourcecode.c.h; path = "NSString+Extensions.h"; sourceTree = "<group>"; };
		8BA8523A1BF7879600EE9398 /* NSString+Extensions.m */ = {isa = PBXFileReference; fileEncoding = 4; lastKnownFileType = sourcecode.c.objc; path = "NSString+Extensions.m"; sourceTree = "<group>"; };
		8BA8523B1BF7879600EE9398 /* NSString+Files.h */ = {isa = PBXFileReference; fileEncoding = 4; lastKnownFileType = sourcecode.c.h; path = "NSString+Files.h"; sourceTree = "<group>"; };
		8BA8523C1BF7879600EE9398 /* NSString+Files.m */ = {isa = PBXFileReference; fileEncoding = 4; lastKnownFileType = sourcecode.c.objc; path = "NSString+Files.m"; sourceTree = "<group>"; };
		8BA8523D1BF7879600EE9398 /* NSString+MHNSRange.h */ = {isa = PBXFileReference; fileEncoding = 4; lastKnownFileType = sourcecode.c.h; path = "NSString+MHNSRange.h"; sourceTree = "<group>"; };
		8BA8523E1BF7879600EE9398 /* NSString+MHNSRange.m */ = {isa = PBXFileReference; fileEncoding = 4; lastKnownFileType = sourcecode.c.objc; path = "NSString+MHNSRange.m"; sourceTree = "<group>"; };
		8BA8523F1BF7879600EE9398 /* NSTextView+Operations.h */ = {isa = PBXFileReference; fileEncoding = 4; lastKnownFileType = sourcecode.c.h; path = "NSTextView+Operations.h"; sourceTree = "<group>"; };
		8BA852401BF7879600EE9398 /* NSTextView+Operations.m */ = {isa = PBXFileReference; fileEncoding = 4; lastKnownFileType = sourcecode.c.objc; path = "NSTextView+Operations.m"; sourceTree = "<group>"; };
		8BA852411BF7879600EE9398 /* NSView+Dumping.h */ = {isa = PBXFileReference; fileEncoding = 4; lastKnownFileType = sourcecode.c.h; path = "NSView+Dumping.h"; sourceTree = "<group>"; };
		8BA852421BF7879600EE9398 /* NSView+Dumping.m */ = {isa = PBXFileReference; fileEncoding = 4; lastKnownFileType = sourcecode.c.objc; path = "NSView+Dumping.m"; sourceTree = "<group>"; };
		8BA852431BF7879600EE9398 /* XCSourceFile+Path.h */ = {isa = PBXFileReference; fileEncoding = 4; lastKnownFileType = sourcecode.c.h; path = "XCSourceFile+Path.h"; sourceTree = "<group>"; };
		8BA852441BF7879600EE9398 /* XCSourceFile+Path.m */ = {isa = PBXFileReference; fileEncoding = 4; lastKnownFileType = sourcecode.c.objc; path = "XCSourceFile+Path.m"; sourceTree = "<group>"; };
		8BA852471BF7879600EE9398 /* MHXcodeDocumentNavigator.h */ = {isa = PBXFileReference; fileEncoding = 4; lastKnownFileType = sourcecode.c.h; path = MHXcodeDocumentNavigator.h; sourceTree = "<group>"; };
		8BA852481BF7879600EE9398 /* MHXcodeDocumentNavigator.m */ = {isa = PBXFileReference; fileEncoding = 4; lastKnownFileType = sourcecode.c.objc; path = MHXcodeDocumentNavigator.m; sourceTree = "<group>"; };
		8BA852491BF7879600EE9398 /* XCFXcodePrivate.h */ = {isa = PBXFileReference; fileEncoding = 4; lastKnownFileType = sourcecode.c.h; path = XCFXcodePrivate.h; sourceTree = "<group>"; };
		8BA8524C1BF7879600EE9398 /* NSString+XCAdditions.h */ = {isa = PBXFileReference; fileEncoding = 4; lastKnownFileType = sourcecode.c.h; path = "NSString+XCAdditions.h"; sourceTree = "<group>"; };
		8BA8524D1BF7879600EE9398 /* NSString+XCAdditions.m */ = {isa = PBXFileReference; fileEncoding = 4; lastKnownFileType = sourcecode.c.objc; path = "NSString+XCAdditions.m"; sourceTree = "<group>"; };
		8BA8524E1BF7879600EE9398 /* XCProject+Extensions.h */ = {isa = PBXFileReference; fileEncoding = 4; lastKnownFileType = sourcecode.c.h; path = "XCProject+Extensions.h"; sourceTree = "<group>"; };
		8BA8524F1BF7879600EE9398 /* XCProject+Extensions.m */ = {isa = PBXFileReference; fileEncoding = 4; lastKnownFileType = sourcecode.c.objc; path = "XCProject+Extensions.m"; sourceTree = "<group>"; };
		8BA852501BF7879600EE9398 /* XCTarget+XCProject.h */ = {isa = PBXFileReference; fileEncoding = 4; lastKnownFileType = sourcecode.c.h; path = "XCTarget+XCProject.h"; sourceTree = "<group>"; };
		8BA852511BF7879600EE9398 /* XCTarget+XCProject.m */ = {isa = PBXFileReference; fileEncoding = 4; lastKnownFileType = sourcecode.c.objc; path = "XCTarget+XCProject.m"; sourceTree = "<group>"; };
		8BA852521BF7879600EE9398 /* XCBuildSettings.h */ = {isa = PBXFileReference; fileEncoding = 4; lastKnownFileType = sourcecode.c.h; path = XCBuildSettings.h; sourceTree = "<group>"; };
		8BA852531BF7879600EE9398 /* XCBuildSettings.m */ = {isa = PBXFileReference; fileEncoding = 4; lastKnownFileType = sourcecode.c.objc; path = XCBuildSettings.m; sourceTree = "<group>"; };
		8BA852541BF7879600EE9398 /* XCWorkspace.h */ = {isa = PBXFileReference; fileEncoding = 4; lastKnownFileType = sourcecode.c.h; path = XCWorkspace.h; sourceTree = "<group>"; };
		8BA852551BF7879600EE9398 /* XCWorkspace.m */ = {isa = PBXFileReference; fileEncoding = 4; lastKnownFileType = sourcecode.c.objc; path = XCWorkspace.m; sourceTree = "<group>"; };
		8BA8529D1BF7886000EE9398 /* QYIDENotificationHandler.h */ = {isa = PBXFileReference; fileEncoding = 4; lastKnownFileType = sourcecode.c.h; name = QYIDENotificationHandler.h; path = Main/QYIDENotificationHandler.h; sourceTree = "<group>"; };
		8BA8529E1BF7886000EE9398 /* QYIDENotificationHandler.m */ = {isa = PBXFileReference; fileEncoding = 4; lastKnownFileType = sourcecode.c.objc; name = QYIDENotificationHandler.m; path = Main/QYIDENotificationHandler.m; sourceTree = "<group>"; };
		8BA8529F1BF7886000EE9398 /* QYWindowsCloseProtocol.h */ = {isa = PBXFileReference; fileEncoding = 4; lastKnownFileType = sourcecode.c.h; name = QYWindowsCloseProtocol.h; path = Main/QYWindowsCloseProtocol.h; sourceTree = "<group>"; };
		8BA852C01BF78A6700EE9398 /* QYClangFormat.h */ = {isa = PBXFileReference; fileEncoding = 4; lastKnownFileType = sourcecode.c.h; path = QYClangFormat.h; sourceTree = "<group>"; };
		8BA852C11BF78A6700EE9398 /* QYClangFormat.m */ = {isa = PBXFileReference; fileEncoding = 4; lastKnownFileType = sourcecode.c.objc; path = QYClangFormat.m; sourceTree = "<group>"; };
		8BAD45D81CC5C4A9002DB990 /* QYUpdateAlert.h */ = {isa = PBXFileReference; fileEncoding = 4; lastKnownFileType = sourcecode.c.h; path = QYUpdateAlert.h; sourceTree = "<group>"; };
		8BAD45D91CC5C4A9002DB990 /* QYUpdateAlert.m */ = {isa = PBXFileReference; fileEncoding = 4; lastKnownFileType = sourcecode.c.objc; path = QYUpdateAlert.m; sourceTree = "<group>"; };
		8BAD45DA1CC5C4A9002DB990 /* QYUpdateAlert.xib */ = {isa = PBXFileReference; fileEncoding = 4; lastKnownFileType = file.xib; path = QYUpdateAlert.xib; sourceTree = "<group>"; };
		8BAE7E851C4797E300A505FD /* NSMenu+RegisterMenuItem.h */ = {isa = PBXFileReference; fileEncoding = 4; lastKnownFileType = sourcecode.c.h; name = "NSMenu+RegisterMenuItem.h"; path = "Menus/NSMenu+RegisterMenuItem.h"; sourceTree = "<group>"; };
		8BAE7E861C4797E300A505FD /* NSMenu+RegisterMenuItem.m */ = {isa = PBXFileReference; fileEncoding = 4; lastKnownFileType = sourcecode.c.objc; name = "NSMenu+RegisterMenuItem.m"; path = "Menus/NSMenu+RegisterMenuItem.m"; sourceTree = "<group>"; };
		8BAE7E871C4797E300A505FD /* QYAutoGetterMenuItem.h */ = {isa = PBXFileReference; fileEncoding = 4; lastKnownFileType = sourcecode.c.h; name = QYAutoGetterMenuItem.h; path = Menus/QYAutoGetterMenuItem.h; sourceTree = "<group>"; };
		8BAE7E881C4797E300A505FD /* QYAutoGetterMenuItem.m */ = {isa = PBXFileReference; fileEncoding = 4; lastKnownFileType = sourcecode.c.objc; name = QYAutoGetterMenuItem.m; path = Menus/QYAutoGetterMenuItem.m; sourceTree = "<group>"; };
		8BAE7E891C4797E300A505FD /* QYMenuBaseItem.h */ = {isa = PBXFileReference; fileEncoding = 4; lastKnownFileType = sourcecode.c.h; name = QYMenuBaseItem.h; path = Menus/QYMenuBaseItem.h; sourceTree = "<group>"; };
		8BAE7E8A1C4797E300A505FD /* QYMenuBaseItem.m */ = {isa = PBXFileReference; fileEncoding = 4; lastKnownFileType = sourcecode.c.objc; name = QYMenuBaseItem.m; path = Menus/QYMenuBaseItem.m; sourceTree = "<group>"; };
		8BAE7E8B1C4797E300A505FD /* QYPreferencesMenuItem.h */ = {isa = PBXFileReference; fileEncoding = 4; lastKnownFileType = sourcecode.c.h; name = QYPreferencesMenuItem.h; path = Menus/QYPreferencesMenuItem.h; sourceTree = "<group>"; };
		8BAE7E8C1C4797E300A505FD /* QYPreferencesMenuItem.m */ = {isa = PBXFileReference; fileEncoding = 4; lastKnownFileType = sourcecode.c.objc; name = QYPreferencesMenuItem.m; path = Menus/QYPreferencesMenuItem.m; sourceTree = "<group>"; };
		8BAE7E8D1C4797E300A505FD /* QYRequestVerifiMenuItem.h */ = {isa = PBXFileReference; fileEncoding = 4; lastKnownFileType = sourcecode.c.h; name = QYRequestVerifiMenuItem.h; path = Menus/QYRequestVerifiMenuItem.h; sourceTree = "<group>"; };
		8BAE7E8E1C4797E300A505FD /* QYRequestVerifiMenuItem.m */ = {isa = PBXFileReference; fileEncoding = 4; lastKnownFileType = sourcecode.c.objc; name = QYRequestVerifiMenuItem.m; path = Menus/QYRequestVerifiMenuItem.m; sourceTree = "<group>"; };
		8BAE7E971C47980200A505FD /* QYCategoryAutoGetterSetterAchieve.h */ = {isa = PBXFileReference; fileEncoding = 4; lastKnownFileType = sourcecode.c.h; path = QYCategoryAutoGetterSetterAchieve.h; sourceTree = "<group>"; };
		8BAE7E981C47980200A505FD /* QYCategoryAutoGetterSetterAchieve.m */ = {isa = PBXFileReference; fileEncoding = 4; lastKnownFileType = sourcecode.c.objc; path = QYCategoryAutoGetterSetterAchieve.m; sourceTree = "<group>"; };
		8BAE7E991C47980200A505FD /* QYAutoGetterAchieve.h */ = {isa = PBXFileReference; fileEncoding = 4; lastKnownFileType = sourcecode.c.h; path = QYAutoGetterAchieve.h; sourceTree = "<group>"; };
		8BAE7E9A1C47980200A505FD /* QYAutoGetterAchieve.m */ = {isa = PBXFileReference; fileEncoding = 4; lastKnownFileType = sourcecode.c.objc; path = QYAutoGetterAchieve.m; sourceTree = "<group>"; };
		8BAE7E9E1C47980200A505FD /* QYShortcutRecorderController.h */ = {isa = PBXFileReference; fileEncoding = 4; lastKnownFileType = sourcecode.c.h; path = QYShortcutRecorderController.h; sourceTree = "<group>"; };
		8BAE7E9F1C47980200A505FD /* QYShortcutRecorderController.m */ = {isa = PBXFileReference; fileEncoding = 4; lastKnownFileType = sourcecode.c.objc; path = QYShortcutRecorderController.m; sourceTree = "<group>"; };
		8BAE7EA11C47980200A505FD /* QYRequestVerifyController.h */ = {isa = PBXFileReference; fileEncoding = 4; lastKnownFileType = sourcecode.c.h; path = QYRequestVerifyController.h; sourceTree = "<group>"; };
		8BAE7EA21C47980200A505FD /* QYRequestVerifyController.m */ = {isa = PBXFileReference; fileEncoding = 4; lastKnownFileType = sourcecode.c.objc; path = QYRequestVerifyController.m; sourceTree = "<group>"; };
		8BAE7EA51C47980200A505FD /* QYRequestVerifyController.xib */ = {isa = PBXFileReference; fileEncoding = 4; lastKnownFileType = file.xib; path = QYRequestVerifyController.xib; sourceTree = "<group>"; };
		8BAE7EA61C47980200A505FD /* QYShortcutRecorderController.xib */ = {isa = PBXFileReference; fileEncoding = 4; lastKnownFileType = file.xib; path = QYShortcutRecorderController.xib; sourceTree = "<group>"; };
		8BAE7EAF1C47984100A505FD /* NSObject+MagicClearCatalogFilter.h */ = {isa = PBXFileReference; fileEncoding = 4; lastKnownFileType = sourcecode.c.h; name = "NSObject+MagicClearCatalogFilter.h"; path = "Magic/NSObject+MagicClearCatalogFilter.h"; sourceTree = "<group>"; };
		8BAE7EB01C47984100A505FD /* NSObject+MagicClearCatalogFilter.m */ = {isa = PBXFileReference; fileEncoding = 4; lastKnownFileType = sourcecode.c.objc; name = "NSObject+MagicClearCatalogFilter.m"; path = "Magic/NSObject+MagicClearCatalogFilter.m"; sourceTree = "<group>"; };
		8BAE7EB11C47984100A505FD /* NSObject+MagicDVTBezelAlertPanel.h */ = {isa = PBXFileReference; fileEncoding = 4; lastKnownFileType = sourcecode.c.h; name = "NSObject+MagicDVTBezelAlertPanel.h"; path = "Magic/NSObject+MagicDVTBezelAlertPanel.h"; sourceTree = "<group>"; };
		8BAE7EB21C47984100A505FD /* NSObject+MagicDVTBezelAlertPanel.m */ = {isa = PBXFileReference; fileEncoding = 4; lastKnownFileType = sourcecode.c.objc; name = "NSObject+MagicDVTBezelAlertPanel.m"; path = "Magic/NSObject+MagicDVTBezelAlertPanel.m"; sourceTree = "<group>"; };
		8BAE7EB51C47984100A505FD /* NSObject+MethodSwizzler.h */ = {isa = PBXFileReference; fileEncoding = 4; lastKnownFileType = sourcecode.c.h; name = "NSObject+MethodSwizzler.h"; path = "Magic/NSObject+MethodSwizzler.h"; sourceTree = "<group>"; };
		8BAE7EB61C47984100A505FD /* NSObject+MethodSwizzler.m */ = {isa = PBXFileReference; fileEncoding = 4; lastKnownFileType = sourcecode.c.objc; name = "NSObject+MethodSwizzler.m"; path = "Magic/NSObject+MethodSwizzler.m"; sourceTree = "<group>"; };
		8BAE7EBC1C4798E700A505FD /* QYPreferencesModel.h */ = {isa = PBXFileReference; fileEncoding = 4; lastKnownFileType = sourcecode.c.h; name = QYPreferencesModel.h; path = Model/QYPreferencesModel.h; sourceTree = "<group>"; };
		8BAE7EBD1C4798E700A505FD /* QYPreferencesModel.m */ = {isa = PBXFileReference; fileEncoding = 4; lastKnownFileType = sourcecode.c.objc; name = QYPreferencesModel.m; path = Model/QYPreferencesModel.m; sourceTree = "<group>"; };
		8BB854F71C9699E30042FC02 /* QYAutoModelMenuItem.h */ = {isa = PBXFileReference; fileEncoding = 4; lastKnownFileType = sourcecode.c.h; path = QYAutoModelMenuItem.h; sourceTree = "<group>"; };
		8BB854F81C9699E30042FC02 /* QYAutoModelMenuItem.m */ = {isa = PBXFileReference; fileEncoding = 4; lastKnownFileType = sourcecode.c.objc; path = QYAutoModelMenuItem.m; sourceTree = "<group>"; };
		8BE7E3641D0FFC2D0042E4F5 /* Settings-getter.png */ = {isa = PBXFileReference; lastKnownFileType = image.png; path = "Settings-getter.png"; sourceTree = "<group>"; };
		8BE7E3661D0FFC790042E4F5 /* formate-code-icon.png */ = {isa = PBXFileReference; lastKnownFileType = image.png; path = "formate-code-icon.png"; sourceTree = "<group>"; };
		8BE7E3681D0FFD840042E4F5 /* JSON-Code-icon.png */ = {isa = PBXFileReference; lastKnownFileType = image.png; path = "JSON-Code-icon.png"; sourceTree = "<group>"; };
		8BF346801C9C362000BD2BE4 /* QYAutoModelHelper.h */ = {isa = PBXFileReference; fileEncoding = 4; lastKnownFileType = sourcecode.c.h; path = QYAutoModelHelper.h; sourceTree = "<group>"; };
		8BF346811C9C362000BD2BE4 /* QYAutoModelHelper.m */ = {isa = PBXFileReference; fileEncoding = 4; lastKnownFileType = sourcecode.c.objc; path = QYAutoModelHelper.m; sourceTree = "<group>"; };
		8BF5F65A1BFDB14E00F4A4AD /* ___FILEBASENAME___.h */ = {isa = PBXFileReference; fileEncoding = 4; lastKnownFileType = sourcecode.c.h; path = "___FILEBASENAME___.h"; sourceTree = "<group>"; };
		8BF5F65B1BFDB14E00F4A4AD /* ___FILEBASENAME___.m */ = {isa = PBXFileReference; fileEncoding = 4; lastKnownFileType = sourcecode.c.objc; path = "___FILEBASENAME___.m"; sourceTree = "<group>"; };
		8BF5F65D1BFDB14E00F4A4AD /* ___FILEBASENAME___.swift */ = {isa = PBXFileReference; fileEncoding = 4; lastKnownFileType = sourcecode.swift; path = "___FILEBASENAME___.swift"; sourceTree = "<group>"; };
		8BF5F65F1BFDB14E00F4A4AD /* ___FILEBASENAME___.h */ = {isa = PBXFileReference; fileEncoding = 4; lastKnownFileType = sourcecode.c.h; path = "___FILEBASENAME___.h"; sourceTree = "<group>"; };
		8BF5F6601BFDB14E00F4A4AD /* ___FILEBASENAME___.m */ = {isa = PBXFileReference; fileEncoding = 4; lastKnownFileType = sourcecode.c.objc; path = "___FILEBASENAME___.m"; sourceTree = "<group>"; };
		8BF5F6621BFDB14E00F4A4AD /* ___FILEBASENAME___.h */ = {isa = PBXFileReference; fileEncoding = 4; lastKnownFileType = sourcecode.c.h; path = "___FILEBASENAME___.h"; sourceTree = "<group>"; };
		8BF5F6631BFDB14E00F4A4AD /* ___FILEBASENAME___.m */ = {isa = PBXFileReference; fileEncoding = 4; lastKnownFileType = sourcecode.c.objc; path = "___FILEBASENAME___.m"; sourceTree = "<group>"; };
		8BF5F6651BFDB14E00F4A4AD /* ___FILEBASENAME___.swift */ = {isa = PBXFileReference; fileEncoding = 4; lastKnownFileType = sourcecode.swift; path = "___FILEBASENAME___.swift"; sourceTree = "<group>"; };
		8BF5F6671BFDB14E00F4A4AD /* ___FILEBASENAME___.swift */ = {isa = PBXFileReference; fileEncoding = 4; lastKnownFileType = sourcecode.swift; path = "___FILEBASENAME___.swift"; sourceTree = "<group>"; };
		8BF5F6681BFDB14E00F4A4AD /* TemplateIcon.png */ = {isa = PBXFileReference; lastKnownFileType = image.png; path = TemplateIcon.png; sourceTree = "<group>"; };
		8BF5F6691BFDB14E00F4A4AD /* TemplateIcon@2x.png */ = {isa = PBXFileReference; lastKnownFileType = image.png; path = "TemplateIcon@2x.png"; sourceTree = "<group>"; };
		8BF5F66A1BFDB14E00F4A4AD /* TemplateInfo.plist */ = {isa = PBXFileReference; fileEncoding = 4; lastKnownFileType = text.plist.xml; path = TemplateInfo.plist; sourceTree = "<group>"; };
		8BF5F66C1BFDB14E00F4A4AD /* ___FILEBASENAME___.h */ = {isa = PBXFileReference; fileEncoding = 4; lastKnownFileType = sourcecode.c.h; path = "___FILEBASENAME___.h"; sourceTree = "<group>"; };
		8BF5F66D1BFDB14E00F4A4AD /* ___FILEBASENAME___.m */ = {isa = PBXFileReference; fileEncoding = 4; lastKnownFileType = sourcecode.c.objc; path = "___FILEBASENAME___.m"; sourceTree = "<group>"; };
		8BF5F66F1BFDB14E00F4A4AD /* ___FILEBASENAME___.swift */ = {isa = PBXFileReference; fileEncoding = 4; lastKnownFileType = sourcecode.swift; path = "___FILEBASENAME___.swift"; sourceTree = "<group>"; };
		8BF5F6711BFDB14E00F4A4AD /* ___FILEBASENAME___.h */ = {isa = PBXFileReference; fileEncoding = 4; lastKnownFileType = sourcecode.c.h; path = "___FILEBASENAME___.h"; sourceTree = "<group>"; };
		8BF5F6721BFDB14E00F4A4AD /* ___FILEBASENAME___.m */ = {isa = PBXFileReference; fileEncoding = 4; lastKnownFileType = sourcecode.c.objc; path = "___FILEBASENAME___.m"; sourceTree = "<group>"; };
		8BF5F6741BFDB14E00F4A4AD /* ___FILEBASENAME___.swift */ = {isa = PBXFileReference; fileEncoding = 4; lastKnownFileType = sourcecode.swift; path = "___FILEBASENAME___.swift"; sourceTree = "<group>"; };
		8BF5F6761BFDB14E00F4A4AD /* ___FILEBASENAME___.h */ = {isa = PBXFileReference; fileEncoding = 4; lastKnownFileType = sourcecode.c.h; path = "___FILEBASENAME___.h"; sourceTree = "<group>"; };
		8BF5F6771BFDB14E00F4A4AD /* ___FILEBASENAME___.m */ = {isa = PBXFileReference; fileEncoding = 4; lastKnownFileType = sourcecode.c.objc; path = "___FILEBASENAME___.m"; sourceTree = "<group>"; };
		8BF5F6791BFDB14E00F4A4AD /* ___FILEBASENAME___.swift */ = {isa = PBXFileReference; fileEncoding = 4; lastKnownFileType = sourcecode.swift; path = "___FILEBASENAME___.swift"; sourceTree = "<group>"; };
		940CA719D7EFF7660C6D0A34 /* Pods.debug.xcconfig */ = {isa = PBXFileReference; includeInIndex = 1; lastKnownFileType = text.xcconfig; name = Pods.debug.xcconfig; path = "Pods/Target Support Files/Pods/Pods.debug.xcconfig"; sourceTree = "<group>"; };
		CB1A73215DF88DC37016DD6C /* Pods.release.xcconfig */ = {isa = PBXFileReference; includeInIndex = 1; lastKnownFileType = text.xcconfig; name = Pods.release.xcconfig; path = "Pods/Target Support Files/Pods/Pods.release.xcconfig"; sourceTree = "<group>"; };
/* End PBXFileReference section */

/* Begin PBXFrameworksBuildPhase section */
		8B60ADA21BABB7F100672762 /* Frameworks */ = {
			isa = PBXFrameworksBuildPhase;
			buildActionMask = 2147483647;
			files = (
				8B4C00821BF7852300A77AD9 /* PTHotKey.framework in Frameworks */,
				8B4C00831BF7852300A77AD9 /* ShortcutRecorder.framework in Frameworks */,
				8B05B57F1BF5A32E00F37998 /* Carbon.framework in Frameworks */,
				8B60AE291BABCEBB00672762 /* Cocoa.framework in Frameworks */,
				8B60ADA81BABB7F100672762 /* AppKit.framework in Frameworks */,
				8B60ADAA1BABB7F100672762 /* Foundation.framework in Frameworks */,
				6071F821A8C8831C3A24495E /* libPods.a in Frameworks */,
			);
			runOnlyForDeploymentPostprocessing = 0;
		};
/* End PBXFrameworksBuildPhase section */

/* Begin PBXGroup section */
		8B02E2291C1ED4A1005CE6D2 /* NSObjectDelegateUITableViewDelegateObjective-C */ = {
			isa = PBXGroup;
			children = (
				8B02E22A1C1ED4A1005CE6D2 /* ___FILEBASENAME___.h */,
				8B02E22B1C1ED4A1005CE6D2 /* ___FILEBASENAME___.m */,
			);
			path = "NSObjectDelegateUITableViewDelegateObjective-C";
			sourceTree = "<group>";
		};
		8B02E22C1C1ED4A1005CE6D2 /* NSObjectDelegateUITableViewDelegateSwift */ = {
			isa = PBXGroup;
			children = (
				8B02E22D1C1ED4A1005CE6D2 /* ___FILEBASENAME___.swift */,
			);
			path = NSObjectDelegateUITableViewDelegateSwift;
			sourceTree = "<group>";
		};
		8B02E2331C1ED580005CE6D2 /* NSObjectDelegateUICollectionViewDelegateObjective-C */ = {
			isa = PBXGroup;
			children = (
				8B02E2341C1ED580005CE6D2 /* ___FILEBASENAME___.h */,
				8B02E2351C1ED580005CE6D2 /* ___FILEBASENAME___.m */,
			);
			path = "NSObjectDelegateUICollectionViewDelegateObjective-C";
			sourceTree = "<group>";
		};
		8B02E2361C1ED580005CE6D2 /* NSObjectDelegateUICollectionViewDelegateSwift */ = {
			isa = PBXGroup;
			children = (
				8B02E2371C1ED580005CE6D2 /* ___FILEBASENAME___.swift */,
			);
			path = NSObjectDelegateUICollectionViewDelegateSwift;
			sourceTree = "<group>";
		};
		8B08157E1C8D2422003B5B18 /* QYRequestObjective-C */ = {
			isa = PBXGroup;
			children = (
				8B08157F1C8D2422003B5B18 /* ___FILEBASENAME___.h */,
				8B0815801C8D2422003B5B18 /* ___FILEBASENAME___.m */,
			);
			path = "QYRequestObjective-C";
			sourceTree = "<group>";
		};
		8B0815811C8D2422003B5B18 /* QYRequestSwift */ = {
			isa = PBXGroup;
			children = (
				8B0815821C8D2422003B5B18 /* ___FILEBASENAME___.swift */,
			);
			path = QYRequestSwift;
			sourceTree = "<group>";
		};
		8B0F547E1CBB762000F8C3D0 /* Update */ = {
			isa = PBXGroup;
			children = (
				8B0F547F1CBB763D00F8C3D0 /* QYUpdateModel.h */,
				8B0F54801CBB763D00F8C3D0 /* QYUpdateModel.m */,
			);
			name = Update;
			sourceTree = "<group>";
		};
		8B60AD9B1BABB7F100672762 = {
			isa = PBXGroup;
			children = (
				8B63E78D1CC4FA07009E4DC1 /* logo.png */,
				8B9C6BD71BB1247700242629 /* setupHelper.sh */,
				8B9C6BC41BB1232C00242629 /* CodeSnippets */,
				8B9C6BC31BB1231700242629 /* QYFileTemplate */,
				8B60ADAB1BABB7F100672762 /* QYXcodePlugIn */,
				8B60ADA61BABB7F100672762 /* Frameworks */,
				8B60ADA51BABB7F100672762 /* Products */,
				928C19A610157E1BAF33DBBF /* Pods */,
			);
			sourceTree = "<group>";
		};
		8B60ADA51BABB7F100672762 /* Products */ = {
			isa = PBXGroup;
			children = (
				8B60ADA41BABB7F100672762 /* QYXcodePlugIn.xcplugin */,
			);
			name = Products;
			sourceTree = "<group>";
		};
		8B60ADA61BABB7F100672762 /* Frameworks */ = {
			isa = PBXGroup;
			children = (
				8B4C00801BF7852300A77AD9 /* PTHotKey.framework */,
				8B4C00811BF7852300A77AD9 /* ShortcutRecorder.framework */,
				8B05B57E1BF5A32E00F37998 /* Carbon.framework */,
				8B60AE281BABCEBB00672762 /* Cocoa.framework */,
				8B60ADA71BABB7F100672762 /* AppKit.framework */,
				8B60ADA91BABB7F100672762 /* Foundation.framework */,
				16364214EC190002C2584301 /* libPods.a */,
			);
			name = Frameworks;
			sourceTree = "<group>";
		};
		8B60ADAB1BABB7F100672762 /* QYXcodePlugIn */ = {
			isa = PBXGroup;
			children = (
				8BAD45CF1CC5C3B5002DB990 /* Alert */,
				8B0F547E1CBB762000F8C3D0 /* Update */,
				8B9ED1EE1C33E72A0072CCE2 /* Magic */,
				8BAE7EBB1C4798AC00A505FD /* Model */,
				8B746C8F1C27BF2900C4A1A4 /* Menus */,
				8BAE7E941C47980200A505FD /* MenusAction */,
				8B60ADBB1BABB81D00672762 /* Main */,
				8BA8522D1BF7879600EE9398 /* Uitility */,
				8BAE7EA31C47980200A505FD /* Resources */,
				8B60ADAC1BABB7F100672762 /* Supporting Files */,
			);
			path = QYXcodePlugIn;
			sourceTree = "<group>";
		};
		8B60ADAC1BABB7F100672762 /* Supporting Files */ = {
			isa = PBXGroup;
			children = (
				8B4829361CC24DBD00DEB1C8 /* QYXcodePlugIn-Info.plist */,
				8B8D837A1BF5B9EC0016A838 /* QYXcodePlugIn.pch */,
			);
			name = "Supporting Files";
			sourceTree = "<group>";
		};
		8B60ADBB1BABB81D00672762 /* Main */ = {
			isa = PBXGroup;
			children = (
				8BA8529D1BF7886000EE9398 /* QYIDENotificationHandler.h */,
				8BA8529E1BF7886000EE9398 /* QYIDENotificationHandler.m */,
				8BA8529F1BF7886000EE9398 /* QYWindowsCloseProtocol.h */,
				8B9C6C511BB129ED00242629 /* QYXcodePlugIn.h */,
				8B9C6C521BB129ED00242629 /* QYXcodePlugIn.m */,
			);
			name = Main;
			sourceTree = "<group>";
		};
		8B746C8F1C27BF2900C4A1A4 /* Menus */ = {
			isa = PBXGroup;
			children = (
				8BAE7E851C4797E300A505FD /* NSMenu+RegisterMenuItem.h */,
				8BAE7E861C4797E300A505FD /* NSMenu+RegisterMenuItem.m */,
				8BAE7E891C4797E300A505FD /* QYMenuBaseItem.h */,
				8BAE7E8A1C4797E300A505FD /* QYMenuBaseItem.m */,
				8BAE7E871C4797E300A505FD /* QYAutoGetterMenuItem.h */,
				8BAE7E881C4797E300A505FD /* QYAutoGetterMenuItem.m */,
				8BAE7E8D1C4797E300A505FD /* QYRequestVerifiMenuItem.h */,
				8BAE7E8E1C4797E300A505FD /* QYRequestVerifiMenuItem.m */,
				8BAE7E8B1C4797E300A505FD /* QYPreferencesMenuItem.h */,
				8BAE7E8C1C4797E300A505FD /* QYPreferencesMenuItem.m */,
				8BB854F71C9699E30042FC02 /* QYAutoModelMenuItem.h */,
				8BB854F81C9699E30042FC02 /* QYAutoModelMenuItem.m */,
			);
			name = Menus;
			sourceTree = "<group>";
		};
		8B8516831C96B5C000D927E5 /* Controller */ = {
			isa = PBXGroup;
			children = (
				8B8516841C96B5CD00D927E5 /* ESDialogController.h */,
				8B8516851C96B5CD00D927E5 /* ESDialogController.m */,
				8B8516861C96B5CD00D927E5 /* ESDialogController.xib */,
				8B8516871C96B5CD00D927E5 /* ESInputJsonController.h */,
				8B8516881C96B5CD00D927E5 /* ESInputJsonController.m */,
				8B8516891C96B5CD00D927E5 /* ESInputJsonController.xib */,
				8B54D17F1CA272DE00B67A5F /* QYTapImageView.h */,
				8B54D1801CA272DE00B67A5F /* QYTapImageView.m */,
			);
			name = Controller;
			sourceTree = "<group>";
		};
		8B9C6BC31BB1231700242629 /* QYFileTemplate */ = {
			isa = PBXGroup;
			children = (
				8BF5F6531BFDB14E00F4A4AD /* QYCocoaToouchClass.xctemplate */,
			);
			name = QYFileTemplate;
			sourceTree = "<group>";
		};
		8B9C6BC41BB1232C00242629 /* CodeSnippets */ = {
			isa = PBXGroup;
			children = (
			);
			name = CodeSnippets;
			sourceTree = "<group>";
		};
		8B9ED1EE1C33E72A0072CCE2 /* Magic */ = {
			isa = PBXGroup;
			children = (
				8BAE7EB51C47984100A505FD /* NSObject+MethodSwizzler.h */,
				8BAE7EB61C47984100A505FD /* NSObject+MethodSwizzler.m */,
				8BAE7EAF1C47984100A505FD /* NSObject+MagicClearCatalogFilter.h */,
				8BAE7EB01C47984100A505FD /* NSObject+MagicClearCatalogFilter.m */,
				8BAE7EB11C47984100A505FD /* NSObject+MagicDVTBezelAlertPanel.h */,
				8BAE7EB21C47984100A505FD /* NSObject+MagicDVTBezelAlertPanel.m */,
			);
			name = Magic;
			sourceTree = "<group>";
		};
		8BA8522D1BF7879600EE9398 /* Uitility */ = {
			isa = PBXGroup;
			children = (
				8BA852BF1BF78A6700EE9398 /* ClangFormat */,
				8BA8522E1BF7879600EE9398 /* Categorites */,
				8BA852451BF7879600EE9398 /* External */,
			);
			path = Uitility;
			sourceTree = "<group>";
		};
		8BA8522E1BF7879600EE9398 /* Categorites */ = {
			isa = PBXGroup;
			children = (
				8BA8522F1BF7879600EE9398 /* DVTSourceTextStorage+Operations.h */,
				8BA852301BF7879600EE9398 /* DVTSourceTextStorage+Operations.m */,
				8BA852311BF7879600EE9398 /* NSArray+Operations.h */,
				8BA852321BF7879600EE9398 /* NSArray+Operations.m */,
				8BA852331BF7879600EE9398 /* NSFileManager+Headers.h */,
				8BA852341BF7879600EE9398 /* NSFileManager+Headers.m */,
				8BA852351BF7879600EE9398 /* NSMutableIndexSet+NSArray.h */,
				8BA852361BF7879600EE9398 /* NSMutableIndexSet+NSArray.m */,
				8BA852371BF7879600EE9398 /* NSObject+MHLogMethods.h */,
				8BA852381BF7879600EE9398 /* NSObject+MHLogMethods.m */,
				8BA852391BF7879600EE9398 /* NSString+Extensions.h */,
				8BA8523A1BF7879600EE9398 /* NSString+Extensions.m */,
				8BA8523B1BF7879600EE9398 /* NSString+Files.h */,
				8BA8523C1BF7879600EE9398 /* NSString+Files.m */,
				8BA8523D1BF7879600EE9398 /* NSString+MHNSRange.h */,
				8BA8523E1BF7879600EE9398 /* NSString+MHNSRange.m */,
				8BA8523F1BF7879600EE9398 /* NSTextView+Operations.h */,
				8BA852401BF7879600EE9398 /* NSTextView+Operations.m */,
				8BA852411BF7879600EE9398 /* NSView+Dumping.h */,
				8BA852421BF7879600EE9398 /* NSView+Dumping.m */,
				8BA852431BF7879600EE9398 /* XCSourceFile+Path.h */,
				8BA852441BF7879600EE9398 /* XCSourceFile+Path.m */,
			);
			path = Categorites;
			sourceTree = "<group>";
		};
		8BA852451BF7879600EE9398 /* External */ = {
			isa = PBXGroup;
			children = (
				8BA852461BF7879600EE9398 /* Benoit */,
				8BA8524A1BF7879600EE9398 /* XcodeEditor */,
			);
			path = External;
			sourceTree = "<group>";
		};
		8BA852461BF7879600EE9398 /* Benoit */ = {
			isa = PBXGroup;
			children = (
				8B9ED1EB1C337D900072CCE2 /* LAFIDESourceCodeEditor.h */,
				8B9ED1EC1C337D900072CCE2 /* LAFIDESourceCodeEditor.m */,
				8BA852471BF7879600EE9398 /* MHXcodeDocumentNavigator.h */,
				8BA852481BF7879600EE9398 /* MHXcodeDocumentNavigator.m */,
				8BA852491BF7879600EE9398 /* XCFXcodePrivate.h */,
			);
			path = Benoit;
			sourceTree = "<group>";
		};
		8BA8524A1BF7879600EE9398 /* XcodeEditor */ = {
			isa = PBXGroup;
			children = (
				8BA8524B1BF7879600EE9398 /* Categories */,
				8BA852521BF7879600EE9398 /* XCBuildSettings.h */,
				8BA852531BF7879600EE9398 /* XCBuildSettings.m */,
				8BA852541BF7879600EE9398 /* XCWorkspace.h */,
				8BA852551BF7879600EE9398 /* XCWorkspace.m */,
			);
			path = XcodeEditor;
			sourceTree = "<group>";
		};
		8BA8524B1BF7879600EE9398 /* Categories */ = {
			isa = PBXGroup;
			children = (
				8BA8524C1BF7879600EE9398 /* NSString+XCAdditions.h */,
				8BA8524D1BF7879600EE9398 /* NSString+XCAdditions.m */,
				8BA8524E1BF7879600EE9398 /* XCProject+Extensions.h */,
				8BA8524F1BF7879600EE9398 /* XCProject+Extensions.m */,
				8BA852501BF7879600EE9398 /* XCTarget+XCProject.h */,
				8BA852511BF7879600EE9398 /* XCTarget+XCProject.m */,
			);
			path = Categories;
			sourceTree = "<group>";
		};
		8BA852BF1BF78A6700EE9398 /* ClangFormat */ = {
			isa = PBXGroup;
			children = (
				8BA852C01BF78A6700EE9398 /* QYClangFormat.h */,
				8BA852C11BF78A6700EE9398 /* QYClangFormat.m */,
			);
			path = ClangFormat;
			sourceTree = "<group>";
		};
		8BAD45CF1CC5C3B5002DB990 /* Alert */ = {
			isa = PBXGroup;
			children = (
				8BAD45D81CC5C4A9002DB990 /* QYUpdateAlert.h */,
				8BAD45D91CC5C4A9002DB990 /* QYUpdateAlert.m */,
				8BAD45DA1CC5C4A9002DB990 /* QYUpdateAlert.xib */,
			);
			name = Alert;
			sourceTree = "<group>";
		};
		8BAE7E941C47980200A505FD /* MenusAction */ = {
			isa = PBXGroup;
			children = (
				8BB854FA1C96A1790042FC02 /* AutoModel */,
				8BAE7E951C47980200A505FD /* AutoGetter */,
				8BAE7E9B1C47980200A505FD /* Preferences */,
				8BAE7EA01C47980200A505FD /* RequestVerify */,
			);
			path = MenusAction;
			sourceTree = "<group>";
		};
		8BAE7E951C47980200A505FD /* AutoGetter */ = {
			isa = PBXGroup;
			children = (
				8BAE7E961C47980200A505FD /* Category&&Getter&&Setter */,
				8BAE7E991C47980200A505FD /* QYAutoGetterAchieve.h */,
				8BAE7E9A1C47980200A505FD /* QYAutoGetterAchieve.m */,
			);
			path = AutoGetter;
			sourceTree = "<group>";
		};
		8BAE7E961C47980200A505FD /* Category&&Getter&&Setter */ = {
			isa = PBXGroup;
			children = (
				8BAE7E971C47980200A505FD /* QYCategoryAutoGetterSetterAchieve.h */,
				8BAE7E981C47980200A505FD /* QYCategoryAutoGetterSetterAchieve.m */,
			);
			path = "Category&&Getter&&Setter";
			sourceTree = "<group>";
		};
		8BAE7E9B1C47980200A505FD /* Preferences */ = {
			isa = PBXGroup;
			children = (
				8B760F3A1D0E848E00762EF6 /* PreferencesGeneralViewController.h */,
				8B760F3B1D0E848E00762EF6 /* PreferencesGeneralViewController.m */,
				8B760F3C1D0E848E00762EF6 /* PreferencesGeneralViewController.xib */,
				8B760F3F1D0E849D00762EF6 /* PreferencesJSONHandleViewController.h */,
				8B760F401D0E849D00762EF6 /* PreferencesJSONHandleViewController.m */,
				8B760F411D0E849D00762EF6 /* PreferencesJSONHandleViewController.xib */,
				8B760F441D0E927000762EF6 /* PreferencesGetterViewController.h */,
				8B760F451D0E927000762EF6 /* PreferencesGetterViewController.m */,
				8B760F461D0E927000762EF6 /* PreferencesGetterViewController.xib */,
				8B760F491D0E92A300762EF6 /* PreferencesFormateCodeViewController.h */,
				8B760F4A1D0E92A300762EF6 /* PreferencesFormateCodeViewController.m */,
				8B760F4B1D0E92A300762EF6 /* PreferencesFormateCodeViewController.xib */,
				8BAE7E9E1C47980200A505FD /* QYShortcutRecorderController.h */,
				8BAE7E9F1C47980200A505FD /* QYShortcutRecorderController.m */,
			);
			path = Preferences;
			sourceTree = "<group>";
		};
		8BAE7EA01C47980200A505FD /* RequestVerify */ = {
			isa = PBXGroup;
			children = (
				8BAE7EA11C47980200A505FD /* QYRequestVerifyController.h */,
				8BAE7EA21C47980200A505FD /* QYRequestVerifyController.m */,
			);
			path = RequestVerify;
			sourceTree = "<group>";
		};
		8BAE7EA31C47980200A505FD /* Resources */ = {
			isa = PBXGroup;
			children = (
				8B54D1851CA2C51D00B67A5F /* flash_bang.png */,
				8BE7E3641D0FFC2D0042E4F5 /* Settings-getter.png */,
				8BE7E3661D0FFC790042E4F5 /* formate-code-icon.png */,
				8BE7E3681D0FFD840042E4F5 /* JSON-Code-icon.png */,
				8BAE7EA51C47980200A505FD /* QYRequestVerifyController.xib */,
				8BAE7EA61C47980200A505FD /* QYShortcutRecorderController.xib */,
				8B54D17D1CA263CB00B67A5F /* images.xcassets */,
			);
			name = Resources;
			path = MenusAction/Resources;
			sourceTree = "<group>";
		};
		8BAE7EBB1C4798AC00A505FD /* Model */ = {
			isa = PBXGroup;
			children = (
				8BAE7EBC1C4798E700A505FD /* QYPreferencesModel.h */,
				8BAE7EBD1C4798E700A505FD /* QYPreferencesModel.m */,
			);
			name = Model;
			sourceTree = "<group>";
		};
		8BB854FA1C96A1790042FC02 /* AutoModel */ = {
			isa = PBXGroup;
			children = (
				8B57FCFF1C9BDE0E00A260F5 /* ESClassInfo.h */,
				8B57FD001C9BDE0E00A260F5 /* ESClassInfo.m */,
				8BF346801C9C362000BD2BE4 /* QYAutoModelHelper.h */,
				8BF346811C9C362000BD2BE4 /* QYAutoModelHelper.m */,
				8B8516831C96B5C000D927E5 /* Controller */,
			);
			name = AutoModel;
			sourceTree = "<group>";
		};
		8BF5F6531BFDB14E00F4A4AD /* QYCocoaToouchClass.xctemplate */ = {
			isa = PBXGroup;
			children = (
				8B08157E1C8D2422003B5B18 /* QYRequestObjective-C */,
				8B0815811C8D2422003B5B18 /* QYRequestSwift */,
				8B02E2331C1ED580005CE6D2 /* NSObjectDelegateUICollectionViewDelegateObjective-C */,
				8B02E2361C1ED580005CE6D2 /* NSObjectDelegateUICollectionViewDelegateSwift */,
				8B02E2291C1ED4A1005CE6D2 /* NSObjectDelegateUITableViewDelegateObjective-C */,
				8B02E22C1C1ED4A1005CE6D2 /* NSObjectDelegateUITableViewDelegateSwift */,
				8BF5F6591BFDB14E00F4A4AD /* JYTableViewBaseCellObjective-C */,
				8BF5F65C1BFDB14E00F4A4AD /* JYTableViewBaseCellSwift */,
				8BF5F65E1BFDB14E00F4A4AD /* NSObjectObjective-C */,
				8BF5F6611BFDB14E00F4A4AD /* NSObjectSingletonObjective-C */,
				8BF5F6641BFDB14E00F4A4AD /* NSObjectSingletonSwift */,
				8BF5F6661BFDB14E00F4A4AD /* NSObjectSwift */,
				8BF5F6681BFDB14E00F4A4AD /* TemplateIcon.png */,
				8BF5F6691BFDB14E00F4A4AD /* TemplateIcon@2x.png */,
				8BF5F66A1BFDB14E00F4A4AD /* TemplateInfo.plist */,
				8BF5F66B1BFDB14E00F4A4AD /* UITableViewCellObjective-C */,
				8BF5F66E1BFDB14E00F4A4AD /* UITableViewCellSwift */,
				8BF5F6701BFDB14E00F4A4AD /* UIViewControllerObjective-C */,
				8BF5F6731BFDB14E00F4A4AD /* UIViewControllerSwift */,
				8BF5F6751BFDB14E00F4A4AD /* UIViewObjective-C */,
				8BF5F6781BFDB14E00F4A4AD /* UIViewSwift */,
			);
			name = QYCocoaToouchClass.xctemplate;
			path = QYFileTemplate/QYCocoaToouchClass.xctemplate;
			sourceTree = "<group>";
		};
		8BF5F6591BFDB14E00F4A4AD /* JYTableViewBaseCellObjective-C */ = {
			isa = PBXGroup;
			children = (
				8BF5F65A1BFDB14E00F4A4AD /* ___FILEBASENAME___.h */,
				8BF5F65B1BFDB14E00F4A4AD /* ___FILEBASENAME___.m */,
			);
			path = "JYTableViewBaseCellObjective-C";
			sourceTree = "<group>";
		};
		8BF5F65C1BFDB14E00F4A4AD /* JYTableViewBaseCellSwift */ = {
			isa = PBXGroup;
			children = (
				8BF5F65D1BFDB14E00F4A4AD /* ___FILEBASENAME___.swift */,
			);
			path = JYTableViewBaseCellSwift;
			sourceTree = "<group>";
		};
		8BF5F65E1BFDB14E00F4A4AD /* NSObjectObjective-C */ = {
			isa = PBXGroup;
			children = (
				8BF5F65F1BFDB14E00F4A4AD /* ___FILEBASENAME___.h */,
				8BF5F6601BFDB14E00F4A4AD /* ___FILEBASENAME___.m */,
			);
			path = "NSObjectObjective-C";
			sourceTree = "<group>";
		};
		8BF5F6611BFDB14E00F4A4AD /* NSObjectSingletonObjective-C */ = {
			isa = PBXGroup;
			children = (
				8BF5F6621BFDB14E00F4A4AD /* ___FILEBASENAME___.h */,
				8BF5F6631BFDB14E00F4A4AD /* ___FILEBASENAME___.m */,
			);
			path = "NSObjectSingletonObjective-C";
			sourceTree = "<group>";
		};
		8BF5F6641BFDB14E00F4A4AD /* NSObjectSingletonSwift */ = {
			isa = PBXGroup;
			children = (
				8BF5F6651BFDB14E00F4A4AD /* ___FILEBASENAME___.swift */,
			);
			path = NSObjectSingletonSwift;
			sourceTree = "<group>";
		};
		8BF5F6661BFDB14E00F4A4AD /* NSObjectSwift */ = {
			isa = PBXGroup;
			children = (
				8BF5F6671BFDB14E00F4A4AD /* ___FILEBASENAME___.swift */,
			);
			path = NSObjectSwift;
			sourceTree = "<group>";
		};
		8BF5F66B1BFDB14E00F4A4AD /* UITableViewCellObjective-C */ = {
			isa = PBXGroup;
			children = (
				8BF5F66C1BFDB14E00F4A4AD /* ___FILEBASENAME___.h */,
				8BF5F66D1BFDB14E00F4A4AD /* ___FILEBASENAME___.m */,
			);
			path = "UITableViewCellObjective-C";
			sourceTree = "<group>";
		};
		8BF5F66E1BFDB14E00F4A4AD /* UITableViewCellSwift */ = {
			isa = PBXGroup;
			children = (
				8BF5F66F1BFDB14E00F4A4AD /* ___FILEBASENAME___.swift */,
			);
			path = UITableViewCellSwift;
			sourceTree = "<group>";
		};
		8BF5F6701BFDB14E00F4A4AD /* UIViewControllerObjective-C */ = {
			isa = PBXGroup;
			children = (
				8BF5F6711BFDB14E00F4A4AD /* ___FILEBASENAME___.h */,
				8BF5F6721BFDB14E00F4A4AD /* ___FILEBASENAME___.m */,
			);
			path = "UIViewControllerObjective-C";
			sourceTree = "<group>";
		};
		8BF5F6731BFDB14E00F4A4AD /* UIViewControllerSwift */ = {
			isa = PBXGroup;
			children = (
				8BF5F6741BFDB14E00F4A4AD /* ___FILEBASENAME___.swift */,
			);
			path = UIViewControllerSwift;
			sourceTree = "<group>";
		};
		8BF5F6751BFDB14E00F4A4AD /* UIViewObjective-C */ = {
			isa = PBXGroup;
			children = (
				8BF5F6761BFDB14E00F4A4AD /* ___FILEBASENAME___.h */,
				8BF5F6771BFDB14E00F4A4AD /* ___FILEBASENAME___.m */,
			);
			path = "UIViewObjective-C";
			sourceTree = "<group>";
		};
		8BF5F6781BFDB14E00F4A4AD /* UIViewSwift */ = {
			isa = PBXGroup;
			children = (
				8BF5F6791BFDB14E00F4A4AD /* ___FILEBASENAME___.swift */,
			);
			path = UIViewSwift;
			sourceTree = "<group>";
		};
		928C19A610157E1BAF33DBBF /* Pods */ = {
			isa = PBXGroup;
			children = (
				940CA719D7EFF7660C6D0A34 /* Pods.debug.xcconfig */,
				CB1A73215DF88DC37016DD6C /* Pods.release.xcconfig */,
			);
			name = Pods;
			sourceTree = "<group>";
		};
/* End PBXGroup section */

/* Begin PBXNativeTarget section */
		8B60ADA31BABB7F100672762 /* QYXcodePlugIn */ = {
			isa = PBXNativeTarget;
			buildConfigurationList = 8B60ADB81BABB7F100672762 /* Build configuration list for PBXNativeTarget "QYXcodePlugIn" */;
			buildPhases = (
				436D2C54A00D17DC7EF515DA /* Check Pods Manifest.lock */,
				8B60ADA01BABB7F100672762 /* Sources */,
				8B60ADA11BABB7F100672762 /* Resources */,
				8B60ADA21BABB7F100672762 /* Frameworks */,
				750A028BF60DF925F4760EB2 /* Copy Pods Resources */,
			);
			buildRules = (
			);
			dependencies = (
			);
			name = QYXcodePlugIn;
			productName = QYXcodePlugIn;
			productReference = 8B60ADA41BABB7F100672762 /* QYXcodePlugIn.xcplugin */;
			productType = "com.apple.product-type.bundle";
		};
/* End PBXNativeTarget section */

/* Begin PBXProject section */
		8B60AD9C1BABB7F100672762 /* Project object */ = {
			isa = PBXProject;
			attributes = {
				LastSwiftUpdateCheck = 0710;
				LastUpgradeCheck = 0640;
				ORGANIZATIONNAME = X.Y;
				TargetAttributes = {
					8B60ADA31BABB7F100672762 = {
						CreatedOnToolsVersion = 6.4;
					};
				};
			};
			buildConfigurationList = 8B60AD9F1BABB7F100672762 /* Build configuration list for PBXProject "QYXcodePlugIn" */;
			compatibilityVersion = "Xcode 3.2";
			developmentRegion = English;
			hasScannedForEncodings = 0;
			knownRegions = (
				en,
			);
			mainGroup = 8B60AD9B1BABB7F100672762;
			productRefGroup = 8B60ADA51BABB7F100672762 /* Products */;
			projectDirPath = "";
			projectRoot = "";
			targets = (
				8B60ADA31BABB7F100672762 /* QYXcodePlugIn */,
			);
		};
/* End PBXProject section */

/* Begin PBXResourcesBuildPhase section */
		8B60ADA11BABB7F100672762 /* Resources */ = {
			isa = PBXResourcesBuildPhase;
			buildActionMask = 2147483647;
			files = (
				8B760F431D0E849D00762EF6 /* PreferencesJSONHandleViewController.xib in Resources */,
				8B63E78E1CC4FA07009E4DC1 /* logo.png in Resources */,
				8BF5F6821BFDB14E00F4A4AD /* TemplateIcon.png in Resources */,
				8B760F481D0E927000762EF6 /* PreferencesGetterViewController.xib in Resources */,
				8BAE7EAE1C47980200A505FD /* QYShortcutRecorderController.xib in Resources */,
				8B4829371CC24DBD00DEB1C8 /* QYXcodePlugIn-Info.plist in Resources */,
				8BAD45DC1CC5C4A9002DB990 /* QYUpdateAlert.xib in Resources */,
				8BAE7EAD1C47980200A505FD /* QYRequestVerifyController.xib in Resources */,
				8BE7E3671D0FFC790042E4F5 /* formate-code-icon.png in Resources */,
				8B760F4D1D0E92A300762EF6 /* PreferencesFormateCodeViewController.xib in Resources */,
				8B760F3E1D0E848E00762EF6 /* PreferencesGeneralViewController.xib in Resources */,
				8B85168D1C96B5CD00D927E5 /* ESInputJsonController.xib in Resources */,
				8BE7E3651D0FFC2D0042E4F5 /* Settings-getter.png in Resources */,
				8BE7E3691D0FFD840042E4F5 /* JSON-Code-icon.png in Resources */,
				8B85168B1C96B5CD00D927E5 /* ESDialogController.xib in Resources */,
				8B54D1861CA2C51D00B67A5F /* flash_bang.png in Resources */,
				8BF5F6841BFDB14E00F4A4AD /* TemplateInfo.plist in Resources */,
				8B54D17E1CA263CB00B67A5F /* images.xcassets in Resources */,
				8B9C6BD81BB1247700242629 /* setupHelper.sh in Resources */,
				8BF5F6831BFDB14E00F4A4AD /* TemplateIcon@2x.png in Resources */,
			);
			runOnlyForDeploymentPostprocessing = 0;
		};
/* End PBXResourcesBuildPhase section */

/* Begin PBXShellScriptBuildPhase section */
		436D2C54A00D17DC7EF515DA /* Check Pods Manifest.lock */ = {
			isa = PBXShellScriptBuildPhase;
			buildActionMask = 2147483647;
			files = (
			);
			inputPaths = (
			);
			name = "Check Pods Manifest.lock";
			outputPaths = (
			);
			runOnlyForDeploymentPostprocessing = 0;
			shellPath = /bin/sh;
			shellScript = "diff \"${PODS_ROOT}/../Podfile.lock\" \"${PODS_ROOT}/Manifest.lock\" > /dev/null\nif [[ $? != 0 ]] ; then\n    cat << EOM\nerror: The sandbox is not in sync with the Podfile.lock. Run 'pod install' or update your CocoaPods installation.\nEOM\n    exit 1\nfi\n";
			showEnvVarsInLog = 0;
		};
		750A028BF60DF925F4760EB2 /* Copy Pods Resources */ = {
			isa = PBXShellScriptBuildPhase;
			buildActionMask = 2147483647;
			files = (
			);
			inputPaths = (
			);
			name = "Copy Pods Resources";
			outputPaths = (
			);
			runOnlyForDeploymentPostprocessing = 0;
			shellPath = /bin/sh;
			shellScript = "\"${SRCROOT}/Pods/Target Support Files/Pods/Pods-resources.sh\"\n";
			showEnvVarsInLog = 0;
		};
/* End PBXShellScriptBuildPhase section */

/* Begin PBXSourcesBuildPhase section */
		8B60ADA01BABB7F100672762 /* Sources */ = {
			isa = PBXSourcesBuildPhase;
			buildActionMask = 2147483647;
			files = (
				8BB854F91C9699E30042FC02 /* QYAutoModelMenuItem.m in Sources */,
				8B760F471D0E927000762EF6 /* PreferencesGetterViewController.m in Sources */,
				8BA8527C1BF7879600EE9398 /* NSMutableIndexSet+NSArray.m in Sources */,
				8B57FD011C9BDE0E00A260F5 /* ESClassInfo.m in Sources */,
				8B9C6C531BB129ED00242629 /* QYXcodePlugIn.m in Sources */,
				8BA852791BF7879600EE9398 /* DVTSourceTextStorage+Operations.m in Sources */,
				8BA8527E1BF7879600EE9398 /* NSString+Extensions.m in Sources */,
				8BA852C21BF78A6700EE9398 /* QYClangFormat.m in Sources */,
				8BA852841BF7879600EE9398 /* MHXcodeDocumentNavigator.m in Sources */,
				8BAE7EB71C47984100A505FD /* NSObject+MagicClearCatalogFilter.m in Sources */,
				8B0F54811CBB763D00F8C3D0 /* QYUpdateModel.m in Sources */,
				8B54D1811CA272DE00B67A5F /* QYTapImageView.m in Sources */,
				8BA852861BF7879600EE9398 /* XCProject+Extensions.m in Sources */,
				8BA852891BF7879600EE9398 /* XCWorkspace.m in Sources */,
				8B9ED1ED1C337D900072CCE2 /* LAFIDESourceCodeEditor.m in Sources */,
				8BAE7EBE1C4798E700A505FD /* QYPreferencesModel.m in Sources */,
				8B760F3D1D0E848E00762EF6 /* PreferencesGeneralViewController.m in Sources */,
				8BAE7EAB1C47980200A505FD /* QYRequestVerifyController.m in Sources */,
				8BAE7E911C4797E300A505FD /* QYMenuBaseItem.m in Sources */,
				8BAE7EA71C47980200A505FD /* QYCategoryAutoGetterSetterAchieve.m in Sources */,
				8B85168A1C96B5CD00D927E5 /* ESDialogController.m in Sources */,
				8BAE7E8F1C4797E300A505FD /* NSMenu+RegisterMenuItem.m in Sources */,
				8BA852821BF7879600EE9398 /* NSView+Dumping.m in Sources */,
				8BAE7EA81C47980200A505FD /* QYAutoGetterAchieve.m in Sources */,
				8BAE7EAA1C47980200A505FD /* QYShortcutRecorderController.m in Sources */,
				8B760F4C1D0E92A300762EF6 /* PreferencesFormateCodeViewController.m in Sources */,
				8BF346821C9C362000BD2BE4 /* QYAutoModelHelper.m in Sources */,
				8BA852811BF7879600EE9398 /* NSTextView+Operations.m in Sources */,
				8BA8527D1BF7879600EE9398 /* NSObject+MHLogMethods.m in Sources */,
				8BAE7E931C4797E300A505FD /* QYRequestVerifiMenuItem.m in Sources */,
				8BA8527A1BF7879600EE9398 /* NSArray+Operations.m in Sources */,
				8BAE7E921C4797E300A505FD /* QYPreferencesMenuItem.m in Sources */,
				8BAE7E901C4797E300A505FD /* QYAutoGetterMenuItem.m in Sources */,
				8B85168C1C96B5CD00D927E5 /* ESInputJsonController.m in Sources */,
				8BA852831BF7879600EE9398 /* XCSourceFile+Path.m in Sources */,
				8BA8527F1BF7879600EE9398 /* NSString+Files.m in Sources */,
				8BAD45DB1CC5C4A9002DB990 /* QYUpdateAlert.m in Sources */,
				8BA852851BF7879600EE9398 /* NSString+XCAdditions.m in Sources */,
				8BA852881BF7879600EE9398 /* XCBuildSettings.m in Sources */,
				8BA8527B1BF7879600EE9398 /* NSFileManager+Headers.m in Sources */,
				8BAE7EB81C47984100A505FD /* NSObject+MagicDVTBezelAlertPanel.m in Sources */,
				8BA852801BF7879600EE9398 /* NSString+MHNSRange.m in Sources */,
				8B760F421D0E849D00762EF6 /* PreferencesJSONHandleViewController.m in Sources */,
				8BA852871BF7879600EE9398 /* XCTarget+XCProject.m in Sources */,
				8BA852A01BF7886000EE9398 /* QYIDENotificationHandler.m in Sources */,
				8BAE7EBA1C47984100A505FD /* NSObject+MethodSwizzler.m in Sources */,
			);
			runOnlyForDeploymentPostprocessing = 0;
		};
/* End PBXSourcesBuildPhase section */

/* Begin XCBuildConfiguration section */
		8B60ADB61BABB7F100672762 /* Debug */ = {
			isa = XCBuildConfiguration;
			buildSettings = {
				ALWAYS_SEARCH_USER_PATHS = NO;
				CLANG_CXX_LANGUAGE_STANDARD = "gnu++0x";
				CLANG_CXX_LIBRARY = "libc++";
				CLANG_ENABLE_MODULES = YES;
				CLANG_ENABLE_OBJC_ARC = YES;
				CLANG_WARN_BOOL_CONVERSION = YES;
				CLANG_WARN_CONSTANT_CONVERSION = YES;
				CLANG_WARN_DIRECT_OBJC_ISA_USAGE = YES_ERROR;
				CLANG_WARN_EMPTY_BODY = YES;
				CLANG_WARN_ENUM_CONVERSION = YES;
				CLANG_WARN_INT_CONVERSION = YES;
				CLANG_WARN_OBJC_ROOT_CLASS = YES_ERROR;
				CLANG_WARN_UNREACHABLE_CODE = YES;
				CLANG_WARN__DUPLICATE_METHOD_MATCH = YES;
				COPY_PHASE_STRIP = NO;
				EMBEDDED_CONTENT_CONTAINS_SWIFT = YES;
				EMBED_ASSET_PACKS_IN_PRODUCT_BUNDLE = YES;
				ENABLE_STRICT_OBJC_MSGSEND = YES;
				GCC_C_LANGUAGE_STANDARD = gnu99;
				GCC_DYNAMIC_NO_PIC = NO;
				GCC_NO_COMMON_BLOCKS = NO;
				GCC_OPTIMIZATION_LEVEL = 0;
				GCC_PREPROCESSOR_DEFINITIONS = (
					"DEBUG=1",
					"$(inherited)",
				);
				GCC_SYMBOLS_PRIVATE_EXTERN = NO;
				GCC_WARN_64_TO_32_BIT_CONVERSION = YES;
				GCC_WARN_ABOUT_RETURN_TYPE = YES_ERROR;
				GCC_WARN_UNDECLARED_SELECTOR = YES;
				GCC_WARN_UNINITIALIZED_AUTOS = YES_AGGRESSIVE;
				GCC_WARN_UNUSED_FUNCTION = YES;
				GCC_WARN_UNUSED_VARIABLE = YES;
				INFOPLIST_FILE = "QYXcodePlugIn/QYXcodePlugIn-Info.plist";
				INFOPLIST_OUTPUT_FORMAT = "same-as-input";
				LD_RUNPATH_SEARCH_PATHS = "";
				MACOSX_DEPLOYMENT_TARGET = 10.9;
				MTL_ENABLE_DEBUG_INFO = YES;
				ONLY_ACTIVE_ARCH = YES;
			};
			name = Debug;
		};
		8B60ADB71BABB7F100672762 /* Release */ = {
			isa = XCBuildConfiguration;
			buildSettings = {
				ALWAYS_SEARCH_USER_PATHS = NO;
				CLANG_CXX_LANGUAGE_STANDARD = "gnu++0x";
				CLANG_CXX_LIBRARY = "libc++";
				CLANG_ENABLE_MODULES = YES;
				CLANG_ENABLE_OBJC_ARC = YES;
				CLANG_WARN_BOOL_CONVERSION = YES;
				CLANG_WARN_CONSTANT_CONVERSION = YES;
				CLANG_WARN_DIRECT_OBJC_ISA_USAGE = YES_ERROR;
				CLANG_WARN_EMPTY_BODY = YES;
				CLANG_WARN_ENUM_CONVERSION = YES;
				CLANG_WARN_INT_CONVERSION = YES;
				CLANG_WARN_OBJC_ROOT_CLASS = YES_ERROR;
				CLANG_WARN_UNREACHABLE_CODE = YES;
				CLANG_WARN__DUPLICATE_METHOD_MATCH = YES;
				COPY_PHASE_STRIP = NO;
				EMBEDDED_CONTENT_CONTAINS_SWIFT = YES;
				EMBED_ASSET_PACKS_IN_PRODUCT_BUNDLE = YES;
				ENABLE_NS_ASSERTIONS = NO;
				ENABLE_STRICT_OBJC_MSGSEND = YES;
				GCC_C_LANGUAGE_STANDARD = gnu99;
				GCC_NO_COMMON_BLOCKS = NO;
				GCC_WARN_64_TO_32_BIT_CONVERSION = YES;
				GCC_WARN_ABOUT_RETURN_TYPE = YES_ERROR;
				GCC_WARN_UNDECLARED_SELECTOR = YES;
				GCC_WARN_UNINITIALIZED_AUTOS = YES_AGGRESSIVE;
				GCC_WARN_UNUSED_FUNCTION = YES;
				GCC_WARN_UNUSED_VARIABLE = YES;
				INFOPLIST_FILE = "QYXcodePlugIn/QYXcodePlugIn-Info.plist";
				INFOPLIST_OUTPUT_FORMAT = "same-as-input";
				LD_RUNPATH_SEARCH_PATHS = "";
				MACOSX_DEPLOYMENT_TARGET = 10.9;
				MTL_ENABLE_DEBUG_INFO = NO;
			};
			name = Release;
		};
		8B60ADB91BABB7F100672762 /* Debug */ = {
			isa = XCBuildConfiguration;
			baseConfigurationReference = 940CA719D7EFF7660C6D0A34 /* Pods.debug.xcconfig */;
			buildSettings = {
				ALWAYS_SEARCH_USER_PATHS = NO;
				CLANG_ENABLE_MODULES = YES;
				COMBINE_HIDPI_IMAGES = YES;
				DEPLOYMENT_LOCATION = YES;
				DSTROOT = "$(HOME)";
				ENABLE_TESTABILITY = YES;
				FRAMEWORK_SEARCH_PATHS = "$(PROJECT_DIR)";
				GCC_ENABLE_OBJC_GC = unsupported;
				GCC_MODEL_TUNING = G5;
				GCC_NO_COMMON_BLOCKS = NO;
				GCC_PRECOMPILE_PREFIX_HEADER = YES;
				GCC_PREFIX_HEADER = "$(SRCROOT)/QYXcodePlugIn/QYXcodePlugIn.pch";
				HEADER_SEARCH_PATHS = "";
				INFOPLIST_FILE = "QYXcodePlugIn/QYXcodePlugIn-Info.plist";
				INSTALL_PATH = "/Library/Application Support/Developer/Shared/Xcode/Plug-ins";
				LD_RUNPATH_SEARCH_PATHS = "@executable_path/../Frameworks";
				LIBRARY_SEARCH_PATHS = "";
				MACOSX_DEPLOYMENT_TARGET = 10.10;
				PRODUCT_NAME = "$(TARGET_NAME)";
				SDKROOT = macosx;
				WRAPPER_EXTENSION = xcplugin;
			};
			name = Debug;
		};
		8B60ADBA1BABB7F100672762 /* Release */ = {
			isa = XCBuildConfiguration;
			baseConfigurationReference = CB1A73215DF88DC37016DD6C /* Pods.release.xcconfig */;
			buildSettings = {
				ALWAYS_SEARCH_USER_PATHS = NO;
				CLANG_ENABLE_MODULES = YES;
				COMBINE_HIDPI_IMAGES = YES;
				DEBUG_INFORMATION_FORMAT = "dwarf-with-dsym";
				DEPLOYMENT_LOCATION = YES;
				DSTROOT = "$(HOME)";
				FRAMEWORK_SEARCH_PATHS = "$(PROJECT_DIR)";
				GCC_ENABLE_OBJC_GC = unsupported;
				GCC_MODEL_TUNING = G5;
				GCC_NO_COMMON_BLOCKS = NO;
				GCC_PRECOMPILE_PREFIX_HEADER = YES;
				GCC_PREFIX_HEADER = "$(SRCROOT)/QYXcodePlugIn/QYXcodePlugIn.pch";
				HEADER_SEARCH_PATHS = "";
				INFOPLIST_FILE = "QYXcodePlugIn/QYXcodePlugIn-Info.plist";
				INSTALL_PATH = "/Library/Application Support/Developer/Shared/Xcode/Plug-ins";
				LD_RUNPATH_SEARCH_PATHS = "@executable_path/../Frameworks";
				LIBRARY_SEARCH_PATHS = "";
				MACOSX_DEPLOYMENT_TARGET = 10.10;
				PRODUCT_NAME = "$(TARGET_NAME)";
				SDKROOT = macosx;
				WRAPPER_EXTENSION = xcplugin;
			};
			name = Release;
		};
/* End XCBuildConfiguration section */

/* Begin XCConfigurationList section */
		8B60AD9F1BABB7F100672762 /* Build configuration list for PBXProject "QYXcodePlugIn" */ = {
			isa = XCConfigurationList;
			buildConfigurations = (
				8B60ADB61BABB7F100672762 /* Debug */,
				8B60ADB71BABB7F100672762 /* Release */,
			);
			defaultConfigurationIsVisible = 0;
			defaultConfigurationName = Debug;
		};
		8B60ADB81BABB7F100672762 /* Build configuration list for PBXNativeTarget "QYXcodePlugIn" */ = {
			isa = XCConfigurationList;
			buildConfigurations = (
				8B60ADB91BABB7F100672762 /* Debug */,
				8B60ADBA1BABB7F100672762 /* Release */,
			);
			defaultConfigurationIsVisible = 0;
			defaultConfigurationName = Debug;
		};
/* End XCConfigurationList section */
	};
	rootObject = 8B60AD9C1BABB7F100672762 /* Project object */;
}
